PODS:
  - Mixpanel-swift (4.1.4):
    - Mixpanel-swift/Complete (= 4.1.4)
  - Mixpanel-swift/Complete (4.1.4)

DEPENDENCIES:
  - Mixpanel-swift

SPEC REPOS:
  trunk:
    - Mixpanel-swift

SPEC CHECKSUMS:
  Mixpanel-swift: 4991762c97c3535ce4e67c395a93e40ab7b666f7

PODFILE CHECKSUM: 8a8a406f1d2dd3991cdd0f5b19d6bd8ac30f3d67

COCOAPODS: 1.12.1
