// !$*UTF8*$!
{
	archiveVersion = 1;
	classes = {
	};
	objectVersion = 55;
	objects = {

/* Begin PBXBuildFile section */
		C132DBE4295B13B00029E086 /* ShopAggregateRatingsModel.swift in Sources */ = {isa = PBXBuildFile; fileRef = C132DBE3295B13B00029E086 /* ShopAggregateRatingsModel.swift */; };
		C13B2AA9291932FC006B7DD3 /* Trustbadge.docc in Sources */ = {isa = PBXBuildFile; fileRef = C13B2AA8291932FC006B7DD3 /* Trustbadge.docc */; };
		C13B2AAF291932FC006B7DD3 /* Trustbadge.framework in Frameworks */ = {isa = PBXBuildFile; fileRef = C13B2AA4291932FC006B7DD3 /* Trustbadge.framework */; };
		C13B2AB4291932FC006B7DD3 /* TrustbadgeTests.swift in Sources */ = {isa = PBXBuildFile; fileRef = C13B2AB3291932FC006B7DD3 /* TrustbadgeTests.swift */; };
		C13B2AB5291932FC006B7DD3 /* Trustbadge.h in Headers */ = {isa = PBXBuildFile; fileRef = C13B2AA7291932FC006B7DD3 /* Trustbadge.h */; settings = {ATTRIBUTES = (Public, ); }; };
		C13B2B04291945BC006B7DD3 /* checkout_page.html in Resources */ = {isa = PBXBuildFile; fileRef = C13B2B02291945BC006B7DD3 /* checkout_page.html */; };
		C13B2B05291945BC006B7DD3 /* trustcard_page.html in Resources */ = {isa = PBXBuildFile; fileRef = C13B2B03291945BC006B7DD3 /* trustcard_page.html */; };
		C13B2B09291946DA006B7DD3 /* Localizable.strings in Resources */ = {isa = PBXBuildFile; fileRef = C13B2B0B291946DA006B7DD3 /* Localizable.strings */; };
		C13B2B16291AA2D5006B7DD3 /* TSLogger.swift in Sources */ = {isa = PBXBuildFile; fileRef = C13B2B15291AA2D5006B7DD3 /* TSLogger.swift */; };
		C13B2B18291AA3D2006B7DD3 /* TSConsoleLogger.swift in Sources */ = {isa = PBXBuildFile; fileRef = C13B2B17291AA3D2006B7DD3 /* TSConsoleLogger.swift */; };
		C13B2B1A291AB016006B7DD3 /* TSLogSeverity.swift in Sources */ = {isa = PBXBuildFile; fileRef = C13B2B19291AB016006B7DD3 /* TSLogSeverity.swift */; };
		C13B2B1E291AB3F8006B7DD3 /* Date + Formatting.swift in Sources */ = {isa = PBXBuildFile; fileRef = C13B2B1D291AB3F8006B7DD3 /* Date + Formatting.swift */; };
		C13B2BA0291D43B5006B7DD3 /* TrustbadgeView.swift in Sources */ = {isa = PBXBuildFile; fileRef = C13B2B9F291D43B5006B7DD3 /* TrustbadgeView.swift */; };
		C13B2BB6291D4A25006B7DD3 /* TSBackendServiceURL.swift in Sources */ = {isa = PBXBuildFile; fileRef = C13B2BB5291D4A25006B7DD3 /* TSBackendServiceURL.swift */; };
		C13B2BB8291D5521006B7DD3 /* TSNetworkServiceMethod.swift in Sources */ = {isa = PBXBuildFile; fileRef = C13B2BB7291D5521006B7DD3 /* TSNetworkServiceMethod.swift */; };
		C13B2BBA291D558F006B7DD3 /* TSNetworkServiceHeaderField.swift in Sources */ = {isa = PBXBuildFile; fileRef = C13B2BB9291D558F006B7DD3 /* TSNetworkServiceHeaderField.swift */; };
		C13B2BBC291D566D006B7DD3 /* TSNetworkServiceResponseConfiguration.swift in Sources */ = {isa = PBXBuildFile; fileRef = C13B2BBB291D566D006B7DD3 /* TSNetworkServiceResponseConfiguration.swift */; };
		C13B2BBE291D5834006B7DD3 /* TSNetworkServiceError.swift in Sources */ = {isa = PBXBuildFile; fileRef = C13B2BBD291D5834006B7DD3 /* TSNetworkServiceError.swift */; };
		C13B2BC0291D596A006B7DD3 /* TSNetworkDataService.swift in Sources */ = {isa = PBXBuildFile; fileRef = C13B2BBF291D596A006B7DD3 /* TSNetworkDataService.swift */; };
		C13B2BC2291D5A07006B7DD3 /* TSNetworkServiceRequest.swift in Sources */ = {isa = PBXBuildFile; fileRef = C13B2BC1291D5A07006B7DD3 /* TSNetworkServiceRequest.swift */; };
		C13B2BC4291D6C10006B7DD3 /* TrustmarkDataService.swift in Sources */ = {isa = PBXBuildFile; fileRef = C13B2BC3291D6C10006B7DD3 /* TrustmarkDataService.swift */; };
		C13B2BC6291D6DB2006B7DD3 /* TrustmarkDetailsModel.swift in Sources */ = {isa = PBXBuildFile; fileRef = C13B2BC5291D6DB2006B7DD3 /* TrustmarkDetailsModel.swift */; };
		C13B2BC9291E1FC8006B7DD3 /* TypeAliases.swift in Sources */ = {isa = PBXBuildFile; fileRef = C13B2BC8291E1FC8006B7DD3 /* TypeAliases.swift */; };
		C13B2BCB291E33C9006B7DD3 /* Icons.xcassets in Resources */ = {isa = PBXBuildFile; fileRef = C13B2BCA291E33C9006B7DD3 /* Icons.xcassets */; };
		C13B2BCD291E3695006B7DD3 /* Image + Bundle.swift in Sources */ = {isa = PBXBuildFile; fileRef = C13B2BCC291E3695006B7DD3 /* Image + Bundle.swift */; };
		C13B2BD2291E3822006B7DD3 /* TrustbadgeImage.swift in Sources */ = {isa = PBXBuildFile; fileRef = C13B2BD1291E3822006B7DD3 /* TrustbadgeImage.swift */; };
		C182061E29643D4900D5E955 /* TrustbadgeViewAlignment.swift in Sources */ = {isa = PBXBuildFile; fileRef = C182061D29643D4900D5E955 /* TrustbadgeViewAlignment.swift */; };
		C18AA4C029261280003B58AE /* TrustbadgeViewWrapper.swift in Sources */ = {isa = PBXBuildFile; fileRef = C18AA4BF2926127F003B58AE /* TrustbadgeViewWrapper.swift */; };
		C1D59EF2293F36E000A33E31 /* TSAuthenticationService.swift in Sources */ = {isa = PBXBuildFile; fileRef = C1D59EF1293F36E000A33E31 /* TSAuthenticationService.swift */; };
		C1D59EF4293FA37C00A33E31 /* AuthenticationTokenModel.swift in Sources */ = {isa = PBXBuildFile; fileRef = C1D59EF3293FA37C00A33E31 /* AuthenticationTokenModel.swift */; };
		C1D59F212943303400A33E31 /* TSNetworkServiceBodyField.swift in Sources */ = {isa = PBXBuildFile; fileRef = C1D59F202943303400A33E31 /* TSNetworkServiceBodyField.swift */; };
		C1ECD77C292F4A6800C33E7F /* ShopGradeDataService.swift in Sources */ = {isa = PBXBuildFile; fileRef = C1ECD77B292F4A6800C33E7F /* ShopGradeDataService.swift */; };
		C1ECD77E292F4B0800C33E7F /* ShopGradeDetailsModel.swift in Sources */ = {isa = PBXBuildFile; fileRef = C1ECD77D292F4B0800C33E7F /* ShopGradeDetailsModel.swift */; };
		C1ECD780292F5E9C00C33E7F /* TrustbadgeState.swift in Sources */ = {isa = PBXBuildFile; fileRef = C1ECD77F292F5E9C00C33E7F /* TrustbadgeState.swift */; };
		C1ECD782292F615E00C33E7F /* TrustbadgeContext.swift in Sources */ = {isa = PBXBuildFile; fileRef = C1ECD781292F615E00C33E7F /* TrustbadgeContext.swift */; };
		C1ECD784292F7F8300C33E7F /* ShopGradeView.swift in Sources */ = {isa = PBXBuildFile; fileRef = C1ECD783292F7F8300C33E7F /* ShopGradeView.swift */; };
		C1ECD786292F7FA900C33E7F /* ProductGradeView.swift in Sources */ = {isa = PBXBuildFile; fileRef = C1ECD785292F7FA900C33E7F /* ProductGradeView.swift */; };
		C1ECD788292F7FC600C33E7F /* BuyerProtectionView.swift in Sources */ = {isa = PBXBuildFile; fileRef = C1ECD787292F7FC600C33E7F /* BuyerProtectionView.swift */; };
		C1ECD78A292F7FF600C33E7F /* TrustMarkView.swift in Sources */ = {isa = PBXBuildFile; fileRef = C1ECD789292F7FF600C33E7F /* TrustMarkView.swift */; };
		C1ECD79D29309BBE00C33E7F /* StarRatingView.swift in Sources */ = {isa = PBXBuildFile; fileRef = C1ECD79C29309BBE00C33E7F /* StarRatingView.swift */; };
		C1ECD79F29309C1000C33E7F /* Colors.xcassets in Resources */ = {isa = PBXBuildFile; fileRef = C1ECD79E29309C1000C33E7F /* Colors.xcassets */; };
		C1ECD7A229309CB600C33E7F /* Color + TsColors.swift in Sources */ = {isa = PBXBuildFile; fileRef = C1ECD7A129309CB600C33E7F /* Color + TsColors.swift */; };
		C1ECD7A429309D3400C33E7F /* StarView.swift in Sources */ = {isa = PBXBuildFile; fileRef = C1ECD7A329309D3400C33E7F /* StarView.swift */; };
/* End PBXBuildFile section */

/* Begin PBXContainerItemProxy section */
		C13B2AB0291932FC006B7DD3 /* PBXContainerItemProxy */ = {
			isa = PBXContainerItemProxy;
			containerPortal = C13B2A9B291932FB006B7DD3 /* Project object */;
			proxyType = 1;
			remoteGlobalIDString = C13B2AA3291932FC006B7DD3;
			remoteInfo = Trustbadge;
		};
/* End PBXContainerItemProxy section */

/* Begin PBXFileReference section */
		C132DBE3295B13B00029E086 /* ShopAggregateRatingsModel.swift */ = {isa = PBXFileReference; lastKnownFileType = sourcecode.swift; path = ShopAggregateRatingsModel.swift; sourceTree = "<group>"; };
		C13B2AA4291932FC006B7DD3 /* Trustbadge.framework */ = {isa = PBXFileReference; explicitFileType = wrapper.framework; includeInIndex = 0; path = Trustbadge.framework; sourceTree = BUILT_PRODUCTS_DIR; };
		C13B2AA7291932FC006B7DD3 /* Trustbadge.h */ = {isa = PBXFileReference; lastKnownFileType = sourcecode.c.h; path = Trustbadge.h; sourceTree = "<group>"; };
		C13B2AA8291932FC006B7DD3 /* Trustbadge.docc */ = {isa = PBXFileReference; lastKnownFileType = folder.documentationcatalog; path = Trustbadge.docc; sourceTree = "<group>"; };
		C13B2AAE291932FC006B7DD3 /* TrustbadgeTests.xctest */ = {isa = PBXFileReference; explicitFileType = wrapper.cfbundle; includeInIndex = 0; path = TrustbadgeTests.xctest; sourceTree = BUILT_PRODUCTS_DIR; };
		C13B2AB3291932FC006B7DD3 /* TrustbadgeTests.swift */ = {isa = PBXFileReference; lastKnownFileType = sourcecode.swift; path = TrustbadgeTests.swift; sourceTree = "<group>"; };
		C13B2B002919459E006B7DD3 /* fontawesome.ttf */ = {isa = PBXFileReference; lastKnownFileType = file; path = fontawesome.ttf; sourceTree = "<group>"; };
		C13B2B02291945BC006B7DD3 /* checkout_page.html */ = {isa = PBXFileReference; fileEncoding = 4; lastKnownFileType = text.html; path = checkout_page.html; sourceTree = "<group>"; };
		C13B2B03291945BC006B7DD3 /* trustcard_page.html */ = {isa = PBXFileReference; fileEncoding = 4; lastKnownFileType = text.html; path = trustcard_page.html; sourceTree = "<group>"; };
		C13B2B0A291946DA006B7DD3 /* en */ = {isa = PBXFileReference; lastKnownFileType = text.plist.strings; name = en; path = en.lproj/Localizable.strings; sourceTree = "<group>"; };
		C13B2B0C291946F6006B7DD3 /* de */ = {isa = PBXFileReference; lastKnownFileType = text.plist.strings; name = de; path = de.lproj/Localizable.strings; sourceTree = "<group>"; };
		C13B2B0D29194709006B7DD3 /* fr */ = {isa = PBXFileReference; lastKnownFileType = text.plist.strings; name = fr; path = fr.lproj/Localizable.strings; sourceTree = "<group>"; };
		C13B2B0E29194758006B7DD3 /* es */ = {isa = PBXFileReference; lastKnownFileType = text.plist.strings; name = es; path = es.lproj/Localizable.strings; sourceTree = "<group>"; };
		C13B2B0F29194766006B7DD3 /* it */ = {isa = PBXFileReference; lastKnownFileType = text.plist.strings; name = it; path = it.lproj/Localizable.strings; sourceTree = "<group>"; };
		C13B2B102919476F006B7DD3 /* pl */ = {isa = PBXFileReference; lastKnownFileType = text.plist.strings; name = pl; path = pl.lproj/Localizable.strings; sourceTree = "<group>"; };
		C13B2B15291AA2D5006B7DD3 /* TSLogger.swift */ = {isa = PBXFileReference; lastKnownFileType = sourcecode.swift; path = TSLogger.swift; sourceTree = "<group>"; };
		C13B2B17291AA3D2006B7DD3 /* TSConsoleLogger.swift */ = {isa = PBXFileReference; lastKnownFileType = sourcecode.swift; path = TSConsoleLogger.swift; sourceTree = "<group>"; };
		C13B2B19291AB016006B7DD3 /* TSLogSeverity.swift */ = {isa = PBXFileReference; lastKnownFileType = sourcecode.swift; path = TSLogSeverity.swift; sourceTree = "<group>"; };
		C13B2B1D291AB3F8006B7DD3 /* Date + Formatting.swift */ = {isa = PBXFileReference; lastKnownFileType = sourcecode.swift; path = "Date + Formatting.swift"; sourceTree = "<group>"; };
		C13B2B9F291D43B5006B7DD3 /* TrustbadgeView.swift */ = {isa = PBXFileReference; lastKnownFileType = sourcecode.swift; path = TrustbadgeView.swift; sourceTree = "<group>"; };
		C13B2BB5291D4A25006B7DD3 /* TSBackendServiceURL.swift */ = {isa = PBXFileReference; lastKnownFileType = sourcecode.swift; path = TSBackendServiceURL.swift; sourceTree = "<group>"; };
		C13B2BB7291D5521006B7DD3 /* TSNetworkServiceMethod.swift */ = {isa = PBXFileReference; lastKnownFileType = sourcecode.swift; path = TSNetworkServiceMethod.swift; sourceTree = "<group>"; };
		C13B2BB9291D558F006B7DD3 /* TSNetworkServiceHeaderField.swift */ = {isa = PBXFileReference; lastKnownFileType = sourcecode.swift; path = TSNetworkServiceHeaderField.swift; sourceTree = "<group>"; };
		C13B2BBB291D566D006B7DD3 /* TSNetworkServiceResponseConfiguration.swift */ = {isa = PBXFileReference; lastKnownFileType = sourcecode.swift; path = TSNetworkServiceResponseConfiguration.swift; sourceTree = "<group>"; };
		C13B2BBD291D5834006B7DD3 /* TSNetworkServiceError.swift */ = {isa = PBXFileReference; lastKnownFileType = sourcecode.swift; path = TSNetworkServiceError.swift; sourceTree = "<group>"; };
		C13B2BBF291D596A006B7DD3 /* TSNetworkDataService.swift */ = {isa = PBXFileReference; lastKnownFileType = sourcecode.swift; path = TSNetworkDataService.swift; sourceTree = "<group>"; };
		C13B2BC1291D5A07006B7DD3 /* TSNetworkServiceRequest.swift */ = {isa = PBXFileReference; lastKnownFileType = sourcecode.swift; path = TSNetworkServiceRequest.swift; sourceTree = "<group>"; };
		C13B2BC3291D6C10006B7DD3 /* TrustmarkDataService.swift */ = {isa = PBXFileReference; lastKnownFileType = sourcecode.swift; path = TrustmarkDataService.swift; sourceTree = "<group>"; };
		C13B2BC5291D6DB2006B7DD3 /* TrustmarkDetailsModel.swift */ = {isa = PBXFileReference; lastKnownFileType = sourcecode.swift; path = TrustmarkDetailsModel.swift; sourceTree = "<group>"; };
		C13B2BC8291E1FC8006B7DD3 /* TypeAliases.swift */ = {isa = PBXFileReference; lastKnownFileType = sourcecode.swift; path = TypeAliases.swift; sourceTree = "<group>"; };
		C13B2BCA291E33C9006B7DD3 /* Icons.xcassets */ = {isa = PBXFileReference; lastKnownFileType = folder.assetcatalog; path = Icons.xcassets; sourceTree = "<group>"; };
		C13B2BCC291E3695006B7DD3 /* Image + Bundle.swift */ = {isa = PBXFileReference; lastKnownFileType = sourcecode.swift; path = "Image + Bundle.swift"; sourceTree = "<group>"; };
		C13B2BD1291E3822006B7DD3 /* TrustbadgeImage.swift */ = {isa = PBXFileReference; lastKnownFileType = sourcecode.swift; path = TrustbadgeImage.swift; sourceTree = "<group>"; };
		C182061D29643D4900D5E955 /* TrustbadgeViewAlignment.swift */ = {isa = PBXFileReference; lastKnownFileType = sourcecode.swift; path = TrustbadgeViewAlignment.swift; sourceTree = "<group>"; };
		C18AA4BF2926127F003B58AE /* TrustbadgeViewWrapper.swift */ = {isa = PBXFileReference; lastKnownFileType = sourcecode.swift; path = TrustbadgeViewWrapper.swift; sourceTree = "<group>"; };
		C1D59EF1293F36E000A33E31 /* TSAuthenticationService.swift */ = {isa = PBXFileReference; lastKnownFileType = sourcecode.swift; path = TSAuthenticationService.swift; sourceTree = "<group>"; };
		C1D59EF3293FA37C00A33E31 /* AuthenticationTokenModel.swift */ = {isa = PBXFileReference; lastKnownFileType = sourcecode.swift; path = AuthenticationTokenModel.swift; sourceTree = "<group>"; };
		C1D59F202943303400A33E31 /* TSNetworkServiceBodyField.swift */ = {isa = PBXFileReference; lastKnownFileType = sourcecode.swift; path = TSNetworkServiceBodyField.swift; sourceTree = "<group>"; };
		C1ECD77B292F4A6800C33E7F /* ShopGradeDataService.swift */ = {isa = PBXFileReference; lastKnownFileType = sourcecode.swift; path = ShopGradeDataService.swift; sourceTree = "<group>"; };
		C1ECD77D292F4B0800C33E7F /* ShopGradeDetailsModel.swift */ = {isa = PBXFileReference; lastKnownFileType = sourcecode.swift; path = ShopGradeDetailsModel.swift; sourceTree = "<group>"; };
		C1ECD77F292F5E9C00C33E7F /* TrustbadgeState.swift */ = {isa = PBXFileReference; lastKnownFileType = sourcecode.swift; path = TrustbadgeState.swift; sourceTree = "<group>"; };
		C1ECD781292F615E00C33E7F /* TrustbadgeContext.swift */ = {isa = PBXFileReference; lastKnownFileType = sourcecode.swift; path = TrustbadgeContext.swift; sourceTree = "<group>"; };
		C1ECD783292F7F8300C33E7F /* ShopGradeView.swift */ = {isa = PBXFileReference; lastKnownFileType = sourcecode.swift; path = ShopGradeView.swift; sourceTree = "<group>"; };
		C1ECD785292F7FA900C33E7F /* ProductGradeView.swift */ = {isa = PBXFileReference; lastKnownFileType = sourcecode.swift; path = ProductGradeView.swift; sourceTree = "<group>"; };
		C1ECD787292F7FC600C33E7F /* BuyerProtectionView.swift */ = {isa = PBXFileReference; lastKnownFileType = sourcecode.swift; path = BuyerProtectionView.swift; sourceTree = "<group>"; };
		C1ECD789292F7FF600C33E7F /* TrustMarkView.swift */ = {isa = PBXFileReference; lastKnownFileType = sourcecode.swift; path = TrustMarkView.swift; sourceTree = "<group>"; };
		C1ECD79C29309BBE00C33E7F /* StarRatingView.swift */ = {isa = PBXFileReference; lastKnownFileType = sourcecode.swift; path = StarRatingView.swift; sourceTree = "<group>"; };
		C1ECD79E29309C1000C33E7F /* Colors.xcassets */ = {isa = PBXFileReference; lastKnownFileType = folder.assetcatalog; path = Colors.xcassets; sourceTree = "<group>"; };
		C1ECD7A129309CB600C33E7F /* Color + TsColors.swift */ = {isa = PBXFileReference; lastKnownFileType = sourcecode.swift; path = "Color + TsColors.swift"; sourceTree = "<group>"; };
		C1ECD7A329309D3400C33E7F /* StarView.swift */ = {isa = PBXFileReference; lastKnownFileType = sourcecode.swift; path = StarView.swift; sourceTree = "<group>"; };
/* End PBXFileReference section */

/* Begin PBXFrameworksBuildPhase section */
		C13B2AA1291932FC006B7DD3 /* Frameworks */ = {
			isa = PBXFrameworksBuildPhase;
			buildActionMask = 2147483647;
			files = (
			);
			runOnlyForDeploymentPostprocessing = 0;
		};
		C13B2AAB291932FC006B7DD3 /* Frameworks */ = {
			isa = PBXFrameworksBuildPhase;
			buildActionMask = 2147483647;
			files = (
				C13B2AAF291932FC006B7DD3 /* Trustbadge.framework in Frameworks */,
			);
			runOnlyForDeploymentPostprocessing = 0;
		};
/* End PBXFrameworksBuildPhase section */

/* Begin PBXGroup section */
		C13B2A9A291932FB006B7DD3 = {
			isa = PBXGroup;
			children = (
				C13B2AA6291932FC006B7DD3 /* Trustbadge */,
				C13B2AB2291932FC006B7DD3 /* TrustbadgeTests */,
				C13B2AA5291932FC006B7DD3 /* Products */,
			);
			sourceTree = "<group>";
		};
		C13B2AA5291932FC006B7DD3 /* Products */ = {
			isa = PBXGroup;
			children = (
				C13B2AA4291932FC006B7DD3 /* Trustbadge.framework */,
				C13B2AAE291932FC006B7DD3 /* TrustbadgeTests.xctest */,
			);
			name = Products;
			sourceTree = "<group>";
		};
		C13B2AA6291932FC006B7DD3 /* Trustbadge */ = {
			isa = PBXGroup;
			children = (
				C13B2BC7291E1FA1006B7DD3 /* Common */,
				C13B2AF729194556006B7DD3 /* Assets */,
				C13B2B11291AA248006B7DD3 /* Views */,
				C13B2B12291AA259006B7DD3 /* Models */,
				C13B2B13291AA262006B7DD3 /* Services */,
				C13B2B14291AA286006B7DD3 /* Utilities */,
				C13B2B1C291AB3B1006B7DD3 /* Extensions */,
				C13B2B0629194638006B7DD3 /* Localization */,
				C13B2AA7291932FC006B7DD3 /* Trustbadge.h */,
				C13B2AA8291932FC006B7DD3 /* Trustbadge.docc */,
			);
			path = Trustbadge;
			sourceTree = "<group>";
		};
		C13B2AB2291932FC006B7DD3 /* TrustbadgeTests */ = {
			isa = PBXGroup;
			children = (
				C13B2AB3291932FC006B7DD3 /* TrustbadgeTests.swift */,
			);
			path = TrustbadgeTests;
			sourceTree = "<group>";
		};
		C13B2AF729194556006B7DD3 /* Assets */ = {
			isa = PBXGroup;
			children = (
				C13B2AFF2919458D006B7DD3 /* Fonts */,
				C13B2B01291945A5006B7DD3 /* Html */,
				C13B2BCA291E33C9006B7DD3 /* Icons.xcassets */,
				C1ECD79E29309C1000C33E7F /* Colors.xcassets */,
			);
			path = Assets;
			sourceTree = "<group>";
		};
		C13B2AFF2919458D006B7DD3 /* Fonts */ = {
			isa = PBXGroup;
			children = (
				C13B2B002919459E006B7DD3 /* fontawesome.ttf */,
			);
			path = Fonts;
			sourceTree = "<group>";
		};
		C13B2B01291945A5006B7DD3 /* Html */ = {
			isa = PBXGroup;
			children = (
				C13B2B02291945BC006B7DD3 /* checkout_page.html */,
				C13B2B03291945BC006B7DD3 /* trustcard_page.html */,
			);
			path = Html;
			sourceTree = "<group>";
		};
		C13B2B0629194638006B7DD3 /* Localization */ = {
			isa = PBXGroup;
			children = (
				C13B2B0B291946DA006B7DD3 /* Localizable.strings */,
			);
			path = Localization;
			sourceTree = "<group>";
		};
		C13B2B11291AA248006B7DD3 /* Views */ = {
			isa = PBXGroup;
			children = (
				C1ECD7A029309C4D00C33E7F /* Extensions */,
				C13B2BCE291E3785006B7DD3 /* Common */,
				C1ECD77A292F49CE00C33E7F /* Widgets */,
				C13B2B9F291D43B5006B7DD3 /* TrustbadgeView.swift */,
				C182061D29643D4900D5E955 /* TrustbadgeViewAlignment.swift */,
				C18AA4BF2926127F003B58AE /* TrustbadgeViewWrapper.swift */,
			);
			path = Views;
			sourceTree = "<group>";
		};
		C13B2B12291AA259006B7DD3 /* Models */ = {
			isa = PBXGroup;
			children = (
				C1ECD77F292F5E9C00C33E7F /* TrustbadgeState.swift */,
				C1ECD781292F615E00C33E7F /* TrustbadgeContext.swift */,
				C13B2BC5291D6DB2006B7DD3 /* TrustmarkDetailsModel.swift */,
				C1ECD77D292F4B0800C33E7F /* ShopGradeDetailsModel.swift */,
				C132DBE3295B13B00029E086 /* ShopAggregateRatingsModel.swift */,
				C1D59EF3293FA37C00A33E31 /* AuthenticationTokenModel.swift */,
			);
			path = Models;
			sourceTree = "<group>";
		};
		C13B2B13291AA262006B7DD3 /* Services */ = {
			isa = PBXGroup;
			children = (
				C13B2BB4291D4A13006B7DD3 /* Base */,
				C1D59EF1293F36E000A33E31 /* TSAuthenticationService.swift */,
				C13B2BC3291D6C10006B7DD3 /* TrustmarkDataService.swift */,
				C1ECD77B292F4A6800C33E7F /* ShopGradeDataService.swift */,
			);
			path = Services;
			sourceTree = "<group>";
		};
		C13B2B14291AA286006B7DD3 /* Utilities */ = {
			isa = PBXGroup;
			children = (
				C13B2B1B291AB065006B7DD3 /* Logger */,
			);
			path = Utilities;
			sourceTree = "<group>";
		};
		C13B2B1B291AB065006B7DD3 /* Logger */ = {
			isa = PBXGroup;
			children = (
				C13B2B15291AA2D5006B7DD3 /* TSLogger.swift */,
				C13B2B19291AB016006B7DD3 /* TSLogSeverity.swift */,
				C13B2B17291AA3D2006B7DD3 /* TSConsoleLogger.swift */,
			);
			path = Logger;
			sourceTree = "<group>";
		};
		C13B2B1C291AB3B1006B7DD3 /* Extensions */ = {
			isa = PBXGroup;
			children = (
				C13B2B1D291AB3F8006B7DD3 /* Date + Formatting.swift */,
				C13B2BCC291E3695006B7DD3 /* Image + Bundle.swift */,
			);
			path = Extensions;
			sourceTree = "<group>";
		};
		C13B2BB4291D4A13006B7DD3 /* Base */ = {
			isa = PBXGroup;
			children = (
				C13B2BBF291D596A006B7DD3 /* TSNetworkDataService.swift */,
				C13B2BC1291D5A07006B7DD3 /* TSNetworkServiceRequest.swift */,
				C13B2BB5291D4A25006B7DD3 /* TSBackendServiceURL.swift */,
				C13B2BB7291D5521006B7DD3 /* TSNetworkServiceMethod.swift */,
				C13B2BB9291D558F006B7DD3 /* TSNetworkServiceHeaderField.swift */,
				C1D59F202943303400A33E31 /* TSNetworkServiceBodyField.swift */,
				C13B2BBB291D566D006B7DD3 /* TSNetworkServiceResponseConfiguration.swift */,
				C13B2BBD291D5834006B7DD3 /* TSNetworkServiceError.swift */,
			);
			path = Base;
			sourceTree = "<group>";
		};
		C13B2BC7291E1FA1006B7DD3 /* Common */ = {
			isa = PBXGroup;
			children = (
				C13B2BC8291E1FC8006B7DD3 /* TypeAliases.swift */,
			);
			path = Common;
			sourceTree = "<group>";
		};
		C13B2BCE291E3785006B7DD3 /* Common */ = {
			isa = PBXGroup;
			children = (
				C13B2BD1291E3822006B7DD3 /* TrustbadgeImage.swift */,
				C1ECD79C29309BBE00C33E7F /* StarRatingView.swift */,
				C1ECD7A329309D3400C33E7F /* StarView.swift */,
			);
			path = Common;
			sourceTree = "<group>";
		};
		C1ECD77A292F49CE00C33E7F /* Widgets */ = {
			isa = PBXGroup;
			children = (
				C1ECD789292F7FF600C33E7F /* TrustMarkView.swift */,
				C1ECD783292F7F8300C33E7F /* ShopGradeView.swift */,
				C1ECD785292F7FA900C33E7F /* ProductGradeView.swift */,
				C1ECD787292F7FC600C33E7F /* BuyerProtectionView.swift */,
			);
			path = Widgets;
			sourceTree = "<group>";
		};
		C1ECD7A029309C4D00C33E7F /* Extensions */ = {
			isa = PBXGroup;
			children = (
				C1ECD7A129309CB600C33E7F /* Color + TsColors.swift */,
			);
			path = Extensions;
			sourceTree = "<group>";
		};
/* End PBXGroup section */

/* Begin PBXHeadersBuildPhase section */
		C13B2A9F291932FC006B7DD3 /* Headers */ = {
			isa = PBXHeadersBuildPhase;
			buildActionMask = 2147483647;
			files = (
				C13B2AB5291932FC006B7DD3 /* Trustbadge.h in Headers */,
			);
			runOnlyForDeploymentPostprocessing = 0;
		};
/* End PBXHeadersBuildPhase section */

/* Begin PBXNativeTarget section */
		C13B2AA3291932FC006B7DD3 /* Trustbadge */ = {
			isa = PBXNativeTarget;
			buildConfigurationList = C13B2AB8291932FC006B7DD3 /* Build configuration list for PBXNativeTarget "Trustbadge" */;
			buildPhases = (
				C13B2A9F291932FC006B7DD3 /* Headers */,
				C13B2AA0291932FC006B7DD3 /* Sources */,
				C13B2AA1291932FC006B7DD3 /* Frameworks */,
				C13B2AA2291932FC006B7DD3 /* Resources */,
			);
			buildRules = (
			);
			dependencies = (
			);
			name = Trustbadge;
			productName = Trustbadge;
			productReference = C13B2AA4291932FC006B7DD3 /* Trustbadge.framework */;
			productType = "com.apple.product-type.framework";
		};
		C13B2AAD291932FC006B7DD3 /* TrustbadgeTests */ = {
			isa = PBXNativeTarget;
			buildConfigurationList = C13B2ABB291932FC006B7DD3 /* Build configuration list for PBXNativeTarget "TrustbadgeTests" */;
			buildPhases = (
				C13B2AAA291932FC006B7DD3 /* Sources */,
				C13B2AAB291932FC006B7DD3 /* Frameworks */,
				C13B2AAC291932FC006B7DD3 /* Resources */,
			);
			buildRules = (
			);
			dependencies = (
				C13B2AB1291932FC006B7DD3 /* PBXTargetDependency */,
			);
			name = TrustbadgeTests;
			productName = TrustbadgeTests;
			productReference = C13B2AAE291932FC006B7DD3 /* TrustbadgeTests.xctest */;
			productType = "com.apple.product-type.bundle.unit-test";
		};
/* End PBXNativeTarget section */

/* Begin PBXProject section */
		C13B2A9B291932FB006B7DD3 /* Project object */ = {
			isa = PBXProject;
			attributes = {
				BuildIndependentTargetsInParallel = 1;
				LastSwiftUpdateCheck = 1340;
				LastUpgradeCheck = 1340;
				TargetAttributes = {
					C13B2AA3291932FC006B7DD3 = {
						CreatedOnToolsVersion = 13.4;
					};
					C13B2AAD291932FC006B7DD3 = {
						CreatedOnToolsVersion = 13.4;
					};
				};
			};
			buildConfigurationList = C13B2A9E291932FC006B7DD3 /* Build configuration list for PBXProject "Trustbadge" */;
			compatibilityVersion = "Xcode 13.0";
			developmentRegion = en;
			hasScannedForEncodings = 0;
			knownRegions = (
				en,
				Base,
				de,
				fr,
				es,
				it,
				pl,
			);
			mainGroup = C13B2A9A291932FB006B7DD3;
			productRefGroup = C13B2AA5291932FC006B7DD3 /* Products */;
			projectDirPath = "";
			projectRoot = "";
			targets = (
				C13B2AA3291932FC006B7DD3 /* Trustbadge */,
				C13B2AAD291932FC006B7DD3 /* TrustbadgeTests */,
			);
		};
/* End PBXProject section */

/* Begin PBXResourcesBuildPhase section */
		C13B2AA2291932FC006B7DD3 /* Resources */ = {
			isa = PBXResourcesBuildPhase;
			buildActionMask = 2147483647;
			files = (
				C1ECD79F29309C1000C33E7F /* Colors.xcassets in Resources */,
				C13B2B09291946DA006B7DD3 /* Localizable.strings in Resources */,
				C13B2BCB291E33C9006B7DD3 /* Icons.xcassets in Resources */,
				C13B2B05291945BC006B7DD3 /* trustcard_page.html in Resources */,
				C13B2B04291945BC006B7DD3 /* checkout_page.html in Resources */,
			);
			runOnlyForDeploymentPostprocessing = 0;
		};
		C13B2AAC291932FC006B7DD3 /* Resources */ = {
			isa = PBXResourcesBuildPhase;
			buildActionMask = 2147483647;
			files = (
			);
			runOnlyForDeploymentPostprocessing = 0;
		};
/* End PBXResourcesBuildPhase section */

/* Begin PBXSourcesBuildPhase section */
		C13B2AA0291932FC006B7DD3 /* Sources */ = {
			isa = PBXSourcesBuildPhase;
			buildActionMask = 2147483647;
			files = (
				C13B2BC9291E1FC8006B7DD3 /* TypeAliases.swift in Sources */,
				C1ECD788292F7FC600C33E7F /* BuyerProtectionView.swift in Sources */,
				C13B2BC2291D5A07006B7DD3 /* TSNetworkServiceRequest.swift in Sources */,
				C13B2B1E291AB3F8006B7DD3 /* Date + Formatting.swift in Sources */,
				C13B2BC6291D6DB2006B7DD3 /* TrustmarkDetailsModel.swift in Sources */,
				C13B2BBE291D5834006B7DD3 /* TSNetworkServiceError.swift in Sources */,
				C13B2BBC291D566D006B7DD3 /* TSNetworkServiceResponseConfiguration.swift in Sources */,
				C13B2B16291AA2D5006B7DD3 /* TSLogger.swift in Sources */,
				C18AA4C029261280003B58AE /* TrustbadgeViewWrapper.swift in Sources */,
				C1ECD78A292F7FF600C33E7F /* TrustMarkView.swift in Sources */,
				C1D59F212943303400A33E31 /* TSNetworkServiceBodyField.swift in Sources */,
				C13B2AA9291932FC006B7DD3 /* Trustbadge.docc in Sources */,
				C1D59EF4293FA37C00A33E31 /* AuthenticationTokenModel.swift in Sources */,
				C13B2BB8291D5521006B7DD3 /* TSNetworkServiceMethod.swift in Sources */,
				C13B2BCD291E3695006B7DD3 /* Image + Bundle.swift in Sources */,
				C182061E29643D4900D5E955 /* TrustbadgeViewAlignment.swift in Sources */,
				C13B2BC4291D6C10006B7DD3 /* TrustmarkDataService.swift in Sources */,
				C13B2B1A291AB016006B7DD3 /* TSLogSeverity.swift in Sources */,
				C1ECD77C292F4A6800C33E7F /* ShopGradeDataService.swift in Sources */,
				C1ECD784292F7F8300C33E7F /* ShopGradeView.swift in Sources */,
				C13B2B18291AA3D2006B7DD3 /* TSConsoleLogger.swift in Sources */,
				C1ECD7A429309D3400C33E7F /* StarView.swift in Sources */,
				C13B2BBA291D558F006B7DD3 /* TSNetworkServiceHeaderField.swift in Sources */,
				C1ECD7A229309CB600C33E7F /* Color + TsColors.swift in Sources */,
				C13B2BC0291D596A006B7DD3 /* TSNetworkDataService.swift in Sources */,
				C1ECD782292F615E00C33E7F /* TrustbadgeContext.swift in Sources */,
				C1ECD79D29309BBE00C33E7F /* StarRatingView.swift in Sources */,
				C1ECD786292F7FA900C33E7F /* ProductGradeView.swift in Sources */,
				C1D59EF2293F36E000A33E31 /* TSAuthenticationService.swift in Sources */,
				C1ECD77E292F4B0800C33E7F /* ShopGradeDetailsModel.swift in Sources */,
				C13B2BB6291D4A25006B7DD3 /* TSBackendServiceURL.swift in Sources */,
				C132DBE4295B13B00029E086 /* ShopAggregateRatingsModel.swift in Sources */,
				C13B2BD2291E3822006B7DD3 /* TrustbadgeImage.swift in Sources */,
				C1ECD780292F5E9C00C33E7F /* TrustbadgeState.swift in Sources */,
				C13B2BA0291D43B5006B7DD3 /* TrustbadgeView.swift in Sources */,
			);
			runOnlyForDeploymentPostprocessing = 0;
		};
		C13B2AAA291932FC006B7DD3 /* Sources */ = {
			isa = PBXSourcesBuildPhase;
			buildActionMask = 2147483647;
			files = (
				C13B2AB4291932FC006B7DD3 /* TrustbadgeTests.swift in Sources */,
			);
			runOnlyForDeploymentPostprocessing = 0;
		};
/* End PBXSourcesBuildPhase section */

/* Begin PBXTargetDependency section */
		C13B2AB1291932FC006B7DD3 /* PBXTargetDependency */ = {
			isa = PBXTargetDependency;
			target = C13B2AA3291932FC006B7DD3 /* Trustbadge */;
			targetProxy = C13B2AB0291932FC006B7DD3 /* PBXContainerItemProxy */;
		};
/* End PBXTargetDependency section */

/* Begin PBXVariantGroup section */
		C13B2B0B291946DA006B7DD3 /* Localizable.strings */ = {
			isa = PBXVariantGroup;
			children = (
				C13B2B0A291946DA006B7DD3 /* en */,
				C13B2B0C291946F6006B7DD3 /* de */,
				C13B2B0D29194709006B7DD3 /* fr */,
				C13B2B0E29194758006B7DD3 /* es */,
				C13B2B0F29194766006B7DD3 /* it */,
				C13B2B102919476F006B7DD3 /* pl */,
			);
			name = Localizable.strings;
			sourceTree = "<group>";
		};
/* End PBXVariantGroup section */

/* Begin XCBuildConfiguration section */
		C13B2AB6291932FC006B7DD3 /* Debug */ = {
			isa = XCBuildConfiguration;
			buildSettings = {
				ALWAYS_SEARCH_USER_PATHS = NO;
				CLANG_ANALYZER_LOCALIZABILITY_NONLOCALIZED = YES;
				CLANG_ANALYZER_NONNULL = YES;
				CLANG_ANALYZER_NUMBER_OBJECT_CONVERSION = YES_AGGRESSIVE;
				CLANG_CXX_LANGUAGE_STANDARD = "gnu++17";
				CLANG_ENABLE_MODULES = YES;
				CLANG_ENABLE_OBJC_ARC = YES;
				CLANG_ENABLE_OBJC_WEAK = YES;
				CLANG_WARN_BLOCK_CAPTURE_AUTORELEASING = YES;
				CLANG_WARN_BOOL_CONVERSION = YES;
				CLANG_WARN_COMMA = YES;
				CLANG_WARN_CONSTANT_CONVERSION = YES;
				CLANG_WARN_DEPRECATED_OBJC_IMPLEMENTATIONS = YES;
				CLANG_WARN_DIRECT_OBJC_ISA_USAGE = YES_ERROR;
				CLANG_WARN_DOCUMENTATION_COMMENTS = YES;
				CLANG_WARN_EMPTY_BODY = YES;
				CLANG_WARN_ENUM_CONVERSION = YES;
				CLANG_WARN_INFINITE_RECURSION = YES;
				CLANG_WARN_INT_CONVERSION = YES;
				CLANG_WARN_NON_LITERAL_NULL_CONVERSION = YES;
				CLANG_WARN_OBJC_IMPLICIT_RETAIN_SELF = YES;
				CLANG_WARN_OBJC_LITERAL_CONVERSION = YES;
				CLANG_WARN_OBJC_ROOT_CLASS = YES_ERROR;
				CLANG_WARN_QUOTED_INCLUDE_IN_FRAMEWORK_HEADER = YES;
				CLANG_WARN_RANGE_LOOP_ANALYSIS = YES;
				CLANG_WARN_STRICT_PROTOTYPES = YES;
				CLANG_WARN_SUSPICIOUS_MOVE = YES;
				CLANG_WARN_UNGUARDED_AVAILABILITY = YES_AGGRESSIVE;
				CLANG_WARN_UNREACHABLE_CODE = YES;
				CLANG_WARN__DUPLICATE_METHOD_MATCH = YES;
				COPY_PHASE_STRIP = NO;
				CURRENT_PROJECT_VERSION = 1;
				DEBUG_INFORMATION_FORMAT = dwarf;
				ENABLE_STRICT_OBJC_MSGSEND = YES;
				ENABLE_TESTABILITY = YES;
				GCC_C_LANGUAGE_STANDARD = gnu11;
				GCC_DYNAMIC_NO_PIC = NO;
				GCC_NO_COMMON_BLOCKS = YES;
				GCC_OPTIMIZATION_LEVEL = 0;
				GCC_PREPROCESSOR_DEFINITIONS = (
					"DEBUG=1",
					"$(inherited)",
				);
				GCC_WARN_64_TO_32_BIT_CONVERSION = YES;
				GCC_WARN_ABOUT_RETURN_TYPE = YES_ERROR;
				GCC_WARN_UNDECLARED_SELECTOR = YES;
				GCC_WARN_UNINITIALIZED_AUTOS = YES_AGGRESSIVE;
				GCC_WARN_UNUSED_FUNCTION = YES;
				GCC_WARN_UNUSED_VARIABLE = YES;
				IPHONEOS_DEPLOYMENT_TARGET = 15.0;
				MTL_ENABLE_DEBUG_INFO = INCLUDE_SOURCE;
				MTL_FAST_MATH = YES;
				ONLY_ACTIVE_ARCH = YES;
				SDKROOT = iphoneos;
				SWIFT_ACTIVE_COMPILATION_CONDITIONS = DEBUG;
				SWIFT_OPTIMIZATION_LEVEL = "-Onone";
				VERSIONING_SYSTEM = "apple-generic";
				VERSION_INFO_PREFIX = "";
			};
			name = Debug;
		};
		C13B2AB7291932FC006B7DD3 /* Release */ = {
			isa = XCBuildConfiguration;
			buildSettings = {
				ALWAYS_SEARCH_USER_PATHS = NO;
				CLANG_ANALYZER_LOCALIZABILITY_NONLOCALIZED = YES;
				CLANG_ANALYZER_NONNULL = YES;
				CLANG_ANALYZER_NUMBER_OBJECT_CONVERSION = YES_AGGRESSIVE;
				CLANG_CXX_LANGUAGE_STANDARD = "gnu++17";
				CLANG_ENABLE_MODULES = YES;
				CLANG_ENABLE_OBJC_ARC = YES;
				CLANG_ENABLE_OBJC_WEAK = YES;
				CLANG_WARN_BLOCK_CAPTURE_AUTORELEASING = YES;
				CLANG_WARN_BOOL_CONVERSION = YES;
				CLANG_WARN_COMMA = YES;
				CLANG_WARN_CONSTANT_CONVERSION = YES;
				CLANG_WARN_DEPRECATED_OBJC_IMPLEMENTATIONS = YES;
				CLANG_WARN_DIRECT_OBJC_ISA_USAGE = YES_ERROR;
				CLANG_WARN_DOCUMENTATION_COMMENTS = YES;
				CLANG_WARN_EMPTY_BODY = YES;
				CLANG_WARN_ENUM_CONVERSION = YES;
				CLANG_WARN_INFINITE_RECURSION = YES;
				CLANG_WARN_INT_CONVERSION = YES;
				CLANG_WARN_NON_LITERAL_NULL_CONVERSION = YES;
				CLANG_WARN_OBJC_IMPLICIT_RETAIN_SELF = YES;
				CLANG_WARN_OBJC_LITERAL_CONVERSION = YES;
				CLANG_WARN_OBJC_ROOT_CLASS = YES_ERROR;
				CLANG_WARN_QUOTED_INCLUDE_IN_FRAMEWORK_HEADER = YES;
				CLANG_WARN_RANGE_LOOP_ANALYSIS = YES;
				CLANG_WARN_STRICT_PROTOTYPES = YES;
				CLANG_WARN_SUSPICIOUS_MOVE = YES;
				CLANG_WARN_UNGUARDED_AVAILABILITY = YES_AGGRESSIVE;
				CLANG_WARN_UNREACHABLE_CODE = YES;
				CLANG_WARN__DUPLICATE_METHOD_MATCH = YES;
				COPY_PHASE_STRIP = NO;
				CURRENT_PROJECT_VERSION = 1;
				DEBUG_INFORMATION_FORMAT = "dwarf-with-dsym";
				ENABLE_NS_ASSERTIONS = NO;
				ENABLE_STRICT_OBJC_MSGSEND = YES;
				GCC_C_LANGUAGE_STANDARD = gnu11;
				GCC_NO_COMMON_BLOCKS = YES;
				GCC_WARN_64_TO_32_BIT_CONVERSION = YES;
				GCC_WARN_ABOUT_RETURN_TYPE = YES_ERROR;
				GCC_WARN_UNDECLARED_SELECTOR = YES;
				GCC_WARN_UNINITIALIZED_AUTOS = YES_AGGRESSIVE;
				GCC_WARN_UNUSED_FUNCTION = YES;
				GCC_WARN_UNUSED_VARIABLE = YES;
				IPHONEOS_DEPLOYMENT_TARGET = 15.0;
				MTL_ENABLE_DEBUG_INFO = NO;
				MTL_FAST_MATH = YES;
				SDKROOT = iphoneos;
				SWIFT_COMPILATION_MODE = wholemodule;
				SWIFT_OPTIMIZATION_LEVEL = "-O";
				VALIDATE_PRODUCT = YES;
				VERSIONING_SYSTEM = "apple-generic";
				VERSION_INFO_PREFIX = "";
			};
			name = Release;
		};
		C13B2AB9291932FC006B7DD3 /* Debug */ = {
			isa = XCBuildConfiguration;
			buildSettings = {
				BUILD_LIBRARY_FOR_DISTRIBUTION = YES;
				CODE_SIGN_STYLE = Automatic;
				CURRENT_PROJECT_VERSION = 1;
				DEFINES_MODULE = YES;
				DEVELOPMENT_TEAM = SP56HZ86QA;
				DYLIB_COMPATIBILITY_VERSION = 1;
				DYLIB_CURRENT_VERSION = 1;
				DYLIB_INSTALL_NAME_BASE = "@rpath";
				GENERATE_INFOPLIST_FILE = YES;
				INFOPLIST_KEY_NSHumanReadableCopyright = "";
				INSTALL_PATH = "$(LOCAL_LIBRARY_DIR)/Frameworks";
				LD_RUNPATH_SEARCH_PATHS = (
					"$(inherited)",
					"@executable_path/Frameworks",
					"@loader_path/Frameworks",
				);
				MARKETING_VERSION = 0.1.1;
				PRODUCT_BUNDLE_IDENTIFIER = com.etrusted.ios.trustbadge;
				PRODUCT_NAME = "$(TARGET_NAME:c99extidentifier)";
				SKIP_INSTALL = YES;
				SWIFT_EMIT_LOC_STRINGS = YES;
				SWIFT_VERSION = 5.0;
				TARGETED_DEVICE_FAMILY = "1,2";
			};
			name = Debug;
		};
		C13B2ABA291932FC006B7DD3 /* Release */ = {
			isa = XCBuildConfiguration;
			buildSettings = {
				BUILD_LIBRARY_FOR_DISTRIBUTION = YES;
				CODE_SIGN_STYLE = Automatic;
				CURRENT_PROJECT_VERSION = 1;
				DEFINES_MODULE = YES;
				DEVELOPMENT_TEAM = SP56HZ86QA;
				DYLIB_COMPATIBILITY_VERSION = 1;
				DYLIB_CURRENT_VERSION = 1;
				DYLIB_INSTALL_NAME_BASE = "@rpath";
				GENERATE_INFOPLIST_FILE = YES;
				INFOPLIST_KEY_NSHumanReadableCopyright = "";
				INSTALL_PATH = "$(LOCAL_LIBRARY_DIR)/Frameworks";
				LD_RUNPATH_SEARCH_PATHS = (
					"$(inherited)",
					"@executable_path/Frameworks",
					"@loader_path/Frameworks",
				);
				MARKETING_VERSION = 0.1.1;
				PRODUCT_BUNDLE_IDENTIFIER = com.etrusted.ios.trustbadge;
				PRODUCT_NAME = "$(TARGET_NAME:c99extidentifier)";
				SKIP_INSTALL = YES;
				SWIFT_EMIT_LOC_STRINGS = YES;
				SWIFT_VERSION = 5.0;
				TARGETED_DEVICE_FAMILY = "1,2";
			};
			name = Release;
		};
		C13B2ABC291932FC006B7DD3 /* Debug */ = {
			isa = XCBuildConfiguration;
			buildSettings = {
				ALWAYS_EMBED_SWIFT_STANDARD_LIBRARIES = YES;
				CODE_SIGN_STYLE = Automatic;
				CURRENT_PROJECT_VERSION = 1;
				DEVELOPMENT_TEAM = SP56HZ86QA;
				GENERATE_INFOPLIST_FILE = YES;
				MARKETING_VERSION = 1.0;
				PRODUCT_BUNDLE_IDENTIFIER = com.etrusted.ios.trustbadge.TrustbadgeTests;
				PRODUCT_NAME = "$(TARGET_NAME)";
				SWIFT_EMIT_LOC_STRINGS = NO;
				SWIFT_VERSION = 5.0;
				TARGETED_DEVICE_FAMILY = "1,2";
			};
			name = Debug;
		};
		C13B2ABD291932FC006B7DD3 /* Release */ = {
			isa = XCBuildConfiguration;
			buildSettings = {
				ALWAYS_EMBED_SWIFT_STANDARD_LIBRARIES = YES;
				CODE_SIGN_STYLE = Automatic;
				CURRENT_PROJECT_VERSION = 1;
				DEVELOPMENT_TEAM = SP56HZ86QA;
				GENERATE_INFOPLIST_FILE = YES;
				MARKETING_VERSION = 1.0;
				PRODUCT_BUNDLE_IDENTIFIER = com.etrusted.ios.trustbadge.TrustbadgeTests;
				PRODUCT_NAME = "$(TARGET_NAME)";
				SWIFT_EMIT_LOC_STRINGS = NO;
				SWIFT_VERSION = 5.0;
				TARGETED_DEVICE_FAMILY = "1,2";
			};
			name = Release;
		};
/* End XCBuildConfiguration section */

/* Begin XCConfigurationList section */
		C13B2A9E291932FC006B7DD3 /* Build configuration list for PBXProject "Trustbadge" */ = {
			isa = XCConfigurationList;
			buildConfigurations = (
				C13B2AB6291932FC006B7DD3 /* Debug */,
				C13B2AB7291932FC006B7DD3 /* Release */,
			);
			defaultConfigurationIsVisible = 0;
			defaultConfigurationName = Release;
		};
		C13B2AB8291932FC006B7DD3 /* Build configuration list for PBXNativeTarget "Trustbadge" */ = {
			isa = XCConfigurationList;
			buildConfigurations = (
				C13B2AB9291932FC006B7DD3 /* Debug */,
				C13B2ABA291932FC006B7DD3 /* Release */,
			);
			defaultConfigurationIsVisible = 0;
			defaultConfigurationName = Release;
		};
		C13B2ABB291932FC006B7DD3 /* Build configuration list for PBXNativeTarget "TrustbadgeTests" */ = {
			isa = XCConfigurationList;
			buildConfigurations = (
				C13B2ABC291932FC006B7DD3 /* Debug */,
				C13B2ABD291932FC006B7DD3 /* Release */,
			);
			defaultConfigurationIsVisible = 0;
			defaultConfigurationName = Release;
		};
/* End XCConfigurationList section */
	};
	rootObject = C13B2A9B291932FB006B7DD3 /* Project object */;
}
