// !$*UTF8*$!
{
	archiveVersion = 1;
	classes = {
	};
	objectVersion = 56;
	objects = {

/* Begin PBXBuildFile section */
		C119218129852A1400A550C7 /* Trustylib.docc in Sources */ = {isa = PBXBuildFile; fileRef = C119218029852A1400A550C7 /* Trustylib.docc */; };
		C119218729852A1400A550C7 /* Trustylib.framework in Frameworks */ = {isa = PBXBuildFile; fileRef = C119217C29852A1400A550C7 /* Trustylib.framework */; };
		C119218C29852A1400A550C7 /* TrustylibTests.swift in Sources */ = {isa = PBXBuildFile; fileRef = C119218B29852A1400A550C7 /* TrustylibTests.swift */; };
		C119218D29852A1400A550C7 /* Trustylib.h in Headers */ = {isa = PBXBuildFile; fileRef = C119217F29852A1400A550C7 /* Trustylib.h */; settings = {ATTRIBUTES = (Public, ); }; };
		C119224F2985531900A550C7 /* TSLogger.swift in Sources */ = {isa = PBXBuildFile; fileRef = C11922112985531800A550C7 /* TSLogger.swift */; };
		C11922502985531900A550C7 /* TSConsoleLogger.swift in Sources */ = {isa = PBXBuildFile; fileRef = C11922122985531800A550C7 /* TSConsoleLogger.swift */; };
		C11922512985531900A550C7 /* TSLogSeverity.swift in Sources */ = {isa = PBXBuildFile; fileRef = C11922132985531800A550C7 /* TSLogSeverity.swift */; };
		C11922522985531A00A550C7 /* TrustbadgeViewAlignment.swift in Sources */ = {isa = PBXBuildFile; fileRef = C11922152985531800A550C7 /* TrustbadgeViewAlignment.swift */; };
		C11922532985531A00A550C7 /* TrustbadgeViewWrapper.swift in Sources */ = {isa = PBXBuildFile; fileRef = C11922162985531800A550C7 /* TrustbadgeViewWrapper.swift */; };
		C11922542985531A00A550C7 /* Color + TsColors.swift in Sources */ = {isa = PBXBuildFile; fileRef = C11922182985531800A550C7 /* Color + TsColors.swift */; };
		C11922552985531A00A550C7 /* StarView.swift in Sources */ = {isa = PBXBuildFile; fileRef = C119221A2985531800A550C7 /* StarView.swift */; };
		C11922562985531A00A550C7 /* TrustbadgeImage.swift in Sources */ = {isa = PBXBuildFile; fileRef = C119221B2985531800A550C7 /* TrustbadgeImage.swift */; };
		C11922572985531A00A550C7 /* StarRatingView.swift in Sources */ = {isa = PBXBuildFile; fileRef = C119221C2985531800A550C7 /* StarRatingView.swift */; };
		C11922582985531A00A550C7 /* TrustbadgeView.swift in Sources */ = {isa = PBXBuildFile; fileRef = C119221D2985531800A550C7 /* TrustbadgeView.swift */; };
		C11922592985531A00A550C7 /* BuyerProtectionView.swift in Sources */ = {isa = PBXBuildFile; fileRef = C119221F2985531800A550C7 /* BuyerProtectionView.swift */; };
		C119225A2985531A00A550C7 /* TrustMarkView.swift in Sources */ = {isa = PBXBuildFile; fileRef = C11922202985531800A550C7 /* TrustMarkView.swift */; };
		C119225B2985531A00A550C7 /* ProductGradeView.swift in Sources */ = {isa = PBXBuildFile; fileRef = C11922212985531800A550C7 /* ProductGradeView.swift */; };
		C119225C2985531A00A550C7 /* ShopGradeView.swift in Sources */ = {isa = PBXBuildFile; fileRef = C11922222985531800A550C7 /* ShopGradeView.swift */; };
		C119225D2985531A00A550C7 /* TrustmarkDataService.swift in Sources */ = {isa = PBXBuildFile; fileRef = C11922242985531800A550C7 /* TrustmarkDataService.swift */; };
		C119225E2985531A00A550C7 /* TSAuthenticationService.swift in Sources */ = {isa = PBXBuildFile; fileRef = C11922252985531800A550C7 /* TSAuthenticationService.swift */; };
		C119225F2985531A00A550C7 /* TrustylibConfigurationService.swift in Sources */ = {isa = PBXBuildFile; fileRef = C11922262985531800A550C7 /* TrustylibConfigurationService.swift */; };
		C11922602985531A00A550C7 /* ShopGradeDataService.swift in Sources */ = {isa = PBXBuildFile; fileRef = C11922272985531800A550C7 /* ShopGradeDataService.swift */; };
		C11922612985531A00A550C7 /* TSNetworkServiceMethod.swift in Sources */ = {isa = PBXBuildFile; fileRef = C11922292985531800A550C7 /* TSNetworkServiceMethod.swift */; };
		C11922622985531A00A550C7 /* TSNetworkServiceHeaderField.swift in Sources */ = {isa = PBXBuildFile; fileRef = C119222A2985531800A550C7 /* TSNetworkServiceHeaderField.swift */; };
		C11922632985531A00A550C7 /* TSNetworkServiceRequest.swift in Sources */ = {isa = PBXBuildFile; fileRef = C119222B2985531800A550C7 /* TSNetworkServiceRequest.swift */; };
		C11922642985531A00A550C7 /* TSNetworkServiceBodyField.swift in Sources */ = {isa = PBXBuildFile; fileRef = C119222C2985531800A550C7 /* TSNetworkServiceBodyField.swift */; };
		C11922652985531A00A550C7 /* TSNetworkServiceResponseConfiguration.swift in Sources */ = {isa = PBXBuildFile; fileRef = C119222D2985531800A550C7 /* TSNetworkServiceResponseConfiguration.swift */; };
		C11922662985531A00A550C7 /* TSNetworkServiceError.swift in Sources */ = {isa = PBXBuildFile; fileRef = C119222E2985531800A550C7 /* TSNetworkServiceError.swift */; };
		C11922672985531A00A550C7 /* TSNetworkDataService.swift in Sources */ = {isa = PBXBuildFile; fileRef = C119222F2985531800A550C7 /* TSNetworkDataService.swift */; };
		C11922682985531A00A550C7 /* TSBackendServiceURL.swift in Sources */ = {isa = PBXBuildFile; fileRef = C11922302985531800A550C7 /* TSBackendServiceURL.swift */; };
		C11922692985531A00A550C7 /* ShopGradeDetailsModel.swift in Sources */ = {isa = PBXBuildFile; fileRef = C11922322985531900A550C7 /* ShopGradeDetailsModel.swift */; };
		C119226A2985531A00A550C7 /* ShopAggregateRatingsModel.swift in Sources */ = {isa = PBXBuildFile; fileRef = C11922332985531900A550C7 /* ShopAggregateRatingsModel.swift */; };
		C119226B2985531A00A550C7 /* AuthenticationTokenModel.swift in Sources */ = {isa = PBXBuildFile; fileRef = C11922342985531900A550C7 /* AuthenticationTokenModel.swift */; };
		C119226C2985531A00A550C7 /* TrustbadgeState.swift in Sources */ = {isa = PBXBuildFile; fileRef = C11922352985531900A550C7 /* TrustbadgeState.swift */; };
		C119226D2985531A00A550C7 /* TrustbadgeContext.swift in Sources */ = {isa = PBXBuildFile; fileRef = C11922362985531900A550C7 /* TrustbadgeContext.swift */; };
		C119226E2985531A00A550C7 /* TrustmarkDetailsModel.swift in Sources */ = {isa = PBXBuildFile; fileRef = C11922372985531900A550C7 /* TrustmarkDetailsModel.swift */; };
		C119226F2985531A00A550C7 /* Localizable.strings in Resources */ = {isa = PBXBuildFile; fileRef = C11922392985531900A550C7 /* Localizable.strings */; };
		C11922702985531A00A550C7 /* TrustylibError.swift in Sources */ = {isa = PBXBuildFile; fileRef = C11922412985531900A550C7 /* TrustylibError.swift */; };
		C11922712985531A00A550C7 /* TypeAliases.swift in Sources */ = {isa = PBXBuildFile; fileRef = C11922432985531900A550C7 /* TypeAliases.swift */; };
		C11922722985531A00A550C7 /* Date + Formatting.swift in Sources */ = {isa = PBXBuildFile; fileRef = C11922452985531900A550C7 /* Date + Formatting.swift */; };
		C11922732985531A00A550C7 /* Image + Bundle.swift in Sources */ = {isa = PBXBuildFile; fileRef = C11922462985531900A550C7 /* Image + Bundle.swift */; };
		C11922762985531A00A550C7 /* trustcard_page.html in Resources */ = {isa = PBXBuildFile; fileRef = C119224B2985531900A550C7 /* trustcard_page.html */; };
		C11922772985531A00A550C7 /* checkout_page.html in Resources */ = {isa = PBXBuildFile; fileRef = C119224C2985531900A550C7 /* checkout_page.html */; };
		C11922782985531A00A550C7 /* fontawesome.ttf in Resources */ = {isa = PBXBuildFile; fileRef = C119224E2985531900A550C7 /* fontawesome.ttf */; };
		C119227A2985536D00A550C7 /* TrustyLibrary.swift in Sources */ = {isa = PBXBuildFile; fileRef = C11922792985536D00A550C7 /* TrustyLibrary.swift */; };
		C189B46229875EF8007A7064 /* trustmarkIcon.png in Resources */ = {isa = PBXBuildFile; fileRef = C189B46129875EF8007A7064 /* trustmarkIcon.png */; };
		C189B46529876160007A7064 /* shopGradeIcon.png in Resources */ = {isa = PBXBuildFile; fileRef = C189B46329876160007A7064 /* shopGradeIcon.png */; };
		C189B46629876160007A7064 /* trustmarkIconInvalidCertificate.png in Resources */ = {isa = PBXBuildFile; fileRef = C189B46429876160007A7064 /* trustmarkIconInvalidCertificate.png */; };
		C189B46829876811007A7064 /* Bundle + Trustbadge.swift in Sources */ = {isa = PBXBuildFile; fileRef = C189B46729876811007A7064 /* Bundle + Trustbadge.swift */; };
		C189B46A298768A7007A7064 /* ResourceExtension.swift in Sources */ = {isa = PBXBuildFile; fileRef = C189B469298768A7007A7064 /* ResourceExtension.swift */; };
/* End PBXBuildFile section */

/* Begin PBXContainerItemProxy section */
		C119218829852A1400A550C7 /* PBXContainerItemProxy */ = {
			isa = PBXContainerItemProxy;
			containerPortal = C119217329852A1300A550C7 /* Project object */;
			proxyType = 1;
			remoteGlobalIDString = C119217B29852A1400A550C7;
			remoteInfo = Trustylib;
		};
/* End PBXContainerItemProxy section */

/* Begin PBXFileReference section */
		C119217C29852A1400A550C7 /* Trustylib.framework */ = {isa = PBXFileReference; explicitFileType = wrapper.framework; includeInIndex = 0; path = Trustylib.framework; sourceTree = BUILT_PRODUCTS_DIR; };
		C119217F29852A1400A550C7 /* Trustylib.h */ = {isa = PBXFileReference; lastKnownFileType = sourcecode.c.h; path = Trustylib.h; sourceTree = "<group>"; };
		C119218029852A1400A550C7 /* Trustylib.docc */ = {isa = PBXFileReference; lastKnownFileType = folder.documentationcatalog; path = Trustylib.docc; sourceTree = "<group>"; };
		C119218629852A1400A550C7 /* TrustylibTests.xctest */ = {isa = PBXFileReference; explicitFileType = wrapper.cfbundle; includeInIndex = 0; path = TrustylibTests.xctest; sourceTree = BUILT_PRODUCTS_DIR; };
		C119218B29852A1400A550C7 /* TrustylibTests.swift */ = {isa = PBXFileReference; lastKnownFileType = sourcecode.swift; path = TrustylibTests.swift; sourceTree = "<group>"; };
		C11922112985531800A550C7 /* TSLogger.swift */ = {isa = PBXFileReference; fileEncoding = 4; lastKnownFileType = sourcecode.swift; path = TSLogger.swift; sourceTree = "<group>"; };
		C11922122985531800A550C7 /* TSConsoleLogger.swift */ = {isa = PBXFileReference; fileEncoding = 4; lastKnownFileType = sourcecode.swift; path = TSConsoleLogger.swift; sourceTree = "<group>"; };
		C11922132985531800A550C7 /* TSLogSeverity.swift */ = {isa = PBXFileReference; fileEncoding = 4; lastKnownFileType = sourcecode.swift; path = TSLogSeverity.swift; sourceTree = "<group>"; };
		C11922152985531800A550C7 /* TrustbadgeViewAlignment.swift */ = {isa = PBXFileReference; fileEncoding = 4; lastKnownFileType = sourcecode.swift; path = TrustbadgeViewAlignment.swift; sourceTree = "<group>"; };
		C11922162985531800A550C7 /* TrustbadgeViewWrapper.swift */ = {isa = PBXFileReference; fileEncoding = 4; lastKnownFileType = sourcecode.swift; path = TrustbadgeViewWrapper.swift; sourceTree = "<group>"; };
		C11922182985531800A550C7 /* Color + TsColors.swift */ = {isa = PBXFileReference; fileEncoding = 4; lastKnownFileType = sourcecode.swift; path = "Color + TsColors.swift"; sourceTree = "<group>"; };
		C119221A2985531800A550C7 /* StarView.swift */ = {isa = PBXFileReference; fileEncoding = 4; lastKnownFileType = sourcecode.swift; path = StarView.swift; sourceTree = "<group>"; };
		C119221B2985531800A550C7 /* TrustbadgeImage.swift */ = {isa = PBXFileReference; fileEncoding = 4; lastKnownFileType = sourcecode.swift; path = TrustbadgeImage.swift; sourceTree = "<group>"; };
		C119221C2985531800A550C7 /* StarRatingView.swift */ = {isa = PBXFileReference; fileEncoding = 4; lastKnownFileType = sourcecode.swift; path = StarRatingView.swift; sourceTree = "<group>"; };
		C119221D2985531800A550C7 /* TrustbadgeView.swift */ = {isa = PBXFileReference; fileEncoding = 4; lastKnownFileType = sourcecode.swift; path = TrustbadgeView.swift; sourceTree = "<group>"; };
		C119221F2985531800A550C7 /* BuyerProtectionView.swift */ = {isa = PBXFileReference; fileEncoding = 4; lastKnownFileType = sourcecode.swift; path = BuyerProtectionView.swift; sourceTree = "<group>"; };
		C11922202985531800A550C7 /* TrustMarkView.swift */ = {isa = PBXFileReference; fileEncoding = 4; lastKnownFileType = sourcecode.swift; path = TrustMarkView.swift; sourceTree = "<group>"; };
		C11922212985531800A550C7 /* ProductGradeView.swift */ = {isa = PBXFileReference; fileEncoding = 4; lastKnownFileType = sourcecode.swift; path = ProductGradeView.swift; sourceTree = "<group>"; };
		C11922222985531800A550C7 /* ShopGradeView.swift */ = {isa = PBXFileReference; fileEncoding = 4; lastKnownFileType = sourcecode.swift; path = ShopGradeView.swift; sourceTree = "<group>"; };
		C11922242985531800A550C7 /* TrustmarkDataService.swift */ = {isa = PBXFileReference; fileEncoding = 4; lastKnownFileType = sourcecode.swift; path = TrustmarkDataService.swift; sourceTree = "<group>"; };
		C11922252985531800A550C7 /* TSAuthenticationService.swift */ = {isa = PBXFileReference; fileEncoding = 4; lastKnownFileType = sourcecode.swift; path = TSAuthenticationService.swift; sourceTree = "<group>"; };
		C11922262985531800A550C7 /* TrustylibConfigurationService.swift */ = {isa = PBXFileReference; fileEncoding = 4; lastKnownFileType = sourcecode.swift; path = TrustylibConfigurationService.swift; sourceTree = "<group>"; };
		C11922272985531800A550C7 /* ShopGradeDataService.swift */ = {isa = PBXFileReference; fileEncoding = 4; lastKnownFileType = sourcecode.swift; path = ShopGradeDataService.swift; sourceTree = "<group>"; };
		C11922292985531800A550C7 /* TSNetworkServiceMethod.swift */ = {isa = PBXFileReference; fileEncoding = 4; lastKnownFileType = sourcecode.swift; path = TSNetworkServiceMethod.swift; sourceTree = "<group>"; };
		C119222A2985531800A550C7 /* TSNetworkServiceHeaderField.swift */ = {isa = PBXFileReference; fileEncoding = 4; lastKnownFileType = sourcecode.swift; path = TSNetworkServiceHeaderField.swift; sourceTree = "<group>"; };
		C119222B2985531800A550C7 /* TSNetworkServiceRequest.swift */ = {isa = PBXFileReference; fileEncoding = 4; lastKnownFileType = sourcecode.swift; path = TSNetworkServiceRequest.swift; sourceTree = "<group>"; };
		C119222C2985531800A550C7 /* TSNetworkServiceBodyField.swift */ = {isa = PBXFileReference; fileEncoding = 4; lastKnownFileType = sourcecode.swift; path = TSNetworkServiceBodyField.swift; sourceTree = "<group>"; };
		C119222D2985531800A550C7 /* TSNetworkServiceResponseConfiguration.swift */ = {isa = PBXFileReference; fileEncoding = 4; lastKnownFileType = sourcecode.swift; path = TSNetworkServiceResponseConfiguration.swift; sourceTree = "<group>"; };
		C119222E2985531800A550C7 /* TSNetworkServiceError.swift */ = {isa = PBXFileReference; fileEncoding = 4; lastKnownFileType = sourcecode.swift; path = TSNetworkServiceError.swift; sourceTree = "<group>"; };
		C119222F2985531800A550C7 /* TSNetworkDataService.swift */ = {isa = PBXFileReference; fileEncoding = 4; lastKnownFileType = sourcecode.swift; path = TSNetworkDataService.swift; sourceTree = "<group>"; };
		C11922302985531800A550C7 /* TSBackendServiceURL.swift */ = {isa = PBXFileReference; fileEncoding = 4; lastKnownFileType = sourcecode.swift; path = TSBackendServiceURL.swift; sourceTree = "<group>"; };
		C11922322985531900A550C7 /* ShopGradeDetailsModel.swift */ = {isa = PBXFileReference; fileEncoding = 4; lastKnownFileType = sourcecode.swift; path = ShopGradeDetailsModel.swift; sourceTree = "<group>"; };
		C11922332985531900A550C7 /* ShopAggregateRatingsModel.swift */ = {isa = PBXFileReference; fileEncoding = 4; lastKnownFileType = sourcecode.swift; path = ShopAggregateRatingsModel.swift; sourceTree = "<group>"; };
		C11922342985531900A550C7 /* AuthenticationTokenModel.swift */ = {isa = PBXFileReference; fileEncoding = 4; lastKnownFileType = sourcecode.swift; path = AuthenticationTokenModel.swift; sourceTree = "<group>"; };
		C11922352985531900A550C7 /* TrustbadgeState.swift */ = {isa = PBXFileReference; fileEncoding = 4; lastKnownFileType = sourcecode.swift; path = TrustbadgeState.swift; sourceTree = "<group>"; };
		C11922362985531900A550C7 /* TrustbadgeContext.swift */ = {isa = PBXFileReference; fileEncoding = 4; lastKnownFileType = sourcecode.swift; path = TrustbadgeContext.swift; sourceTree = "<group>"; };
		C11922372985531900A550C7 /* TrustmarkDetailsModel.swift */ = {isa = PBXFileReference; fileEncoding = 4; lastKnownFileType = sourcecode.swift; path = TrustmarkDetailsModel.swift; sourceTree = "<group>"; };
		C119223B2985531900A550C7 /* en */ = {isa = PBXFileReference; lastKnownFileType = text.plist.strings; name = en; path = en.lproj/Localizable.strings; sourceTree = "<group>"; };
		C11922412985531900A550C7 /* TrustylibError.swift */ = {isa = PBXFileReference; fileEncoding = 4; lastKnownFileType = sourcecode.swift; path = TrustylibError.swift; sourceTree = "<group>"; };
		C11922432985531900A550C7 /* TypeAliases.swift */ = {isa = PBXFileReference; fileEncoding = 4; lastKnownFileType = sourcecode.swift; path = TypeAliases.swift; sourceTree = "<group>"; };
		C11922452985531900A550C7 /* Date + Formatting.swift */ = {isa = PBXFileReference; fileEncoding = 4; lastKnownFileType = sourcecode.swift; path = "Date + Formatting.swift"; sourceTree = "<group>"; };
		C11922462985531900A550C7 /* Image + Bundle.swift */ = {isa = PBXFileReference; fileEncoding = 4; lastKnownFileType = sourcecode.swift; path = "Image + Bundle.swift"; sourceTree = "<group>"; };
		C119224B2985531900A550C7 /* trustcard_page.html */ = {isa = PBXFileReference; fileEncoding = 4; lastKnownFileType = text.html; path = trustcard_page.html; sourceTree = "<group>"; };
		C119224C2985531900A550C7 /* checkout_page.html */ = {isa = PBXFileReference; fileEncoding = 4; lastKnownFileType = text.html; path = checkout_page.html; sourceTree = "<group>"; };
		C119224E2985531900A550C7 /* fontawesome.ttf */ = {isa = PBXFileReference; lastKnownFileType = file; path = fontawesome.ttf; sourceTree = "<group>"; };
		C11922792985536D00A550C7 /* TrustyLibrary.swift */ = {isa = PBXFileReference; fileEncoding = 4; lastKnownFileType = sourcecode.swift; path = TrustyLibrary.swift; sourceTree = "<group>"; };
		C189B46129875EF8007A7064 /* trustmarkIcon.png */ = {isa = PBXFileReference; lastKnownFileType = image.png; path = trustmarkIcon.png; sourceTree = "<group>"; };
		C189B46329876160007A7064 /* shopGradeIcon.png */ = {isa = PBXFileReference; lastKnownFileType = image.png; path = shopGradeIcon.png; sourceTree = "<group>"; };
		C189B46429876160007A7064 /* trustmarkIconInvalidCertificate.png */ = {isa = PBXFileReference; lastKnownFileType = image.png; path = trustmarkIconInvalidCertificate.png; sourceTree = "<group>"; };
		C189B46729876811007A7064 /* Bundle + Trustbadge.swift */ = {isa = PBXFileReference; lastKnownFileType = sourcecode.swift; path = "Bundle + Trustbadge.swift"; sourceTree = "<group>"; };
		C189B469298768A7007A7064 /* ResourceExtension.swift */ = {isa = PBXFileReference; lastKnownFileType = sourcecode.swift; path = ResourceExtension.swift; sourceTree = "<group>"; };
/* End PBXFileReference section */

/* Begin PBXFrameworksBuildPhase section */
		C119217929852A1400A550C7 /* Frameworks */ = {
			isa = PBXFrameworksBuildPhase;
			buildActionMask = 2147483647;
			files = (
			);
			runOnlyForDeploymentPostprocessing = 0;
		};
		C119218329852A1400A550C7 /* Frameworks */ = {
			isa = PBXFrameworksBuildPhase;
			buildActionMask = 2147483647;
			files = (
				C119218729852A1400A550C7 /* Trustylib.framework in Frameworks */,
			);
			runOnlyForDeploymentPostprocessing = 0;
		};
/* End PBXFrameworksBuildPhase section */

/* Begin PBXGroup section */
		C119217229852A1300A550C7 = {
			isa = PBXGroup;
			children = (
				C119217E29852A1400A550C7 /* Trustylib */,
				C119218A29852A1400A550C7 /* TrustylibTests */,
				C119217D29852A1400A550C7 /* Products */,
			);
			sourceTree = "<group>";
		};
		C119217D29852A1400A550C7 /* Products */ = {
			isa = PBXGroup;
			children = (
				C119217C29852A1400A550C7 /* Trustylib.framework */,
				C119218629852A1400A550C7 /* TrustylibTests.xctest */,
			);
			name = Products;
			sourceTree = "<group>";
		};
		C119217E29852A1400A550C7 /* Trustylib */ = {
			isa = PBXGroup;
			children = (
				C11922472985531900A550C7 /* Assets */,
				C11922422985531900A550C7 /* Common */,
				C11922142985531800A550C7 /* Views */,
				C11922312985531900A550C7 /* Models */,
				C11922232985531800A550C7 /* Services */,
				C11922402985531900A550C7 /* Errors */,
				C119220F2985531800A550C7 /* Utilities */,
				C11922442985531900A550C7 /* Extensions */,
				C11922382985531900A550C7 /* Localization */,
				C11922792985536D00A550C7 /* TrustyLibrary.swift */,
				C119217F29852A1400A550C7 /* Trustylib.h */,
				C119218029852A1400A550C7 /* Trustylib.docc */,
			);
			path = Trustylib;
			sourceTree = "<group>";
		};
		C119218A29852A1400A550C7 /* TrustylibTests */ = {
			isa = PBXGroup;
			children = (
				C119218B29852A1400A550C7 /* TrustylibTests.swift */,
			);
			path = TrustylibTests;
			sourceTree = "<group>";
		};
		C119220F2985531800A550C7 /* Utilities */ = {
			isa = PBXGroup;
			children = (
				C11922102985531800A550C7 /* Logger */,
			);
			path = Utilities;
			sourceTree = "<group>";
		};
		C11922102985531800A550C7 /* Logger */ = {
			isa = PBXGroup;
			children = (
				C11922112985531800A550C7 /* TSLogger.swift */,
				C11922122985531800A550C7 /* TSConsoleLogger.swift */,
				C11922132985531800A550C7 /* TSLogSeverity.swift */,
			);
			path = Logger;
			sourceTree = "<group>";
		};
		C11922142985531800A550C7 /* Views */ = {
			isa = PBXGroup;
			children = (
				C11922172985531800A550C7 /* Extensions */,
				C11922192985531800A550C7 /* Common */,
				C119221E2985531800A550C7 /* Widgets */,
				C119221D2985531800A550C7 /* TrustbadgeView.swift */,
				C11922162985531800A550C7 /* TrustbadgeViewWrapper.swift */,
				C11922152985531800A550C7 /* TrustbadgeViewAlignment.swift */,
			);
			path = Views;
			sourceTree = "<group>";
		};
		C11922172985531800A550C7 /* Extensions */ = {
			isa = PBXGroup;
			children = (
				C11922182985531800A550C7 /* Color + TsColors.swift */,
			);
			path = Extensions;
			sourceTree = "<group>";
		};
		C11922192985531800A550C7 /* Common */ = {
			isa = PBXGroup;
			children = (
				C119221A2985531800A550C7 /* StarView.swift */,
				C119221B2985531800A550C7 /* TrustbadgeImage.swift */,
				C119221C2985531800A550C7 /* StarRatingView.swift */,
			);
			path = Common;
			sourceTree = "<group>";
		};
		C119221E2985531800A550C7 /* Widgets */ = {
			isa = PBXGroup;
			children = (
				C11922202985531800A550C7 /* TrustMarkView.swift */,
				C11922222985531800A550C7 /* ShopGradeView.swift */,
				C119221F2985531800A550C7 /* BuyerProtectionView.swift */,
				C11922212985531800A550C7 /* ProductGradeView.swift */,
			);
			path = Widgets;
			sourceTree = "<group>";
		};
		C11922232985531800A550C7 /* Services */ = {
			isa = PBXGroup;
			children = (
				C11922282985531800A550C7 /* Base */,
				C11922262985531800A550C7 /* TrustylibConfigurationService.swift */,
				C11922252985531800A550C7 /* TSAuthenticationService.swift */,
				C11922242985531800A550C7 /* TrustmarkDataService.swift */,
				C11922272985531800A550C7 /* ShopGradeDataService.swift */,
			);
			path = Services;
			sourceTree = "<group>";
		};
		C11922282985531800A550C7 /* Base */ = {
			isa = PBXGroup;
			children = (
				C11922302985531800A550C7 /* TSBackendServiceURL.swift */,
				C119222F2985531800A550C7 /* TSNetworkDataService.swift */,
				C11922292985531800A550C7 /* TSNetworkServiceMethod.swift */,
				C119222B2985531800A550C7 /* TSNetworkServiceRequest.swift */,
				C119222D2985531800A550C7 /* TSNetworkServiceResponseConfiguration.swift */,
				C119222A2985531800A550C7 /* TSNetworkServiceHeaderField.swift */,
				C119222C2985531800A550C7 /* TSNetworkServiceBodyField.swift */,
				C119222E2985531800A550C7 /* TSNetworkServiceError.swift */,
			);
			path = Base;
			sourceTree = "<group>";
		};
		C11922312985531900A550C7 /* Models */ = {
			isa = PBXGroup;
			children = (
				C11922342985531900A550C7 /* AuthenticationTokenModel.swift */,
				C11922362985531900A550C7 /* TrustbadgeContext.swift */,
				C11922352985531900A550C7 /* TrustbadgeState.swift */,
				C11922372985531900A550C7 /* TrustmarkDetailsModel.swift */,
				C11922322985531900A550C7 /* ShopGradeDetailsModel.swift */,
				C11922332985531900A550C7 /* ShopAggregateRatingsModel.swift */,
			);
			path = Models;
			sourceTree = "<group>";
		};
		C11922382985531900A550C7 /* Localization */ = {
			isa = PBXGroup;
			children = (
				C11922392985531900A550C7 /* Localizable.strings */,
			);
			path = Localization;
			sourceTree = "<group>";
		};
		C11922402985531900A550C7 /* Errors */ = {
			isa = PBXGroup;
			children = (
				C11922412985531900A550C7 /* TrustylibError.swift */,
			);
			path = Errors;
			sourceTree = "<group>";
		};
		C11922422985531900A550C7 /* Common */ = {
			isa = PBXGroup;
			children = (
				C11922432985531900A550C7 /* TypeAliases.swift */,
			);
			path = Common;
			sourceTree = "<group>";
		};
		C11922442985531900A550C7 /* Extensions */ = {
			isa = PBXGroup;
			children = (
				C11922452985531900A550C7 /* Date + Formatting.swift */,
				C11922462985531900A550C7 /* Image + Bundle.swift */,
				C189B46729876811007A7064 /* Bundle + Trustbadge.swift */,
			);
			path = Extensions;
			sourceTree = "<group>";
		};
		C11922472985531900A550C7 /* Assets */ = {
			isa = PBXGroup;
			children = (
				C189B421298688A3007A7064 /* Images */,
				C119224D2985531900A550C7 /* Fonts */,
				C119224A2985531900A550C7 /* Html */,
				C189B469298768A7007A7064 /* ResourceExtension.swift */,
			);
			path = Assets;
			sourceTree = "<group>";
		};
		C119224A2985531900A550C7 /* Html */ = {
			isa = PBXGroup;
			children = (
				C119224B2985531900A550C7 /* trustcard_page.html */,
				C119224C2985531900A550C7 /* checkout_page.html */,
			);
			path = Html;
			sourceTree = "<group>";
		};
		C119224D2985531900A550C7 /* Fonts */ = {
			isa = PBXGroup;
			children = (
				C119224E2985531900A550C7 /* fontawesome.ttf */,
			);
			path = Fonts;
			sourceTree = "<group>";
		};
		C189B421298688A3007A7064 /* Images */ = {
			isa = PBXGroup;
			children = (
				C189B46129875EF8007A7064 /* trustmarkIcon.png */,
				C189B46329876160007A7064 /* shopGradeIcon.png */,
				C189B46429876160007A7064 /* trustmarkIconInvalidCertificate.png */,
			);
			path = Images;
			sourceTree = "<group>";
		};
/* End PBXGroup section */

/* Begin PBXHeadersBuildPhase section */
		C119217729852A1400A550C7 /* Headers */ = {
			isa = PBXHeadersBuildPhase;
			buildActionMask = 2147483647;
			files = (
				C119218D29852A1400A550C7 /* Trustylib.h in Headers */,
			);
			runOnlyForDeploymentPostprocessing = 0;
		};
/* End PBXHeadersBuildPhase section */

/* Begin PBXNativeTarget section */
		C119217B29852A1400A550C7 /* Trustylib */ = {
			isa = PBXNativeTarget;
			buildConfigurationList = C119219029852A1400A550C7 /* Build configuration list for PBXNativeTarget "Trustylib" */;
			buildPhases = (
				C119217729852A1400A550C7 /* Headers */,
				C119217829852A1400A550C7 /* Sources */,
				C119217929852A1400A550C7 /* Frameworks */,
				C119217A29852A1400A550C7 /* Resources */,
			);
			buildRules = (
			);
			dependencies = (
			);
			name = Trustylib;
			productName = Trustylib;
			productReference = C119217C29852A1400A550C7 /* Trustylib.framework */;
			productType = "com.apple.product-type.framework";
		};
		C119218529852A1400A550C7 /* TrustylibTests */ = {
			isa = PBXNativeTarget;
			buildConfigurationList = C119219329852A1400A550C7 /* Build configuration list for PBXNativeTarget "TrustylibTests" */;
			buildPhases = (
				C119218229852A1400A550C7 /* Sources */,
				C119218329852A1400A550C7 /* Frameworks */,
				C119218429852A1400A550C7 /* Resources */,
			);
			buildRules = (
			);
			dependencies = (
				C119218929852A1400A550C7 /* PBXTargetDependency */,
			);
			name = TrustylibTests;
			productName = TrustylibTests;
			productReference = C119218629852A1400A550C7 /* TrustylibTests.xctest */;
			productType = "com.apple.product-type.bundle.unit-test";
		};
/* End PBXNativeTarget section */

/* Begin PBXProject section */
		C119217329852A1300A550C7 /* Project object */ = {
			isa = PBXProject;
			attributes = {
				BuildIndependentTargetsInParallel = 1;
				LastSwiftUpdateCheck = 1420;
				LastUpgradeCheck = 1420;
				TargetAttributes = {
					C119217B29852A1400A550C7 = {
						CreatedOnToolsVersion = 14.2;
					};
					C119218529852A1400A550C7 = {
						CreatedOnToolsVersion = 14.2;
					};
				};
			};
			buildConfigurationList = C119217629852A1300A550C7 /* Build configuration list for PBXProject "Trustylib" */;
			compatibilityVersion = "Xcode 14.0";
			developmentRegion = en;
			hasScannedForEncodings = 0;
			knownRegions = (
				en,
				Base,
				de,
				es,
				it,
				pl,
				fr,
			);
			mainGroup = C119217229852A1300A550C7;
			productRefGroup = C119217D29852A1400A550C7 /* Products */;
			projectDirPath = "";
			projectRoot = "";
			targets = (
				C119217B29852A1400A550C7 /* Trustylib */,
				C119218529852A1400A550C7 /* TrustylibTests */,
			);
		};
/* End PBXProject section */

/* Begin PBXResourcesBuildPhase section */
		C119217A29852A1400A550C7 /* Resources */ = {
			isa = PBXResourcesBuildPhase;
			buildActionMask = 2147483647;
			files = (
				C119226F2985531A00A550C7 /* Localizable.strings in Resources */,
				C11922772985531A00A550C7 /* checkout_page.html in Resources */,
				C189B46529876160007A7064 /* shopGradeIcon.png in Resources */,
				C11922782985531A00A550C7 /* fontawesome.ttf in Resources */,
				C189B46229875EF8007A7064 /* trustmarkIcon.png in Resources */,
				C189B46629876160007A7064 /* trustmarkIconInvalidCertificate.png in Resources */,
				C11922762985531A00A550C7 /* trustcard_page.html in Resources */,
			);
			runOnlyForDeploymentPostprocessing = 0;
		};
		C119218429852A1400A550C7 /* Resources */ = {
			isa = PBXResourcesBuildPhase;
			buildActionMask = 2147483647;
			files = (
			);
			runOnlyForDeploymentPostprocessing = 0;
		};
/* End PBXResourcesBuildPhase section */

/* Begin PBXSourcesBuildPhase section */
		C119217829852A1400A550C7 /* Sources */ = {
			isa = PBXSourcesBuildPhase;
			buildActionMask = 2147483647;
			files = (
				C11922522985531A00A550C7 /* TrustbadgeViewAlignment.swift in Sources */,
				C119225F2985531A00A550C7 /* TrustylibConfigurationService.swift in Sources */,
				C11922542985531A00A550C7 /* Color + TsColors.swift in Sources */,
				C119226B2985531A00A550C7 /* AuthenticationTokenModel.swift in Sources */,
				C11922532985531A00A550C7 /* TrustbadgeViewWrapper.swift in Sources */,
				C11922702985531A00A550C7 /* TrustylibError.swift in Sources */,
				C11922572985531A00A550C7 /* StarRatingView.swift in Sources */,
				C119224F2985531900A550C7 /* TSLogger.swift in Sources */,
				C189B46829876811007A7064 /* Bundle + Trustbadge.swift in Sources */,
				C119226A2985531A00A550C7 /* ShopAggregateRatingsModel.swift in Sources */,
				C11922682985531A00A550C7 /* TSBackendServiceURL.swift in Sources */,
				C11922722985531A00A550C7 /* Date + Formatting.swift in Sources */,
				C189B46A298768A7007A7064 /* ResourceExtension.swift in Sources */,
				C11922612985531A00A550C7 /* TSNetworkServiceMethod.swift in Sources */,
				C11922652985531A00A550C7 /* TSNetworkServiceResponseConfiguration.swift in Sources */,
				C119226C2985531A00A550C7 /* TrustbadgeState.swift in Sources */,
				C11922732985531A00A550C7 /* Image + Bundle.swift in Sources */,
				C119226E2985531A00A550C7 /* TrustmarkDetailsModel.swift in Sources */,
				C119226D2985531A00A550C7 /* TrustbadgeContext.swift in Sources */,
				C119225A2985531A00A550C7 /* TrustMarkView.swift in Sources */,
				C119225E2985531A00A550C7 /* TSAuthenticationService.swift in Sources */,
				C11922582985531A00A550C7 /* TrustbadgeView.swift in Sources */,
				C11922602985531A00A550C7 /* ShopGradeDataService.swift in Sources */,
				C11922502985531900A550C7 /* TSConsoleLogger.swift in Sources */,
				C11922692985531A00A550C7 /* ShopGradeDetailsModel.swift in Sources */,
				C11922622985531A00A550C7 /* TSNetworkServiceHeaderField.swift in Sources */,
				C119225B2985531A00A550C7 /* ProductGradeView.swift in Sources */,
				C11922642985531A00A550C7 /* TSNetworkServiceBodyField.swift in Sources */,
				C11922662985531A00A550C7 /* TSNetworkServiceError.swift in Sources */,
				C11922672985531A00A550C7 /* TSNetworkDataService.swift in Sources */,
				C11922512985531900A550C7 /* TSLogSeverity.swift in Sources */,
				C11922552985531A00A550C7 /* StarView.swift in Sources */,
				C119225C2985531A00A550C7 /* ShopGradeView.swift in Sources */,
				C11922592985531A00A550C7 /* BuyerProtectionView.swift in Sources */,
				C119225D2985531A00A550C7 /* TrustmarkDataService.swift in Sources */,
				C11922632985531A00A550C7 /* TSNetworkServiceRequest.swift in Sources */,
				C119227A2985536D00A550C7 /* TrustyLibrary.swift in Sources */,
				C11922562985531A00A550C7 /* TrustbadgeImage.swift in Sources */,
				C11922712985531A00A550C7 /* TypeAliases.swift in Sources */,
				C119218129852A1400A550C7 /* Trustylib.docc in Sources */,
			);
			runOnlyForDeploymentPostprocessing = 0;
		};
		C119218229852A1400A550C7 /* Sources */ = {
			isa = PBXSourcesBuildPhase;
			buildActionMask = 2147483647;
			files = (
				C119218C29852A1400A550C7 /* TrustylibTests.swift in Sources */,
			);
			runOnlyForDeploymentPostprocessing = 0;
		};
/* End PBXSourcesBuildPhase section */

/* Begin PBXTargetDependency section */
		C119218929852A1400A550C7 /* PBXTargetDependency */ = {
			isa = PBXTargetDependency;
			target = C119217B29852A1400A550C7 /* Trustylib */;
			targetProxy = C119218829852A1400A550C7 /* PBXContainerItemProxy */;
		};
/* End PBXTargetDependency section */

/* Begin PBXVariantGroup section */
		C11922392985531900A550C7 /* Localizable.strings */ = {
			isa = PBXVariantGroup;
			children = (
				C119223B2985531900A550C7 /* en */,
			);
			name = Localizable.strings;
			sourceTree = "<group>";
		};
/* End PBXVariantGroup section */

/* Begin XCBuildConfiguration section */
		C119218E29852A1400A550C7 /* Debug */ = {
			isa = XCBuildConfiguration;
			buildSettings = {
				ALWAYS_SEARCH_USER_PATHS = NO;
				CLANG_ANALYZER_NONNULL = YES;
				CLANG_ANALYZER_NUMBER_OBJECT_CONVERSION = YES_AGGRESSIVE;
				CLANG_CXX_LANGUAGE_STANDARD = "gnu++20";
				CLANG_ENABLE_MODULES = YES;
				CLANG_ENABLE_OBJC_ARC = YES;
				CLANG_ENABLE_OBJC_WEAK = YES;
				CLANG_WARN_BLOCK_CAPTURE_AUTORELEASING = YES;
				CLANG_WARN_BOOL_CONVERSION = YES;
				CLANG_WARN_COMMA = YES;
				CLANG_WARN_CONSTANT_CONVERSION = YES;
				CLANG_WARN_DEPRECATED_OBJC_IMPLEMENTATIONS = YES;
				CLANG_WARN_DIRECT_OBJC_ISA_USAGE = YES_ERROR;
				CLANG_WARN_DOCUMENTATION_COMMENTS = YES;
				CLANG_WARN_EMPTY_BODY = YES;
				CLANG_WARN_ENUM_CONVERSION = YES;
				CLANG_WARN_INFINITE_RECURSION = YES;
				CLANG_WARN_INT_CONVERSION = YES;
				CLANG_WARN_NON_LITERAL_NULL_CONVERSION = YES;
				CLANG_WARN_OBJC_IMPLICIT_RETAIN_SELF = YES;
				CLANG_WARN_OBJC_LITERAL_CONVERSION = YES;
				CLANG_WARN_OBJC_ROOT_CLASS = YES_ERROR;
				CLANG_WARN_QUOTED_INCLUDE_IN_FRAMEWORK_HEADER = YES;
				CLANG_WARN_RANGE_LOOP_ANALYSIS = YES;
				CLANG_WARN_STRICT_PROTOTYPES = YES;
				CLANG_WARN_SUSPICIOUS_MOVE = YES;
				CLANG_WARN_UNGUARDED_AVAILABILITY = YES_AGGRESSIVE;
				CLANG_WARN_UNREACHABLE_CODE = YES;
				CLANG_WARN__DUPLICATE_METHOD_MATCH = YES;
				COPY_PHASE_STRIP = NO;
				CURRENT_PROJECT_VERSION = 1;
				DEBUG_INFORMATION_FORMAT = dwarf;
				ENABLE_STRICT_OBJC_MSGSEND = YES;
				ENABLE_TESTABILITY = YES;
				GCC_C_LANGUAGE_STANDARD = gnu11;
				GCC_DYNAMIC_NO_PIC = NO;
				GCC_NO_COMMON_BLOCKS = YES;
				GCC_OPTIMIZATION_LEVEL = 0;
				GCC_PREPROCESSOR_DEFINITIONS = (
					"DEBUG=1",
					"$(inherited)",
				);
				GCC_WARN_64_TO_32_BIT_CONVERSION = YES;
				GCC_WARN_ABOUT_RETURN_TYPE = YES_ERROR;
				GCC_WARN_UNDECLARED_SELECTOR = YES;
				GCC_WARN_UNINITIALIZED_AUTOS = YES_AGGRESSIVE;
				GCC_WARN_UNUSED_FUNCTION = YES;
				GCC_WARN_UNUSED_VARIABLE = YES;
				IPHONEOS_DEPLOYMENT_TARGET = 16.2;
				MTL_ENABLE_DEBUG_INFO = INCLUDE_SOURCE;
				MTL_FAST_MATH = YES;
				ONLY_ACTIVE_ARCH = YES;
				SDKROOT = iphoneos;
				SWIFT_ACTIVE_COMPILATION_CONDITIONS = DEBUG;
				SWIFT_OPTIMIZATION_LEVEL = "-Onone";
				VERSIONING_SYSTEM = "apple-generic";
				VERSION_INFO_PREFIX = "";
			};
			name = Debug;
		};
		C119218F29852A1400A550C7 /* Release */ = {
			isa = XCBuildConfiguration;
			buildSettings = {
				ALWAYS_SEARCH_USER_PATHS = NO;
				CLANG_ANALYZER_NONNULL = YES;
				CLANG_ANALYZER_NUMBER_OBJECT_CONVERSION = YES_AGGRESSIVE;
				CLANG_CXX_LANGUAGE_STANDARD = "gnu++20";
				CLANG_ENABLE_MODULES = YES;
				CLANG_ENABLE_OBJC_ARC = YES;
				CLANG_ENABLE_OBJC_WEAK = YES;
				CLANG_WARN_BLOCK_CAPTURE_AUTORELEASING = YES;
				CLANG_WARN_BOOL_CONVERSION = YES;
				CLANG_WARN_COMMA = YES;
				CLANG_WARN_CONSTANT_CONVERSION = YES;
				CLANG_WARN_DEPRECATED_OBJC_IMPLEMENTATIONS = YES;
				CLANG_WARN_DIRECT_OBJC_ISA_USAGE = YES_ERROR;
				CLANG_WARN_DOCUMENTATION_COMMENTS = YES;
				CLANG_WARN_EMPTY_BODY = YES;
				CLANG_WARN_ENUM_CONVERSION = YES;
				CLANG_WARN_INFINITE_RECURSION = YES;
				CLANG_WARN_INT_CONVERSION = YES;
				CLANG_WARN_NON_LITERAL_NULL_CONVERSION = YES;
				CLANG_WARN_OBJC_IMPLICIT_RETAIN_SELF = YES;
				CLANG_WARN_OBJC_LITERAL_CONVERSION = YES;
				CLANG_WARN_OBJC_ROOT_CLASS = YES_ERROR;
				CLANG_WARN_QUOTED_INCLUDE_IN_FRAMEWORK_HEADER = YES;
				CLANG_WARN_RANGE_LOOP_ANALYSIS = YES;
				CLANG_WARN_STRICT_PROTOTYPES = YES;
				CLANG_WARN_SUSPICIOUS_MOVE = YES;
				CLANG_WARN_UNGUARDED_AVAILABILITY = YES_AGGRESSIVE;
				CLANG_WARN_UNREACHABLE_CODE = YES;
				CLANG_WARN__DUPLICATE_METHOD_MATCH = YES;
				COPY_PHASE_STRIP = NO;
				CURRENT_PROJECT_VERSION = 1;
				DEBUG_INFORMATION_FORMAT = "dwarf-with-dsym";
				ENABLE_NS_ASSERTIONS = NO;
				ENABLE_STRICT_OBJC_MSGSEND = YES;
				GCC_C_LANGUAGE_STANDARD = gnu11;
				GCC_NO_COMMON_BLOCKS = YES;
				GCC_WARN_64_TO_32_BIT_CONVERSION = YES;
				GCC_WARN_ABOUT_RETURN_TYPE = YES_ERROR;
				GCC_WARN_UNDECLARED_SELECTOR = YES;
				GCC_WARN_UNINITIALIZED_AUTOS = YES_AGGRESSIVE;
				GCC_WARN_UNUSED_FUNCTION = YES;
				GCC_WARN_UNUSED_VARIABLE = YES;
				IPHONEOS_DEPLOYMENT_TARGET = 16.2;
				MTL_ENABLE_DEBUG_INFO = NO;
				MTL_FAST_MATH = YES;
				SDKROOT = iphoneos;
				SWIFT_COMPILATION_MODE = wholemodule;
				SWIFT_OPTIMIZATION_LEVEL = "-O";
				VALIDATE_PRODUCT = YES;
				VERSIONING_SYSTEM = "apple-generic";
				VERSION_INFO_PREFIX = "";
			};
			name = Release;
		};
		C119219129852A1400A550C7 /* Debug */ = {
			isa = XCBuildConfiguration;
			buildSettings = {
				BUILD_LIBRARY_FOR_DISTRIBUTION = YES;
				CODE_SIGN_STYLE = Automatic;
				CURRENT_PROJECT_VERSION = 1;
				DEFINES_MODULE = YES;
				DEVELOPMENT_TEAM = SP56HZ86QA;
				DYLIB_COMPATIBILITY_VERSION = 1;
				DYLIB_CURRENT_VERSION = 1;
				DYLIB_INSTALL_NAME_BASE = "@rpath";
				GENERATE_INFOPLIST_FILE = YES;
				INFOPLIST_KEY_NSHumanReadableCopyright = "";
				INSTALL_PATH = "$(LOCAL_LIBRARY_DIR)/Frameworks";
				IPHONEOS_DEPLOYMENT_TARGET = 15.0;
				LD_RUNPATH_SEARCH_PATHS = (
					"$(inherited)",
					"@executable_path/Frameworks",
					"@loader_path/Frameworks",
				);
				MARKETING_VERSION = 0.1.1;
				PRODUCT_BUNDLE_IDENTIFIER = com.etrusted.ios.trustylib;
				PRODUCT_NAME = "$(TARGET_NAME:c99extidentifier)";
				SKIP_INSTALL = YES;
				SUPPORTED_PLATFORMS = "iphoneos iphonesimulator";
				SUPPORTS_MACCATALYST = YES;
				SUPPORTS_MAC_DESIGNED_FOR_IPHONE_IPAD = YES;
				SWIFT_EMIT_LOC_STRINGS = YES;
				SWIFT_VERSION = 5.0;
				TARGETED_DEVICE_FAMILY = "1,2";
			};
			name = Debug;
		};
		C119219229852A1400A550C7 /* Release */ = {
			isa = XCBuildConfiguration;
			buildSettings = {
				BUILD_LIBRARY_FOR_DISTRIBUTION = YES;
				CODE_SIGN_STYLE = Automatic;
				CURRENT_PROJECT_VERSION = 1;
				DEFINES_MODULE = YES;
				DEVELOPMENT_TEAM = SP56HZ86QA;
				DYLIB_COMPATIBILITY_VERSION = 1;
				DYLIB_CURRENT_VERSION = 1;
				DYLIB_INSTALL_NAME_BASE = "@rpath";
				GENERATE_INFOPLIST_FILE = YES;
				INFOPLIST_KEY_NSHumanReadableCopyright = "";
				INSTALL_PATH = "$(LOCAL_LIBRARY_DIR)/Frameworks";
				IPHONEOS_DEPLOYMENT_TARGET = 15.0;
				LD_RUNPATH_SEARCH_PATHS = (
					"$(inherited)",
					"@executable_path/Frameworks",
					"@loader_path/Frameworks",
				);
				MARKETING_VERSION = 0.1.1;
				PRODUCT_BUNDLE_IDENTIFIER = com.etrusted.ios.trustylib;
				PRODUCT_NAME = "$(TARGET_NAME:c99extidentifier)";
				SKIP_INSTALL = YES;
				SUPPORTED_PLATFORMS = "iphoneos iphonesimulator";
				SUPPORTS_MACCATALYST = YES;
				SUPPORTS_MAC_DESIGNED_FOR_IPHONE_IPAD = YES;
				SWIFT_EMIT_LOC_STRINGS = YES;
				SWIFT_VERSION = 5.0;
				TARGETED_DEVICE_FAMILY = "1,2";
			};
			name = Release;
		};
		C119219429852A1400A550C7 /* Debug */ = {
			isa = XCBuildConfiguration;
			buildSettings = {
				ALWAYS_EMBED_SWIFT_STANDARD_LIBRARIES = YES;
				CODE_SIGN_STYLE = Automatic;
				CURRENT_PROJECT_VERSION = 1;
				DEVELOPMENT_TEAM = SP56HZ86QA;
				GENERATE_INFOPLIST_FILE = YES;
				MARKETING_VERSION = 1.0;
				PRODUCT_BUNDLE_IDENTIFIER = com.xparrow.iOS.TrustylibTests;
				PRODUCT_NAME = "$(TARGET_NAME)";
				SWIFT_EMIT_LOC_STRINGS = NO;
				SWIFT_VERSION = 5.0;
				TARGETED_DEVICE_FAMILY = "1,2";
			};
			name = Debug;
		};
		C119219529852A1400A550C7 /* Release */ = {
			isa = XCBuildConfiguration;
			buildSettings = {
				ALWAYS_EMBED_SWIFT_STANDARD_LIBRARIES = YES;
				CODE_SIGN_STYLE = Automatic;
				CURRENT_PROJECT_VERSION = 1;
				DEVELOPMENT_TEAM = SP56HZ86QA;
				GENERATE_INFOPLIST_FILE = YES;
				MARKETING_VERSION = 1.0;
				PRODUCT_BUNDLE_IDENTIFIER = com.xparrow.iOS.TrustylibTests;
				PRODUCT_NAME = "$(TARGET_NAME)";
				SWIFT_EMIT_LOC_STRINGS = NO;
				SWIFT_VERSION = 5.0;
				TARGETED_DEVICE_FAMILY = "1,2";
			};
			name = Release;
		};
/* End XCBuildConfiguration section */

/* Begin XCConfigurationList section */
		C119217629852A1300A550C7 /* Build configuration list for PBXProject "Trustylib" */ = {
			isa = XCConfigurationList;
			buildConfigurations = (
				C119218E29852A1400A550C7 /* Debug */,
				C119218F29852A1400A550C7 /* Release */,
			);
			defaultConfigurationIsVisible = 0;
			defaultConfigurationName = Release;
		};
		C119219029852A1400A550C7 /* Build configuration list for PBXNativeTarget "Trustylib" */ = {
			isa = XCConfigurationList;
			buildConfigurations = (
				C119219129852A1400A550C7 /* Debug */,
				C119219229852A1400A550C7 /* Release */,
			);
			defaultConfigurationIsVisible = 0;
			defaultConfigurationName = Release;
		};
		C119219329852A1400A550C7 /* Build configuration list for PBXNativeTarget "TrustylibTests" */ = {
			isa = XCConfigurationList;
			buildConfigurations = (
				C119219429852A1400A550C7 /* Debug */,
				C119219529852A1400A550C7 /* Release */,
			);
			defaultConfigurationIsVisible = 0;
			defaultConfigurationName = Release;
		};
/* End XCConfigurationList section */
	};
	rootObject = C119217329852A1300A550C7 /* Project object */;
}
