// !$*UTF8*$!
{
	archiveVersion = 1;
	classes = {
	};
	objectVersion = 55;
	objects = {

/* Begin PBXBuildFile section */
		C13B2ACB2919354F006B7DD3 /* ExampleApp.swift in Sources */ = {isa = PBXBuildFile; fileRef = C13B2ACA2919354F006B7DD3 /* ExampleApp.swift */; };
		C13B2ACD2919354F006B7DD3 /* HomeView.swift in Sources */ = {isa = PBXBuildFile; fileRef = C13B2ACC2919354F006B7DD3 /* HomeView.swift */; };
		C13B2ACF29193553006B7DD3 /* Assets.xcassets in Resources */ = {isa = PBXBuildFile; fileRef = C13B2ACE29193553006B7DD3 /* Assets.xcassets */; };
		C13B2AD229193553006B7DD3 /* Preview Assets.xcassets in Resources */ = {isa = PBXBuildFile; fileRef = C13B2AD129193553006B7DD3 /* Preview Assets.xcassets */; };
		C13B2ADC29193554006B7DD3 /* ExampleTests.swift in Sources */ = {isa = PBXBuildFile; fileRef = C13B2ADB29193554006B7DD3 /* ExampleTests.swift */; };
		C13B2AE629193554006B7DD3 /* ExampleUITests.swift in Sources */ = {isa = PBXBuildFile; fileRef = C13B2AE529193554006B7DD3 /* ExampleUITests.swift */; };
		C13B2AE829193554006B7DD3 /* ExampleUITestsLaunchTests.swift in Sources */ = {isa = PBXBuildFile; fileRef = C13B2AE729193554006B7DD3 /* ExampleUITestsLaunchTests.swift */; };
		C13B2B9B291CDF26006B7DD3 /* Trustbadge.framework in Frameworks */ = {isa = PBXBuildFile; fileRef = C13B2B9A291CDF1D006B7DD3 /* Trustbadge.framework */; };
		C13B2B9C291CDF26006B7DD3 /* Trustbadge.framework in Embed Frameworks */ = {isa = PBXBuildFile; fileRef = C13B2B9A291CDF1D006B7DD3 /* Trustbadge.framework */; settings = {ATTRIBUTES = (CodeSignOnCopy, RemoveHeadersOnCopy, ); }; };
		C19244AF2934F6D700F42ABC /* ProductCategory.swift in Sources */ = {isa = PBXBuildFile; fileRef = C19244AE2934F6D700F42ABC /* ProductCategory.swift */; };
		C19244B12935F31500F42ABC /* Product.swift in Sources */ = {isa = PBXBuildFile; fileRef = C19244B02935F31500F42ABC /* Product.swift */; };
		C19244B32935F38D00F42ABC /* Shop.swift in Sources */ = {isa = PBXBuildFile; fileRef = C19244B22935F38D00F42ABC /* Shop.swift */; };
		C19244B6293661EF00F42ABC /* StarRatingView.swift in Sources */ = {isa = PBXBuildFile; fileRef = C19244B5293661EF00F42ABC /* StarRatingView.swift */; };
		C19244B82936622600F42ABC /* StarView.swift in Sources */ = {isa = PBXBuildFile; fileRef = C19244B72936622600F42ABC /* StarView.swift */; };
		C19244BA2936641800F42ABC /* ProductDetailsView.swift in Sources */ = {isa = PBXBuildFile; fileRef = C19244B92936641800F42ABC /* ProductDetailsView.swift */; };
		C19244BC293726DA00F42ABC /* ShoppingCart.swift in Sources */ = {isa = PBXBuildFile; fileRef = C19244BB293726DA00F42ABC /* ShoppingCart.swift */; };
		C1ECD78C2930804800C33E7F /* TabBarView.swift in Sources */ = {isa = PBXBuildFile; fileRef = C1ECD78B2930804800C33E7F /* TabBarView.swift */; };
		C1ECD790293080F100C33E7F /* OverlayContainerContext.swift in Sources */ = {isa = PBXBuildFile; fileRef = C1ECD78F293080F100C33E7F /* OverlayContainerContext.swift */; };
		C1ECD7922930817E00C33E7F /* ProductsListView.swift in Sources */ = {isa = PBXBuildFile; fileRef = C1ECD7912930817E00C33E7F /* ProductsListView.swift */; };
		C1ECD794293081AA00C33E7F /* ProductCheckoutView.swift in Sources */ = {isa = PBXBuildFile; fileRef = C1ECD793293081AA00C33E7F /* ProductCheckoutView.swift */; };
		C1ECD796293081B700C33E7F /* UserProfileView.swift in Sources */ = {isa = PBXBuildFile; fileRef = C1ECD795293081B700C33E7F /* UserProfileView.swift */; };
		C1ECD7982930827B00C33E7F /* AppContext.swift in Sources */ = {isa = PBXBuildFile; fileRef = C1ECD7972930827B00C33E7F /* AppContext.swift */; };
		C1ECD79B2930934700C33E7F /* Color + TsColors.swift in Sources */ = {isa = PBXBuildFile; fileRef = C1ECD79A2930934700C33E7F /* Color + TsColors.swift */; };
/* End PBXBuildFile section */

/* Begin PBXContainerItemProxy section */
		C13B2AD829193554006B7DD3 /* PBXContainerItemProxy */ = {
			isa = PBXContainerItemProxy;
			containerPortal = C13B2ABF2919354F006B7DD3 /* Project object */;
			proxyType = 1;
			remoteGlobalIDString = C13B2AC62919354F006B7DD3;
			remoteInfo = Example;
		};
		C13B2AE229193554006B7DD3 /* PBXContainerItemProxy */ = {
			isa = PBXContainerItemProxy;
			containerPortal = C13B2ABF2919354F006B7DD3 /* Project object */;
			proxyType = 1;
			remoteGlobalIDString = C13B2AC62919354F006B7DD3;
			remoteInfo = Example;
		};
		C13B2B89291CDD9F006B7DD3 /* PBXContainerItemProxy */ = {
			isa = PBXContainerItemProxy;
			containerPortal = C13B2B84291CDD9E006B7DD3 /* Trustbadge.xcodeproj */;
			proxyType = 2;
			remoteGlobalIDString = C13B2AA4291932FC006B7DD3;
			remoteInfo = Trustbadge;
		};
		C13B2B8B291CDD9F006B7DD3 /* PBXContainerItemProxy */ = {
			isa = PBXContainerItemProxy;
			containerPortal = C13B2B84291CDD9E006B7DD3 /* Trustbadge.xcodeproj */;
			proxyType = 2;
			remoteGlobalIDString = C13B2AAE291932FC006B7DD3;
			remoteInfo = TrustbadgeTests;
		};
/* End PBXContainerItemProxy section */

/* Begin PBXCopyFilesBuildPhase section */
		C13B2B9D291CDF26006B7DD3 /* Embed Frameworks */ = {
			isa = PBXCopyFilesBuildPhase;
			buildActionMask = 2147483647;
			dstPath = "";
			dstSubfolderSpec = 10;
			files = (
				C13B2B9C291CDF26006B7DD3 /* Trustbadge.framework in Embed Frameworks */,
			);
			name = "Embed Frameworks";
			runOnlyForDeploymentPostprocessing = 0;
		};
/* End PBXCopyFilesBuildPhase section */

/* Begin PBXFileReference section */
		C13B2AC72919354F006B7DD3 /* Example.app */ = {isa = PBXFileReference; explicitFileType = wrapper.application; includeInIndex = 0; path = Example.app; sourceTree = BUILT_PRODUCTS_DIR; };
		C13B2ACA2919354F006B7DD3 /* ExampleApp.swift */ = {isa = PBXFileReference; lastKnownFileType = sourcecode.swift; path = ExampleApp.swift; sourceTree = "<group>"; };
		C13B2ACC2919354F006B7DD3 /* HomeView.swift */ = {isa = PBXFileReference; lastKnownFileType = sourcecode.swift; path = HomeView.swift; sourceTree = "<group>"; };
		C13B2ACE29193553006B7DD3 /* Assets.xcassets */ = {isa = PBXFileReference; lastKnownFileType = folder.assetcatalog; path = Assets.xcassets; sourceTree = "<group>"; };
		C13B2AD129193553006B7DD3 /* Preview Assets.xcassets */ = {isa = PBXFileReference; lastKnownFileType = folder.assetcatalog; path = "Preview Assets.xcassets"; sourceTree = "<group>"; };
		C13B2AD729193554006B7DD3 /* ExampleTests.xctest */ = {isa = PBXFileReference; explicitFileType = wrapper.cfbundle; includeInIndex = 0; path = ExampleTests.xctest; sourceTree = BUILT_PRODUCTS_DIR; };
		C13B2ADB29193554006B7DD3 /* ExampleTests.swift */ = {isa = PBXFileReference; lastKnownFileType = sourcecode.swift; path = ExampleTests.swift; sourceTree = "<group>"; };
		C13B2AE129193554006B7DD3 /* ExampleUITests.xctest */ = {isa = PBXFileReference; explicitFileType = wrapper.cfbundle; includeInIndex = 0; path = ExampleUITests.xctest; sourceTree = BUILT_PRODUCTS_DIR; };
		C13B2AE529193554006B7DD3 /* ExampleUITests.swift */ = {isa = PBXFileReference; lastKnownFileType = sourcecode.swift; path = ExampleUITests.swift; sourceTree = "<group>"; };
		C13B2AE729193554006B7DD3 /* ExampleUITestsLaunchTests.swift */ = {isa = PBXFileReference; lastKnownFileType = sourcecode.swift; path = ExampleUITestsLaunchTests.swift; sourceTree = "<group>"; };
		C13B2B21291B8BE1006B7DD3 /* Trustbadge.framework */ = {isa = PBXFileReference; lastKnownFileType = wrapper.framework; path = Trustbadge.framework; sourceTree = "<group>"; };
		C13B2B22291B8C64006B7DD3 /* Trustbadge.xcframework */ = {isa = PBXFileReference; lastKnownFileType = wrapper.xcframework; name = Trustbadge.xcframework; path = ../build/Trustbadge.xcframework; sourceTree = "<group>"; };
		C13B2B6E291CDAF9006B7DD3 /* Trustbadge.framework */ = {isa = PBXFileReference; lastKnownFileType = wrapper.framework; name = Trustbadge.framework; path = "../../../../../../../../../../../../../../Users/prempratapsingh/Library/Developer/Xcode/DerivedData/Trustbadge-dywienjnojeylsctkifnzqgljirv/Build/Products/Debug-iphoneos/Trustbadge.framework"; sourceTree = "<group>"; };
		C13B2B84291CDD9E006B7DD3 /* Trustbadge.xcodeproj */ = {isa = PBXFileReference; lastKnownFileType = "wrapper.pb-project"; name = Trustbadge.xcodeproj; path = ../../Trustbadge/Trustbadge.xcodeproj; sourceTree = "<group>"; };
		C13B2B8D291CDE02006B7DD3 /* Trustbadge.framework */ = {isa = PBXFileReference; lastKnownFileType = wrapper.framework; name = Trustbadge.framework; path = "../../../../../../../../../../../../../Users/prempratapsingh/Library/Developer/Xcode/DerivedData/Trustbadge-dywienjnojeylsctkifnzqgljirv/Build/Products/Release-iphoneos/Trustbadge.framework"; sourceTree = "<group>"; };
		C13B2B94291CDF16006B7DD3 /* Trustbadge.framework.dSYM */ = {isa = PBXFileReference; lastKnownFileType = wrapper.dsym; path = Trustbadge.framework.dSYM; sourceTree = "<group>"; };
		C13B2B95291CDF16006B7DD3 /* Trustbadge.framework */ = {isa = PBXFileReference; lastKnownFileType = wrapper.framework; path = Trustbadge.framework; sourceTree = "<group>"; };
		C13B2B99291CDF1D006B7DD3 /* Trustbadge.framework.dSYM */ = {isa = PBXFileReference; lastKnownFileType = wrapper.dsym; path = Trustbadge.framework.dSYM; sourceTree = "<group>"; };
		C13B2B9A291CDF1D006B7DD3 /* Trustbadge.framework */ = {isa = PBXFileReference; lastKnownFileType = wrapper.framework; path = Trustbadge.framework; sourceTree = "<group>"; };
		C19244AE2934F6D700F42ABC /* ProductCategory.swift */ = {isa = PBXFileReference; lastKnownFileType = sourcecode.swift; path = ProductCategory.swift; sourceTree = "<group>"; };
		C19244B02935F31500F42ABC /* Product.swift */ = {isa = PBXFileReference; lastKnownFileType = sourcecode.swift; path = Product.swift; sourceTree = "<group>"; };
		C19244B22935F38D00F42ABC /* Shop.swift */ = {isa = PBXFileReference; lastKnownFileType = sourcecode.swift; path = Shop.swift; sourceTree = "<group>"; };
		C19244B5293661EF00F42ABC /* StarRatingView.swift */ = {isa = PBXFileReference; lastKnownFileType = sourcecode.swift; path = StarRatingView.swift; sourceTree = "<group>"; };
		C19244B72936622600F42ABC /* StarView.swift */ = {isa = PBXFileReference; lastKnownFileType = sourcecode.swift; path = StarView.swift; sourceTree = "<group>"; };
		C19244B92936641800F42ABC /* ProductDetailsView.swift */ = {isa = PBXFileReference; lastKnownFileType = sourcecode.swift; path = ProductDetailsView.swift; sourceTree = "<group>"; };
		C19244BB293726DA00F42ABC /* ShoppingCart.swift */ = {isa = PBXFileReference; lastKnownFileType = sourcecode.swift; path = ShoppingCart.swift; sourceTree = "<group>"; };
		C1ECD78B2930804800C33E7F /* TabBarView.swift */ = {isa = PBXFileReference; lastKnownFileType = sourcecode.swift; path = TabBarView.swift; sourceTree = "<group>"; };
		C1ECD78F293080F100C33E7F /* OverlayContainerContext.swift */ = {isa = PBXFileReference; lastKnownFileType = sourcecode.swift; path = OverlayContainerContext.swift; sourceTree = "<group>"; };
		C1ECD7912930817E00C33E7F /* ProductsListView.swift */ = {isa = PBXFileReference; lastKnownFileType = sourcecode.swift; path = ProductsListView.swift; sourceTree = "<group>"; };
		C1ECD793293081AA00C33E7F /* ProductCheckoutView.swift */ = {isa = PBXFileReference; lastKnownFileType = sourcecode.swift; path = ProductCheckoutView.swift; sourceTree = "<group>"; };
		C1ECD795293081B700C33E7F /* UserProfileView.swift */ = {isa = PBXFileReference; lastKnownFileType = sourcecode.swift; path = UserProfileView.swift; sourceTree = "<group>"; };
		C1ECD7972930827B00C33E7F /* AppContext.swift */ = {isa = PBXFileReference; lastKnownFileType = sourcecode.swift; path = AppContext.swift; sourceTree = "<group>"; };
		C1ECD79A2930934700C33E7F /* Color + TsColors.swift */ = {isa = PBXFileReference; lastKnownFileType = sourcecode.swift; path = "Color + TsColors.swift"; sourceTree = "<group>"; };
/* End PBXFileReference section */

/* Begin PBXFrameworksBuildPhase section */
		C13B2AC42919354F006B7DD3 /* Frameworks */ = {
			isa = PBXFrameworksBuildPhase;
			buildActionMask = 2147483647;
			files = (
				C13B2B9B291CDF26006B7DD3 /* Trustbadge.framework in Frameworks */,
			);
			runOnlyForDeploymentPostprocessing = 0;
		};
		C13B2AD429193554006B7DD3 /* Frameworks */ = {
			isa = PBXFrameworksBuildPhase;
			buildActionMask = 2147483647;
			files = (
			);
			runOnlyForDeploymentPostprocessing = 0;
		};
		C13B2ADE29193554006B7DD3 /* Frameworks */ = {
			isa = PBXFrameworksBuildPhase;
			buildActionMask = 2147483647;
			files = (
			);
			runOnlyForDeploymentPostprocessing = 0;
		};
/* End PBXFrameworksBuildPhase section */

/* Begin PBXGroup section */
		C13B2ABE2919354F006B7DD3 = {
			isa = PBXGroup;
			children = (
				C13B2AC92919354F006B7DD3 /* Example */,
				C13B2ADA29193554006B7DD3 /* ExampleTests */,
				C13B2AE429193554006B7DD3 /* ExampleUITests */,
				C13B2AC82919354F006B7DD3 /* Products */,
				C13B2B1F291B8BE1006B7DD3 /* Frameworks */,
			);
			sourceTree = "<group>";
		};
		C13B2AC82919354F006B7DD3 /* Products */ = {
			isa = PBXGroup;
			children = (
				C13B2AC72919354F006B7DD3 /* Example.app */,
				C13B2AD729193554006B7DD3 /* ExampleTests.xctest */,
				C13B2AE129193554006B7DD3 /* ExampleUITests.xctest */,
			);
			name = Products;
			sourceTree = "<group>";
		};
		C13B2AC92919354F006B7DD3 /* Example */ = {
			isa = PBXGroup;
			children = (
				C13B2B84291CDD9E006B7DD3 /* Trustbadge.xcodeproj */,
				C13B2AF42919360C006B7DD3 /* Application */,
				C13B2AF52919361D006B7DD3 /* View */,
				C19244AD2934F6BB00F42ABC /* ViewModel */,
				C19244AA2934F6AB00F42ABC /* Model */,
			);
			path = Example;
			sourceTree = "<group>";
		};
		C13B2AD029193553006B7DD3 /* Preview Content */ = {
			isa = PBXGroup;
			children = (
				C13B2AD129193553006B7DD3 /* Preview Assets.xcassets */,
			);
			path = "Preview Content";
			sourceTree = "<group>";
		};
		C13B2ADA29193554006B7DD3 /* ExampleTests */ = {
			isa = PBXGroup;
			children = (
				C13B2ADB29193554006B7DD3 /* ExampleTests.swift */,
			);
			path = ExampleTests;
			sourceTree = "<group>";
		};
		C13B2AE429193554006B7DD3 /* ExampleUITests */ = {
			isa = PBXGroup;
			children = (
				C13B2AE529193554006B7DD3 /* ExampleUITests.swift */,
				C13B2AE729193554006B7DD3 /* ExampleUITestsLaunchTests.swift */,
			);
			path = ExampleUITests;
			sourceTree = "<group>";
		};
		C13B2AF42919360C006B7DD3 /* Application */ = {
			isa = PBXGroup;
			children = (
				C13B2ACA2919354F006B7DD3 /* ExampleApp.swift */,
				C1ECD78F293080F100C33E7F /* OverlayContainerContext.swift */,
				C1ECD7972930827B00C33E7F /* AppContext.swift */,
			);
			path = Application;
			sourceTree = "<group>";
		};
		C13B2AF52919361D006B7DD3 /* View */ = {
			isa = PBXGroup;
			children = (
				C19244B4293661DC00F42ABC /* Common */,
				C1ECD7992930932F00C33E7F /* Extensions */,
				C13B2AF629193646006B7DD3 /* Assets */,
				C1ECD78B2930804800C33E7F /* TabBarView.swift */,
				C13B2ACC2919354F006B7DD3 /* HomeView.swift */,
				C1ECD7912930817E00C33E7F /* ProductsListView.swift */,
				C19244B92936641800F42ABC /* ProductDetailsView.swift */,
				C1ECD793293081AA00C33E7F /* ProductCheckoutView.swift */,
				C1ECD795293081B700C33E7F /* UserProfileView.swift */,
			);
			path = View;
			sourceTree = "<group>";
		};
		C13B2AF629193646006B7DD3 /* Assets */ = {
			isa = PBXGroup;
			children = (
				C13B2AD029193553006B7DD3 /* Preview Content */,
				C13B2ACE29193553006B7DD3 /* Assets.xcassets */,
			);
			path = Assets;
			sourceTree = "<group>";
		};
		C13B2B1F291B8BE1006B7DD3 /* Frameworks */ = {
			isa = PBXGroup;
			children = (
				C13B2B93291CDF16006B7DD3 /* Release-iphonesimulator */,
				C13B2B98291CDF1D006B7DD3 /* Release-iphonesimulator */,
				C13B2B6E291CDAF9006B7DD3 /* Trustbadge.framework */,
				C13B2B8D291CDE02006B7DD3 /* Trustbadge.framework */,
				C13B2B22291B8C64006B7DD3 /* Trustbadge.xcframework */,
				C13B2B20291B8BE1006B7DD3 /* ios-arm64_x86_64-simulator */,
			);
			name = Frameworks;
			sourceTree = "<group>";
		};
		C13B2B20291B8BE1006B7DD3 /* ios-arm64_x86_64-simulator */ = {
			isa = PBXGroup;
			children = (
				C13B2B21291B8BE1006B7DD3 /* Trustbadge.framework */,
			);
			name = "ios-arm64_x86_64-simulator";
			path = "../build/Trustbadge.xcframework/ios-arm64_x86_64-simulator";
			sourceTree = "<group>";
		};
		C13B2B85291CDD9E006B7DD3 /* Products */ = {
			isa = PBXGroup;
			children = (
				C13B2B8A291CDD9F006B7DD3 /* Trustbadge.framework */,
				C13B2B8C291CDD9F006B7DD3 /* TrustbadgeTests.xctest */,
			);
			name = Products;
			sourceTree = "<group>";
		};
		C13B2B93291CDF16006B7DD3 /* Release-iphonesimulator */ = {
			isa = PBXGroup;
			children = (
				C13B2B94291CDF16006B7DD3 /* Trustbadge.framework.dSYM */,
				C13B2B95291CDF16006B7DD3 /* Trustbadge.framework */,
			);
			name = "Release-iphonesimulator";
			path = "../../../../../../../../../../../../../Users/prempratapsingh/Library/Developer/Xcode/DerivedData/Trustbadge-dywienjnojeylsctkifnzqgljirv/Build/Products/Release-iphonesimulator";
			sourceTree = "<group>";
		};
		C13B2B98291CDF1D006B7DD3 /* Release-iphonesimulator */ = {
			isa = PBXGroup;
			children = (
				C13B2B99291CDF1D006B7DD3 /* Trustbadge.framework.dSYM */,
				C13B2B9A291CDF1D006B7DD3 /* Trustbadge.framework */,
			);
			name = "Release-iphonesimulator";
			path = "../../../../../../../../../../../../../Users/prempratapsingh/Library/Developer/Xcode/DerivedData/Trustbadge-dywienjnojeylsctkifnzqgljirv/Build/Products/Release-iphonesimulator";
			sourceTree = "<group>";
		};
		C19244AA2934F6AB00F42ABC /* Model */ = {
			isa = PBXGroup;
			children = (
				C19244AE2934F6D700F42ABC /* ProductCategory.swift */,
				C19244B02935F31500F42ABC /* Product.swift */,
				C19244B22935F38D00F42ABC /* Shop.swift */,
				C19244BB293726DA00F42ABC /* ShoppingCart.swift */,
			);
			path = Model;
			sourceTree = "<group>";
		};
		C19244AD2934F6BB00F42ABC /* ViewModel */ = {
			isa = PBXGroup;
			children = (
			);
			path = ViewModel;
			sourceTree = "<group>";
		};
		C19244B4293661DC00F42ABC /* Common */ = {
			isa = PBXGroup;
			children = (
				C19244B5293661EF00F42ABC /* StarRatingView.swift */,
				C19244B72936622600F42ABC /* StarView.swift */,
			);
			path = Common;
			sourceTree = "<group>";
		};
		C1ECD7992930932F00C33E7F /* Extensions */ = {
			isa = PBXGroup;
			children = (
				C1ECD79A2930934700C33E7F /* Color + TsColors.swift */,
			);
			path = Extensions;
			sourceTree = "<group>";
		};
/* End PBXGroup section */

/* Begin PBXNativeTarget section */
		C13B2AC62919354F006B7DD3 /* Example */ = {
			isa = PBXNativeTarget;
			buildConfigurationList = C13B2AEB29193554006B7DD3 /* Build configuration list for PBXNativeTarget "Example" */;
			buildPhases = (
				C13B2AC32919354F006B7DD3 /* Sources */,
				C13B2AC42919354F006B7DD3 /* Frameworks */,
				C13B2AC52919354F006B7DD3 /* Resources */,
				C13B2B9D291CDF26006B7DD3 /* Embed Frameworks */,
			);
			buildRules = (
			);
			dependencies = (
			);
			name = Example;
			productName = Example;
			productReference = C13B2AC72919354F006B7DD3 /* Example.app */;
			productType = "com.apple.product-type.application";
		};
		C13B2AD629193554006B7DD3 /* ExampleTests */ = {
			isa = PBXNativeTarget;
			buildConfigurationList = C13B2AEE29193554006B7DD3 /* Build configuration list for PBXNativeTarget "ExampleTests" */;
			buildPhases = (
				C13B2AD329193554006B7DD3 /* Sources */,
				C13B2AD429193554006B7DD3 /* Frameworks */,
				C13B2AD529193554006B7DD3 /* Resources */,
			);
			buildRules = (
			);
			dependencies = (
				C13B2AD929193554006B7DD3 /* PBXTargetDependency */,
			);
			name = ExampleTests;
			productName = ExampleTests;
			productReference = C13B2AD729193554006B7DD3 /* ExampleTests.xctest */;
			productType = "com.apple.product-type.bundle.unit-test";
		};
		C13B2AE029193554006B7DD3 /* ExampleUITests */ = {
			isa = PBXNativeTarget;
			buildConfigurationList = C13B2AF129193554006B7DD3 /* Build configuration list for PBXNativeTarget "ExampleUITests" */;
			buildPhases = (
				C13B2ADD29193554006B7DD3 /* Sources */,
				C13B2ADE29193554006B7DD3 /* Frameworks */,
				C13B2ADF29193554006B7DD3 /* Resources */,
			);
			buildRules = (
			);
			dependencies = (
				C13B2AE329193554006B7DD3 /* PBXTargetDependency */,
			);
			name = ExampleUITests;
			productName = ExampleUITests;
			productReference = C13B2AE129193554006B7DD3 /* ExampleUITests.xctest */;
			productType = "com.apple.product-type.bundle.ui-testing";
		};
/* End PBXNativeTarget section */

/* Begin PBXProject section */
		C13B2ABF2919354F006B7DD3 /* Project object */ = {
			isa = PBXProject;
			attributes = {
				BuildIndependentTargetsInParallel = 1;
				LastSwiftUpdateCheck = 1340;
				LastUpgradeCheck = 1340;
				TargetAttributes = {
					C13B2AC62919354F006B7DD3 = {
						CreatedOnToolsVersion = 13.4;
					};
					C13B2AD629193554006B7DD3 = {
						CreatedOnToolsVersion = 13.4;
						TestTargetID = C13B2AC62919354F006B7DD3;
					};
					C13B2AE029193554006B7DD3 = {
						CreatedOnToolsVersion = 13.4;
						TestTargetID = C13B2AC62919354F006B7DD3;
					};
				};
			};
			buildConfigurationList = C13B2AC22919354F006B7DD3 /* Build configuration list for PBXProject "Example" */;
			compatibilityVersion = "Xcode 13.0";
			developmentRegion = en;
			hasScannedForEncodings = 0;
			knownRegions = (
				en,
				Base,
			);
			mainGroup = C13B2ABE2919354F006B7DD3;
			productRefGroup = C13B2AC82919354F006B7DD3 /* Products */;
			projectDirPath = "";
			projectReferences = (
				{
					ProductGroup = C13B2B85291CDD9E006B7DD3 /* Products */;
					ProjectRef = C13B2B84291CDD9E006B7DD3 /* Trustbadge.xcodeproj */;
				},
			);
			projectRoot = "";
			targets = (
				C13B2AC62919354F006B7DD3 /* Example */,
				C13B2AD629193554006B7DD3 /* ExampleTests */,
				C13B2AE029193554006B7DD3 /* ExampleUITests */,
			);
		};
/* End PBXProject section */

/* Begin PBXReferenceProxy section */
		C13B2B8A291CDD9F006B7DD3 /* Trustbadge.framework */ = {
			isa = PBXReferenceProxy;
			fileType = wrapper.framework;
			path = Trustbadge.framework;
			remoteRef = C13B2B89291CDD9F006B7DD3 /* PBXContainerItemProxy */;
			sourceTree = BUILT_PRODUCTS_DIR;
		};
		C13B2B8C291CDD9F006B7DD3 /* TrustbadgeTests.xctest */ = {
			isa = PBXReferenceProxy;
			fileType = wrapper.cfbundle;
			path = TrustbadgeTests.xctest;
			remoteRef = C13B2B8B291CDD9F006B7DD3 /* PBXContainerItemProxy */;
			sourceTree = BUILT_PRODUCTS_DIR;
		};
/* End PBXReferenceProxy section */

/* Begin PBXResourcesBuildPhase section */
		C13B2AC52919354F006B7DD3 /* Resources */ = {
			isa = PBXResourcesBuildPhase;
			buildActionMask = 2147483647;
			files = (
				C13B2AD229193553006B7DD3 /* Preview Assets.xcassets in Resources */,
				C13B2ACF29193553006B7DD3 /* Assets.xcassets in Resources */,
			);
			runOnlyForDeploymentPostprocessing = 0;
		};
		C13B2AD529193554006B7DD3 /* Resources */ = {
			isa = PBXResourcesBuildPhase;
			buildActionMask = 2147483647;
			files = (
			);
			runOnlyForDeploymentPostprocessing = 0;
		};
		C13B2ADF29193554006B7DD3 /* Resources */ = {
			isa = PBXResourcesBuildPhase;
			buildActionMask = 2147483647;
			files = (
			);
			runOnlyForDeploymentPostprocessing = 0;
		};
/* End PBXResourcesBuildPhase section */

/* Begin PBXSourcesBuildPhase section */
		C13B2AC32919354F006B7DD3 /* Sources */ = {
			isa = PBXSourcesBuildPhase;
			buildActionMask = 2147483647;
			files = (
				C1ECD796293081B700C33E7F /* UserProfileView.swift in Sources */,
				C1ECD7982930827B00C33E7F /* AppContext.swift in Sources */,
				C13B2ACD2919354F006B7DD3 /* HomeView.swift in Sources */,
				C19244B32935F38D00F42ABC /* Shop.swift in Sources */,
				C1ECD78C2930804800C33E7F /* TabBarView.swift in Sources */,
				C19244B6293661EF00F42ABC /* StarRatingView.swift in Sources */,
				C1ECD79B2930934700C33E7F /* Color + TsColors.swift in Sources */,
				C19244B12935F31500F42ABC /* Product.swift in Sources */,
				C19244AF2934F6D700F42ABC /* ProductCategory.swift in Sources */,
				C1ECD790293080F100C33E7F /* OverlayContainerContext.swift in Sources */,
				C13B2ACB2919354F006B7DD3 /* ExampleApp.swift in Sources */,
				C1ECD794293081AA00C33E7F /* ProductCheckoutView.swift in Sources */,
				C19244B82936622600F42ABC /* StarView.swift in Sources */,
				C1ECD7922930817E00C33E7F /* ProductsListView.swift in Sources */,
				C19244BA2936641800F42ABC /* ProductDetailsView.swift in Sources */,
				C19244BC293726DA00F42ABC /* ShoppingCart.swift in Sources */,
			);
			runOnlyForDeploymentPostprocessing = 0;
		};
		C13B2AD329193554006B7DD3 /* Sources */ = {
			isa = PBXSourcesBuildPhase;
			buildActionMask = 2147483647;
			files = (
				C13B2ADC29193554006B7DD3 /* ExampleTests.swift in Sources */,
			);
			runOnlyForDeploymentPostprocessing = 0;
		};
		C13B2ADD29193554006B7DD3 /* Sources */ = {
			isa = PBXSourcesBuildPhase;
			buildActionMask = 2147483647;
			files = (
				C13B2AE629193554006B7DD3 /* ExampleUITests.swift in Sources */,
				C13B2AE829193554006B7DD3 /* ExampleUITestsLaunchTests.swift in Sources */,
			);
			runOnlyForDeploymentPostprocessing = 0;
		};
/* End PBXSourcesBuildPhase section */

/* Begin PBXTargetDependency section */
		C13B2AD929193554006B7DD3 /* PBXTargetDependency */ = {
			isa = PBXTargetDependency;
			target = C13B2AC62919354F006B7DD3 /* Example */;
			targetProxy = C13B2AD829193554006B7DD3 /* PBXContainerItemProxy */;
		};
		C13B2AE329193554006B7DD3 /* PBXTargetDependency */ = {
			isa = PBXTargetDependency;
			target = C13B2AC62919354F006B7DD3 /* Example */;
			targetProxy = C13B2AE229193554006B7DD3 /* PBXContainerItemProxy */;
		};
/* End PBXTargetDependency section */

/* Begin XCBuildConfiguration section */
		C13B2AE929193554006B7DD3 /* Debug */ = {
			isa = XCBuildConfiguration;
			buildSettings = {
				ALWAYS_SEARCH_USER_PATHS = NO;
				CLANG_ANALYZER_NONNULL = YES;
				CLANG_ANALYZER_NUMBER_OBJECT_CONVERSION = YES_AGGRESSIVE;
				CLANG_CXX_LANGUAGE_STANDARD = "gnu++17";
				CLANG_ENABLE_MODULES = YES;
				CLANG_ENABLE_OBJC_ARC = YES;
				CLANG_ENABLE_OBJC_WEAK = YES;
				CLANG_WARN_BLOCK_CAPTURE_AUTORELEASING = YES;
				CLANG_WARN_BOOL_CONVERSION = YES;
				CLANG_WARN_COMMA = YES;
				CLANG_WARN_CONSTANT_CONVERSION = YES;
				CLANG_WARN_DEPRECATED_OBJC_IMPLEMENTATIONS = YES;
				CLANG_WARN_DIRECT_OBJC_ISA_USAGE = YES_ERROR;
				CLANG_WARN_DOCUMENTATION_COMMENTS = YES;
				CLANG_WARN_EMPTY_BODY = YES;
				CLANG_WARN_ENUM_CONVERSION = YES;
				CLANG_WARN_INFINITE_RECURSION = YES;
				CLANG_WARN_INT_CONVERSION = YES;
				CLANG_WARN_NON_LITERAL_NULL_CONVERSION = YES;
				CLANG_WARN_OBJC_IMPLICIT_RETAIN_SELF = YES;
				CLANG_WARN_OBJC_LITERAL_CONVERSION = YES;
				CLANG_WARN_OBJC_ROOT_CLASS = YES_ERROR;
				CLANG_WARN_QUOTED_INCLUDE_IN_FRAMEWORK_HEADER = YES;
				CLANG_WARN_RANGE_LOOP_ANALYSIS = YES;
				CLANG_WARN_STRICT_PROTOTYPES = YES;
				CLANG_WARN_SUSPICIOUS_MOVE = YES;
				CLANG_WARN_UNGUARDED_AVAILABILITY = YES_AGGRESSIVE;
				CLANG_WARN_UNREACHABLE_CODE = YES;
				CLANG_WARN__DUPLICATE_METHOD_MATCH = YES;
				COPY_PHASE_STRIP = NO;
				DEBUG_INFORMATION_FORMAT = dwarf;
				ENABLE_STRICT_OBJC_MSGSEND = YES;
				ENABLE_TESTABILITY = YES;
				GCC_C_LANGUAGE_STANDARD = gnu11;
				GCC_DYNAMIC_NO_PIC = NO;
				GCC_NO_COMMON_BLOCKS = YES;
				GCC_OPTIMIZATION_LEVEL = 0;
				GCC_PREPROCESSOR_DEFINITIONS = (
					"DEBUG=1",
					"$(inherited)",
				);
				GCC_WARN_64_TO_32_BIT_CONVERSION = YES;
				GCC_WARN_ABOUT_RETURN_TYPE = YES_ERROR;
				GCC_WARN_UNDECLARED_SELECTOR = YES;
				GCC_WARN_UNINITIALIZED_AUTOS = YES_AGGRESSIVE;
				GCC_WARN_UNUSED_FUNCTION = YES;
				GCC_WARN_UNUSED_VARIABLE = YES;
				IPHONEOS_DEPLOYMENT_TARGET = 15.5;
				MTL_ENABLE_DEBUG_INFO = INCLUDE_SOURCE;
				MTL_FAST_MATH = YES;
				ONLY_ACTIVE_ARCH = YES;
				SDKROOT = iphoneos;
				SWIFT_ACTIVE_COMPILATION_CONDITIONS = DEBUG;
				SWIFT_OPTIMIZATION_LEVEL = "-Onone";
			};
			name = Debug;
		};
		C13B2AEA29193554006B7DD3 /* Release */ = {
			isa = XCBuildConfiguration;
			buildSettings = {
				ALWAYS_SEARCH_USER_PATHS = NO;
				CLANG_ANALYZER_NONNULL = YES;
				CLANG_ANALYZER_NUMBER_OBJECT_CONVERSION = YES_AGGRESSIVE;
				CLANG_CXX_LANGUAGE_STANDARD = "gnu++17";
				CLANG_ENABLE_MODULES = YES;
				CLANG_ENABLE_OBJC_ARC = YES;
				CLANG_ENABLE_OBJC_WEAK = YES;
				CLANG_WARN_BLOCK_CAPTURE_AUTORELEASING = YES;
				CLANG_WARN_BOOL_CONVERSION = YES;
				CLANG_WARN_COMMA = YES;
				CLANG_WARN_CONSTANT_CONVERSION = YES;
				CLANG_WARN_DEPRECATED_OBJC_IMPLEMENTATIONS = YES;
				CLANG_WARN_DIRECT_OBJC_ISA_USAGE = YES_ERROR;
				CLANG_WARN_DOCUMENTATION_COMMENTS = YES;
				CLANG_WARN_EMPTY_BODY = YES;
				CLANG_WARN_ENUM_CONVERSION = YES;
				CLANG_WARN_INFINITE_RECURSION = YES;
				CLANG_WARN_INT_CONVERSION = YES;
				CLANG_WARN_NON_LITERAL_NULL_CONVERSION = YES;
				CLANG_WARN_OBJC_IMPLICIT_RETAIN_SELF = YES;
				CLANG_WARN_OBJC_LITERAL_CONVERSION = YES;
				CLANG_WARN_OBJC_ROOT_CLASS = YES_ERROR;
				CLANG_WARN_QUOTED_INCLUDE_IN_FRAMEWORK_HEADER = YES;
				CLANG_WARN_RANGE_LOOP_ANALYSIS = YES;
				CLANG_WARN_STRICT_PROTOTYPES = YES;
				CLANG_WARN_SUSPICIOUS_MOVE = YES;
				CLANG_WARN_UNGUARDED_AVAILABILITY = YES_AGGRESSIVE;
				CLANG_WARN_UNREACHABLE_CODE = YES;
				CLANG_WARN__DUPLICATE_METHOD_MATCH = YES;
				COPY_PHASE_STRIP = NO;
				DEBUG_INFORMATION_FORMAT = "dwarf-with-dsym";
				ENABLE_NS_ASSERTIONS = NO;
				ENABLE_STRICT_OBJC_MSGSEND = YES;
				GCC_C_LANGUAGE_STANDARD = gnu11;
				GCC_NO_COMMON_BLOCKS = YES;
				GCC_WARN_64_TO_32_BIT_CONVERSION = YES;
				GCC_WARN_ABOUT_RETURN_TYPE = YES_ERROR;
				GCC_WARN_UNDECLARED_SELECTOR = YES;
				GCC_WARN_UNINITIALIZED_AUTOS = YES_AGGRESSIVE;
				GCC_WARN_UNUSED_FUNCTION = YES;
				GCC_WARN_UNUSED_VARIABLE = YES;
				IPHONEOS_DEPLOYMENT_TARGET = 15.5;
				MTL_ENABLE_DEBUG_INFO = NO;
				MTL_FAST_MATH = YES;
				SDKROOT = iphoneos;
				SWIFT_COMPILATION_MODE = wholemodule;
				SWIFT_OPTIMIZATION_LEVEL = "-O";
				VALIDATE_PRODUCT = YES;
			};
			name = Release;
		};
		C13B2AEC29193554006B7DD3 /* Debug */ = {
			isa = XCBuildConfiguration;
			buildSettings = {
				ASSETCATALOG_COMPILER_APPICON_NAME = AppIcon;
				ASSETCATALOG_COMPILER_GLOBAL_ACCENT_COLOR_NAME = AccentColor;
				CODE_SIGN_STYLE = Automatic;
				CURRENT_PROJECT_VERSION = 1;
				DEVELOPMENT_ASSET_PATHS = "Example/View/Assets/Preview\\ Content";
				DEVELOPMENT_TEAM = SP56HZ86QA;
				ENABLE_PREVIEWS = YES;
				GENERATE_INFOPLIST_FILE = YES;
				INFOPLIST_KEY_UIApplicationSceneManifest_Generation = YES;
				INFOPLIST_KEY_UIApplicationSupportsIndirectInputEvents = YES;
				INFOPLIST_KEY_UILaunchScreen_Generation = YES;
				INFOPLIST_KEY_UISupportedInterfaceOrientations = UIInterfaceOrientationPortrait;
				INFOPLIST_KEY_UISupportedInterfaceOrientations_iPad = "UIInterfaceOrientationPortrait UIInterfaceOrientationPortraitUpsideDown UIInterfaceOrientationLandscapeLeft UIInterfaceOrientationLandscapeRight";
				INFOPLIST_KEY_UISupportedInterfaceOrientations_iPhone = "UIInterfaceOrientationPortrait UIInterfaceOrientationLandscapeLeft UIInterfaceOrientationLandscapeRight";
				LD_RUNPATH_SEARCH_PATHS = (
					"$(inherited)",
					"@executable_path/Frameworks",
				);
				MARKETING_VERSION = 0.1.0;
				PRODUCT_BUNDLE_IDENTIFIER = com.etrusted.ios.trustbadge.example;
				PRODUCT_NAME = "$(TARGET_NAME)";
				SWIFT_EMIT_LOC_STRINGS = YES;
				SWIFT_VERSION = 5.0;
				TARGETED_DEVICE_FAMILY = 1;
			};
			name = Debug;
		};
		C13B2AED29193554006B7DD3 /* Release */ = {
			isa = XCBuildConfiguration;
			buildSettings = {
				ASSETCATALOG_COMPILER_APPICON_NAME = AppIcon;
				ASSETCATALOG_COMPILER_GLOBAL_ACCENT_COLOR_NAME = AccentColor;
				CODE_SIGN_STYLE = Automatic;
				CURRENT_PROJECT_VERSION = 1;
				DEVELOPMENT_ASSET_PATHS = "Example/View/Assets/Preview\\ Content";
				DEVELOPMENT_TEAM = SP56HZ86QA;
				ENABLE_PREVIEWS = YES;
				GENERATE_INFOPLIST_FILE = YES;
				INFOPLIST_KEY_UIApplicationSceneManifest_Generation = YES;
				INFOPLIST_KEY_UIApplicationSupportsIndirectInputEvents = YES;
				INFOPLIST_KEY_UILaunchScreen_Generation = YES;
				INFOPLIST_KEY_UISupportedInterfaceOrientations = UIInterfaceOrientationPortrait;
				INFOPLIST_KEY_UISupportedInterfaceOrientations_iPad = "UIInterfaceOrientationPortrait UIInterfaceOrientationPortraitUpsideDown UIInterfaceOrientationLandscapeLeft UIInterfaceOrientationLandscapeRight";
				INFOPLIST_KEY_UISupportedInterfaceOrientations_iPhone = "UIInterfaceOrientationPortrait UIInterfaceOrientationLandscapeLeft UIInterfaceOrientationLandscapeRight";
				LD_RUNPATH_SEARCH_PATHS = (
					"$(inherited)",
					"@executable_path/Frameworks",
				);
				MARKETING_VERSION = 0.1.0;
				PRODUCT_BUNDLE_IDENTIFIER = com.etrusted.ios.trustbadge.example;
				PRODUCT_NAME = "$(TARGET_NAME)";
				SWIFT_EMIT_LOC_STRINGS = YES;
				SWIFT_VERSION = 5.0;
				TARGETED_DEVICE_FAMILY = 1;
			};
			name = Release;
		};
		C13B2AEF29193554006B7DD3 /* Debug */ = {
			isa = XCBuildConfiguration;
			buildSettings = {
				ALWAYS_EMBED_SWIFT_STANDARD_LIBRARIES = YES;
				BUNDLE_LOADER = "$(TEST_HOST)";
				CODE_SIGN_STYLE = Automatic;
				CURRENT_PROJECT_VERSION = 1;
				DEVELOPMENT_TEAM = SP56HZ86QA;
				GENERATE_INFOPLIST_FILE = YES;
				IPHONEOS_DEPLOYMENT_TARGET = 15.5;
				MARKETING_VERSION = 1.0;
				PRODUCT_BUNDLE_IDENTIFIER = com.etrusted.ios.trustbadge.example.ExampleTests;
				PRODUCT_NAME = "$(TARGET_NAME)";
				SWIFT_EMIT_LOC_STRINGS = NO;
				SWIFT_VERSION = 5.0;
				TARGETED_DEVICE_FAMILY = "1,2";
				TEST_HOST = "$(BUILT_PRODUCTS_DIR)/Example.app/Example";
			};
			name = Debug;
		};
		C13B2AF029193554006B7DD3 /* Release */ = {
			isa = XCBuildConfiguration;
			buildSettings = {
				ALWAYS_EMBED_SWIFT_STANDARD_LIBRARIES = YES;
				BUNDLE_LOADER = "$(TEST_HOST)";
				CODE_SIGN_STYLE = Automatic;
				CURRENT_PROJECT_VERSION = 1;
				DEVELOPMENT_TEAM = SP56HZ86QA;
				GENERATE_INFOPLIST_FILE = YES;
				IPHONEOS_DEPLOYMENT_TARGET = 15.5;
				MARKETING_VERSION = 1.0;
				PRODUCT_BUNDLE_IDENTIFIER = com.etrusted.ios.trustbadge.example.ExampleTests;
				PRODUCT_NAME = "$(TARGET_NAME)";
				SWIFT_EMIT_LOC_STRINGS = NO;
				SWIFT_VERSION = 5.0;
				TARGETED_DEVICE_FAMILY = "1,2";
				TEST_HOST = "$(BUILT_PRODUCTS_DIR)/Example.app/Example";
			};
			name = Release;
		};
		C13B2AF229193554006B7DD3 /* Debug */ = {
			isa = XCBuildConfiguration;
			buildSettings = {
				ALWAYS_EMBED_SWIFT_STANDARD_LIBRARIES = YES;
				CODE_SIGN_STYLE = Automatic;
				CURRENT_PROJECT_VERSION = 1;
				DEVELOPMENT_TEAM = SP56HZ86QA;
				GENERATE_INFOPLIST_FILE = YES;
				MARKETING_VERSION = 1.0;
				PRODUCT_BUNDLE_IDENTIFIER = com.etrusted.ios.trustbadge.example.ExampleUITests;
				PRODUCT_NAME = "$(TARGET_NAME)";
				SWIFT_EMIT_LOC_STRINGS = NO;
				SWIFT_VERSION = 5.0;
				TARGETED_DEVICE_FAMILY = "1,2";
				TEST_TARGET_NAME = Example;
			};
			name = Debug;
		};
		C13B2AF329193554006B7DD3 /* Release */ = {
			isa = XCBuildConfiguration;
			buildSettings = {
				ALWAYS_EMBED_SWIFT_STANDARD_LIBRARIES = YES;
				CODE_SIGN_STYLE = Automatic;
				CURRENT_PROJECT_VERSION = 1;
				DEVELOPMENT_TEAM = SP56HZ86QA;
				GENERATE_INFOPLIST_FILE = YES;
				MARKETING_VERSION = 1.0;
				PRODUCT_BUNDLE_IDENTIFIER = com.etrusted.ios.trustbadge.example.ExampleUITests;
				PRODUCT_NAME = "$(TARGET_NAME)";
				SWIFT_EMIT_LOC_STRINGS = NO;
				SWIFT_VERSION = 5.0;
				TARGETED_DEVICE_FAMILY = "1,2";
				TEST_TARGET_NAME = Example;
			};
			name = Release;
		};
/* End XCBuildConfiguration section */

/* Begin XCConfigurationList section */
		C13B2AC22919354F006B7DD3 /* Build configuration list for PBXProject "Example" */ = {
			isa = XCConfigurationList;
			buildConfigurations = (
				C13B2AE929193554006B7DD3 /* Debug */,
				C13B2AEA29193554006B7DD3 /* Release */,
			);
			defaultConfigurationIsVisible = 0;
			defaultConfigurationName = Release;
		};
		C13B2AEB29193554006B7DD3 /* Build configuration list for PBXNativeTarget "Example" */ = {
			isa = XCConfigurationList;
			buildConfigurations = (
				C13B2AEC29193554006B7DD3 /* Debug */,
				C13B2AED29193554006B7DD3 /* Release */,
			);
			defaultConfigurationIsVisible = 0;
			defaultConfigurationName = Release;
		};
		C13B2AEE29193554006B7DD3 /* Build configuration list for PBXNativeTarget "ExampleTests" */ = {
			isa = XCConfigurationList;
			buildConfigurations = (
				C13B2AEF29193554006B7DD3 /* Debug */,
				C13B2AF029193554006B7DD3 /* Release */,
			);
			defaultConfigurationIsVisible = 0;
			defaultConfigurationName = Release;
		};
		C13B2AF129193554006B7DD3 /* Build configuration list for PBXNativeTarget "ExampleUITests" */ = {
			isa = XCConfigurationList;
			buildConfigurations = (
				C13B2AF229193554006B7DD3 /* Debug */,
				C13B2AF329193554006B7DD3 /* Release */,
			);
			defaultConfigurationIsVisible = 0;
			defaultConfigurationName = Release;
		};
/* End XCConfigurationList section */
	};
	rootObject = C13B2ABF2919354F006B7DD3 /* Project object */;
}
