// !$*UTF8*$!
{
	archiveVersion = 1;
	classes = {
	};
	objectVersion = 56;
	objects = {

/* Begin PBXBuildFile section */
		C119218729852A1400A550C7 /* Trustylib.framework in Frameworks */ = {isa = PBXBuildFile; fileRef = C119217C29852A1400A550C7 /* Trustylib.framework */; };
		C11CE84829881DA8000D6083 /* Trustbadge.swift in Sources */ = {isa = PBXBuildFile; fileRef = C11CE80429881DA8000D6083 /* Trustbadge.swift */; };
		C11CE84929881DA8000D6083 /* trustmarkIconInvalidCertificate.png in Resources */ = {isa = PBXBuildFile; fileRef = C11CE80729881DA8000D6083 /* trustmarkIconInvalidCertificate.png */; };
		C11CE84A29881DA8000D6083 /* shopGradeIcon.png in Resources */ = {isa = PBXBuildFile; fileRef = C11CE80829881DA8000D6083 /* shopGradeIcon.png */; };
		C11CE84B29881DA8000D6083 /* trustmarkIcon.png in Resources */ = {isa = PBXBuildFile; fileRef = C11CE80929881DA8000D6083 /* trustmarkIcon.png */; };
		C11CE84E29881DA8000D6083 /* ResourceExtension.swift in Sources */ = {isa = PBXBuildFile; fileRef = C11CE80D29881DA8000D6083 /* ResourceExtension.swift */; };
		C11CE84F29881DA8000D6083 /* fontawesome.ttf in Resources */ = {isa = PBXBuildFile; fileRef = C11CE80F29881DA8000D6083 /* fontawesome.ttf */; };
		C11CE85129881DA8000D6083 /* ShopAggregateRatingsModel.swift in Sources */ = {isa = PBXBuildFile; fileRef = C11CE81229881DA8000D6083 /* ShopAggregateRatingsModel.swift */; };
		C11CE85229881DA8000D6083 /* AuthenticationTokenModel.swift in Sources */ = {isa = PBXBuildFile; fileRef = C11CE81329881DA8000D6083 /* AuthenticationTokenModel.swift */; };
		C11CE85329881DA8000D6083 /* TrustbadgeState.swift in Sources */ = {isa = PBXBuildFile; fileRef = C11CE81429881DA8000D6083 /* TrustbadgeState.swift */; };
		C11CE85429881DA8000D6083 /* TrustbadgeContext.swift in Sources */ = {isa = PBXBuildFile; fileRef = C11CE81529881DA8000D6083 /* TrustbadgeContext.swift */; };
		C11CE85529881DA8000D6083 /* TrustmarkDetailsModel.swift in Sources */ = {isa = PBXBuildFile; fileRef = C11CE81629881DA8000D6083 /* TrustmarkDetailsModel.swift */; };
		C11CE85629881DA8000D6083 /* Date + Formatting.swift in Sources */ = {isa = PBXBuildFile; fileRef = C11CE81829881DA8000D6083 /* Date + Formatting.swift */; };
		C11CE85829881DA8000D6083 /* TSLogger.swift in Sources */ = {isa = PBXBuildFile; fileRef = C11CE81C29881DA8000D6083 /* TSLogger.swift */; };
		C11CE85929881DA8000D6083 /* TSConsoleLogger.swift in Sources */ = {isa = PBXBuildFile; fileRef = C11CE81D29881DA8000D6083 /* TSConsoleLogger.swift */; };
		C11CE85A29881DA8000D6083 /* TSLogSeverity.swift in Sources */ = {isa = PBXBuildFile; fileRef = C11CE81E29881DA8000D6083 /* TSLogSeverity.swift */; };
		C11CE85B29881DA8000D6083 /* TypeAliases.swift in Sources */ = {isa = PBXBuildFile; fileRef = C11CE82029881DA8000D6083 /* TypeAliases.swift */; };
		C11CE85C29881DA8000D6083 /* TrustbadgeError.swift in Sources */ = {isa = PBXBuildFile; fileRef = C11CE82229881DA8000D6083 /* TrustbadgeError.swift */; };
		C11CE85D29881DA8000D6083 /* TrustbadgeViewAlignment.swift in Sources */ = {isa = PBXBuildFile; fileRef = C11CE82429881DA8000D6083 /* TrustbadgeViewAlignment.swift */; };
		C11CE85E29881DA8000D6083 /* TrustbadgeViewWrapper.swift in Sources */ = {isa = PBXBuildFile; fileRef = C11CE82529881DA8000D6083 /* TrustbadgeViewWrapper.swift */; };
		C11CE85F29881DA8000D6083 /* Color + TsColors.swift in Sources */ = {isa = PBXBuildFile; fileRef = C11CE82729881DA8000D6083 /* Color + TsColors.swift */; };
		C11CE86029881DA8000D6083 /* StarView.swift in Sources */ = {isa = PBXBuildFile; fileRef = C11CE82929881DA8000D6083 /* StarView.swift */; };
		C11CE86229881DA8000D6083 /* StarRatingView.swift in Sources */ = {isa = PBXBuildFile; fileRef = C11CE82B29881DA8000D6083 /* StarRatingView.swift */; };
		C11CE86329881DA8000D6083 /* TrustbadgeView.swift in Sources */ = {isa = PBXBuildFile; fileRef = C11CE82C29881DA8000D6083 /* TrustbadgeView.swift */; };
		C11CE86729881DA8000D6083 /* ShopGradeView.swift in Sources */ = {isa = PBXBuildFile; fileRef = C11CE83129881DA8000D6083 /* ShopGradeView.swift */; };
		C11CE86829881DA8000D6083 /* TrustbadgeConfigurationService.swift in Sources */ = {isa = PBXBuildFile; fileRef = C11CE83329881DA8000D6083 /* TrustbadgeConfigurationService.swift */; };
		C11CE86929881DA8000D6083 /* TrustmarkDataService.swift in Sources */ = {isa = PBXBuildFile; fileRef = C11CE83429881DA8000D6083 /* TrustmarkDataService.swift */; };
		C11CE86A29881DA8000D6083 /* TSAuthenticationService.swift in Sources */ = {isa = PBXBuildFile; fileRef = C11CE83529881DA8000D6083 /* TSAuthenticationService.swift */; };
		C11CE86B29881DA8000D6083 /* ShopGradeDataService.swift in Sources */ = {isa = PBXBuildFile; fileRef = C11CE83629881DA8000D6083 /* ShopGradeDataService.swift */; };
		C11CE86C29881DA8000D6083 /* TSNetworkServiceMethod.swift in Sources */ = {isa = PBXBuildFile; fileRef = C11CE83829881DA8000D6083 /* TSNetworkServiceMethod.swift */; };
		C11CE86D29881DA8000D6083 /* TSNetworkServiceHeaderField.swift in Sources */ = {isa = PBXBuildFile; fileRef = C11CE83929881DA8000D6083 /* TSNetworkServiceHeaderField.swift */; };
		C11CE86E29881DA8000D6083 /* TSNetworkServiceRequest.swift in Sources */ = {isa = PBXBuildFile; fileRef = C11CE83A29881DA8000D6083 /* TSNetworkServiceRequest.swift */; };
		C11CE86F29881DA8000D6083 /* TSNetworkServiceBodyField.swift in Sources */ = {isa = PBXBuildFile; fileRef = C11CE83B29881DA8000D6083 /* TSNetworkServiceBodyField.swift */; };
		C11CE87029881DA8000D6083 /* TSNetworkServiceResponseConfiguration.swift in Sources */ = {isa = PBXBuildFile; fileRef = C11CE83C29881DA8000D6083 /* TSNetworkServiceResponseConfiguration.swift */; };
		C11CE87129881DA8000D6083 /* TSNetworkServiceError.swift in Sources */ = {isa = PBXBuildFile; fileRef = C11CE83D29881DA8000D6083 /* TSNetworkServiceError.swift */; };
		C11CE87229881DA8000D6083 /* TSNetworkDataService.swift in Sources */ = {isa = PBXBuildFile; fileRef = C11CE83E29881DA8000D6083 /* TSNetworkDataService.swift */; };
		C11CE87329881DA8000D6083 /* TSBackendServiceURL.swift in Sources */ = {isa = PBXBuildFile; fileRef = C11CE83F29881DA8000D6083 /* TSBackendServiceURL.swift */; };
		C11CE87429881DA8000D6083 /* Localizable.strings in Resources */ = {isa = PBXBuildFile; fileRef = C11CE84129881DA8000D6083 /* Localizable.strings */; };
		C11CE87629881E1A000D6083 /* Trustylib.h in Headers */ = {isa = PBXBuildFile; fileRef = C11CE87529881E1A000D6083 /* Trustylib.h */; };
		C11CE8972988B6A0000D6083 /* TrustbadgeResources.swift in Sources */ = {isa = PBXBuildFile; fileRef = C11CE8962988B6A0000D6083 /* TrustbadgeResources.swift */; };
		C132413D299B57B600C36A11 /* TrustbadgeConfigurationTests.swift in Sources */ = {isa = PBXBuildFile; fileRef = C132413C299B57B600C36A11 /* TrustbadgeConfigurationTests.swift */; };
		C1324140299B60AB00C36A11 /* TrustbadgeConfiguration.plist in Resources */ = {isa = PBXBuildFile; fileRef = C132413F299B60AB00C36A11 /* TrustbadgeConfiguration.plist */; };
		C163FBED29ACA3810090548F /* TrustbadgeViewModel.swift in Sources */ = {isa = PBXBuildFile; fileRef = C163FBEC29ACA3810090548F /* TrustbadgeViewModel.swift */; };
		C163FBEF29AD02F30090548F /* ShopGradeViewModel.swift in Sources */ = {isa = PBXBuildFile; fileRef = C163FBEE29AD02F30090548F /* ShopGradeViewModel.swift */; };
		C170E34829ADE5C300CC55B4 /* TrustbadgeViewModelTests.swift in Sources */ = {isa = PBXBuildFile; fileRef = C170E34729ADE5C300CC55B4 /* TrustbadgeViewModelTests.swift */; };
		C1B99E5229AE0A9B00F80599 /* ShopGradeViewModelTests.swift in Sources */ = {isa = PBXBuildFile; fileRef = C1B99E5129AE0A9B00F80599 /* ShopGradeViewModelTests.swift */; };
		C1B99E5429AE102B00F80599 /* TrustbadgeTests.swift in Sources */ = {isa = PBXBuildFile; fileRef = C1B99E5329AE102B00F80599 /* TrustbadgeTests.swift */; };
		C1B99E5629AE282900F80599 /* TrustbadgeViewTests.swift in Sources */ = {isa = PBXBuildFile; fileRef = C1B99E5529AE282900F80599 /* TrustbadgeViewTests.swift */; };
		C1B99E5829AE306400F80599 /* ShopGradeViewTests.swift in Sources */ = {isa = PBXBuildFile; fileRef = C1B99E5729AE306400F80599 /* ShopGradeViewTests.swift */; };
		C1B99E5A29AE345500F80599 /* CustomComponentsTests.swift in Sources */ = {isa = PBXBuildFile; fileRef = C1B99E5929AE345500F80599 /* CustomComponentsTests.swift */; };
		C1B99E5C29AE3F1A00F80599 /* TrustbadgeViewWrapperTests.swift in Sources */ = {isa = PBXBuildFile; fileRef = C1B99E5B29AE3F1A00F80599 /* TrustbadgeViewWrapperTests.swift */; };
		C1B99E7629AF2C1800F80599 /* TSErrorTypeTests.swift in Sources */ = {isa = PBXBuildFile; fileRef = C1B99E7529AF2C1800F80599 /* TSErrorTypeTests.swift */; };
		C1C33E98299B7DFD00676059 /* ClientAuthenticationTests.swift in Sources */ = {isa = PBXBuildFile; fileRef = C1C33E97299B7DFD00676059 /* ClientAuthenticationTests.swift */; };
		C1C33E9A299B8DA800676059 /* TrustmarkDataServiceTests.swift in Sources */ = {isa = PBXBuildFile; fileRef = C1C33E99299B8DA800676059 /* TrustmarkDataServiceTests.swift */; };
		C1C33E9C299B950E00676059 /* ShopGradeDataServiceTests.swift in Sources */ = {isa = PBXBuildFile; fileRef = C1C33E9B299B950E00676059 /* ShopGradeDataServiceTests.swift */; };
		C1C33E9E299BE11D00676059 /* authentication_service_response.json in Resources */ = {isa = PBXBuildFile; fileRef = C1C33E9D299BE11C00676059 /* authentication_service_response.json */; };
		C1C33EA0299BE15700676059 /* AuthenticationTokenModelTests.swift in Sources */ = {isa = PBXBuildFile; fileRef = C1C33E9F299BE15700676059 /* AuthenticationTokenModelTests.swift */; };
		C1C33EA3299BE5A800676059 /* FileDataLoader.swift in Sources */ = {isa = PBXBuildFile; fileRef = C1C33EA2299BE5A800676059 /* FileDataLoader.swift */; };
		C1C33EA5299CAD0C00676059 /* aggregate_rating_service_response.json in Resources */ = {isa = PBXBuildFile; fileRef = C1C33EA4299CAD0B00676059 /* aggregate_rating_service_response.json */; };
		C1C33EA7299CAD7000676059 /* AggregateRatingsModelTests.swift in Sources */ = {isa = PBXBuildFile; fileRef = C1C33EA6299CAD7000676059 /* AggregateRatingsModelTests.swift */; };
		C1C33EA9299CB1C000676059 /* TrustmarkDetailsModelTests.swift in Sources */ = {isa = PBXBuildFile; fileRef = C1C33EA8299CB1C000676059 /* TrustmarkDetailsModelTests.swift */; };
		C1C33EAD299CB55700676059 /* trustmark_details_service_response.json in Resources */ = {isa = PBXBuildFile; fileRef = C1C33EAC299CB55700676059 /* trustmark_details_service_response.json */; };
/* End PBXBuildFile section */

/* Begin PBXContainerItemProxy section */
		C119218829852A1400A550C7 /* PBXContainerItemProxy */ = {
			isa = PBXContainerItemProxy;
			containerPortal = C119217329852A1300A550C7 /* Project object */;
			proxyType = 1;
			remoteGlobalIDString = C119217B29852A1400A550C7;
			remoteInfo = Trustylib;
		};
/* End PBXContainerItemProxy section */

/* Begin PBXFileReference section */
		C119217C29852A1400A550C7 /* Trustylib.framework */ = {isa = PBXFileReference; explicitFileType = wrapper.framework; includeInIndex = 0; path = Trustylib.framework; sourceTree = BUILT_PRODUCTS_DIR; };
		C119218629852A1400A550C7 /* TrustylibTests.xctest */ = {isa = PBXFileReference; explicitFileType = wrapper.cfbundle; includeInIndex = 0; path = TrustylibTests.xctest; sourceTree = BUILT_PRODUCTS_DIR; };
		C11CE80429881DA8000D6083 /* Trustbadge.swift */ = {isa = PBXFileReference; fileEncoding = 4; lastKnownFileType = sourcecode.swift; path = Trustbadge.swift; sourceTree = "<group>"; };
		C11CE80729881DA8000D6083 /* trustmarkIconInvalidCertificate.png */ = {isa = PBXFileReference; lastKnownFileType = image.png; path = trustmarkIconInvalidCertificate.png; sourceTree = "<group>"; };
		C11CE80829881DA8000D6083 /* shopGradeIcon.png */ = {isa = PBXFileReference; lastKnownFileType = image.png; path = shopGradeIcon.png; sourceTree = "<group>"; };
		C11CE80929881DA8000D6083 /* trustmarkIcon.png */ = {isa = PBXFileReference; lastKnownFileType = image.png; path = trustmarkIcon.png; sourceTree = "<group>"; };
		C11CE80D29881DA8000D6083 /* ResourceExtension.swift */ = {isa = PBXFileReference; fileEncoding = 4; lastKnownFileType = sourcecode.swift; path = ResourceExtension.swift; sourceTree = "<group>"; };
		C11CE80F29881DA8000D6083 /* fontawesome.ttf */ = {isa = PBXFileReference; lastKnownFileType = file; path = fontawesome.ttf; sourceTree = "<group>"; };
		C11CE81229881DA8000D6083 /* ShopAggregateRatingsModel.swift */ = {isa = PBXFileReference; fileEncoding = 4; lastKnownFileType = sourcecode.swift; path = ShopAggregateRatingsModel.swift; sourceTree = "<group>"; };
		C11CE81329881DA8000D6083 /* AuthenticationTokenModel.swift */ = {isa = PBXFileReference; fileEncoding = 4; lastKnownFileType = sourcecode.swift; path = AuthenticationTokenModel.swift; sourceTree = "<group>"; };
		C11CE81429881DA8000D6083 /* TrustbadgeState.swift */ = {isa = PBXFileReference; fileEncoding = 4; lastKnownFileType = sourcecode.swift; path = TrustbadgeState.swift; sourceTree = "<group>"; };
		C11CE81529881DA8000D6083 /* TrustbadgeContext.swift */ = {isa = PBXFileReference; fileEncoding = 4; lastKnownFileType = sourcecode.swift; path = TrustbadgeContext.swift; sourceTree = "<group>"; };
		C11CE81629881DA8000D6083 /* TrustmarkDetailsModel.swift */ = {isa = PBXFileReference; fileEncoding = 4; lastKnownFileType = sourcecode.swift; path = TrustmarkDetailsModel.swift; sourceTree = "<group>"; };
		C11CE81829881DA8000D6083 /* Date + Formatting.swift */ = {isa = PBXFileReference; fileEncoding = 4; lastKnownFileType = sourcecode.swift; path = "Date + Formatting.swift"; sourceTree = "<group>"; };
		C11CE81C29881DA8000D6083 /* TSLogger.swift */ = {isa = PBXFileReference; fileEncoding = 4; lastKnownFileType = sourcecode.swift; path = TSLogger.swift; sourceTree = "<group>"; };
		C11CE81D29881DA8000D6083 /* TSConsoleLogger.swift */ = {isa = PBXFileReference; fileEncoding = 4; lastKnownFileType = sourcecode.swift; path = TSConsoleLogger.swift; sourceTree = "<group>"; };
		C11CE81E29881DA8000D6083 /* TSLogSeverity.swift */ = {isa = PBXFileReference; fileEncoding = 4; lastKnownFileType = sourcecode.swift; path = TSLogSeverity.swift; sourceTree = "<group>"; };
		C11CE82029881DA8000D6083 /* TypeAliases.swift */ = {isa = PBXFileReference; fileEncoding = 4; lastKnownFileType = sourcecode.swift; path = TypeAliases.swift; sourceTree = "<group>"; };
		C11CE82229881DA8000D6083 /* TrustbadgeError.swift */ = {isa = PBXFileReference; fileEncoding = 4; lastKnownFileType = sourcecode.swift; path = TrustbadgeError.swift; sourceTree = "<group>"; };
		C11CE82429881DA8000D6083 /* TrustbadgeViewAlignment.swift */ = {isa = PBXFileReference; fileEncoding = 4; lastKnownFileType = sourcecode.swift; path = TrustbadgeViewAlignment.swift; sourceTree = "<group>"; };
		C11CE82529881DA8000D6083 /* TrustbadgeViewWrapper.swift */ = {isa = PBXFileReference; fileEncoding = 4; lastKnownFileType = sourcecode.swift; path = TrustbadgeViewWrapper.swift; sourceTree = "<group>"; };
		C11CE82729881DA8000D6083 /* Color + TsColors.swift */ = {isa = PBXFileReference; fileEncoding = 4; lastKnownFileType = sourcecode.swift; path = "Color + TsColors.swift"; sourceTree = "<group>"; };
		C11CE82929881DA8000D6083 /* StarView.swift */ = {isa = PBXFileReference; fileEncoding = 4; lastKnownFileType = sourcecode.swift; path = StarView.swift; sourceTree = "<group>"; };
		C11CE82B29881DA8000D6083 /* StarRatingView.swift */ = {isa = PBXFileReference; fileEncoding = 4; lastKnownFileType = sourcecode.swift; path = StarRatingView.swift; sourceTree = "<group>"; };
		C11CE82C29881DA8000D6083 /* TrustbadgeView.swift */ = {isa = PBXFileReference; fileEncoding = 4; lastKnownFileType = sourcecode.swift; path = TrustbadgeView.swift; sourceTree = "<group>"; };
		C11CE83129881DA8000D6083 /* ShopGradeView.swift */ = {isa = PBXFileReference; fileEncoding = 4; lastKnownFileType = sourcecode.swift; path = ShopGradeView.swift; sourceTree = "<group>"; };
		C11CE83329881DA8000D6083 /* TrustbadgeConfigurationService.swift */ = {isa = PBXFileReference; fileEncoding = 4; lastKnownFileType = sourcecode.swift; path = TrustbadgeConfigurationService.swift; sourceTree = "<group>"; };
		C11CE83429881DA8000D6083 /* TrustmarkDataService.swift */ = {isa = PBXFileReference; fileEncoding = 4; lastKnownFileType = sourcecode.swift; path = TrustmarkDataService.swift; sourceTree = "<group>"; };
		C11CE83529881DA8000D6083 /* TSAuthenticationService.swift */ = {isa = PBXFileReference; fileEncoding = 4; lastKnownFileType = sourcecode.swift; path = TSAuthenticationService.swift; sourceTree = "<group>"; };
		C11CE83629881DA8000D6083 /* ShopGradeDataService.swift */ = {isa = PBXFileReference; fileEncoding = 4; lastKnownFileType = sourcecode.swift; path = ShopGradeDataService.swift; sourceTree = "<group>"; };
		C11CE83829881DA8000D6083 /* TSNetworkServiceMethod.swift */ = {isa = PBXFileReference; fileEncoding = 4; lastKnownFileType = sourcecode.swift; path = TSNetworkServiceMethod.swift; sourceTree = "<group>"; };
		C11CE83929881DA8000D6083 /* TSNetworkServiceHeaderField.swift */ = {isa = PBXFileReference; fileEncoding = 4; lastKnownFileType = sourcecode.swift; path = TSNetworkServiceHeaderField.swift; sourceTree = "<group>"; };
		C11CE83A29881DA8000D6083 /* TSNetworkServiceRequest.swift */ = {isa = PBXFileReference; fileEncoding = 4; lastKnownFileType = sourcecode.swift; path = TSNetworkServiceRequest.swift; sourceTree = "<group>"; };
		C11CE83B29881DA8000D6083 /* TSNetworkServiceBodyField.swift */ = {isa = PBXFileReference; fileEncoding = 4; lastKnownFileType = sourcecode.swift; path = TSNetworkServiceBodyField.swift; sourceTree = "<group>"; };
		C11CE83C29881DA8000D6083 /* TSNetworkServiceResponseConfiguration.swift */ = {isa = PBXFileReference; fileEncoding = 4; lastKnownFileType = sourcecode.swift; path = TSNetworkServiceResponseConfiguration.swift; sourceTree = "<group>"; };
		C11CE83D29881DA8000D6083 /* TSNetworkServiceError.swift */ = {isa = PBXFileReference; fileEncoding = 4; lastKnownFileType = sourcecode.swift; path = TSNetworkServiceError.swift; sourceTree = "<group>"; };
		C11CE83E29881DA8000D6083 /* TSNetworkDataService.swift */ = {isa = PBXFileReference; fileEncoding = 4; lastKnownFileType = sourcecode.swift; path = TSNetworkDataService.swift; sourceTree = "<group>"; };
		C11CE83F29881DA8000D6083 /* TSBackendServiceURL.swift */ = {isa = PBXFileReference; fileEncoding = 4; lastKnownFileType = sourcecode.swift; path = TSBackendServiceURL.swift; sourceTree = "<group>"; };
		C11CE84329881DA8000D6083 /* en */ = {isa = PBXFileReference; lastKnownFileType = text.plist.strings; name = en; path = en.lproj/Localizable.strings; sourceTree = "<group>"; };
		C11CE87529881E1A000D6083 /* Trustylib.h */ = {isa = PBXFileReference; fileEncoding = 4; lastKnownFileType = sourcecode.c.h; path = Trustylib.h; sourceTree = "<group>"; };
		C11CE8962988B6A0000D6083 /* TrustbadgeResources.swift */ = {isa = PBXFileReference; lastKnownFileType = sourcecode.swift; path = TrustbadgeResources.swift; sourceTree = "<group>"; };
		C132413C299B57B600C36A11 /* TrustbadgeConfigurationTests.swift */ = {isa = PBXFileReference; lastKnownFileType = sourcecode.swift; path = TrustbadgeConfigurationTests.swift; sourceTree = "<group>"; };
		C132413F299B60AB00C36A11 /* TrustbadgeConfiguration.plist */ = {isa = PBXFileReference; fileEncoding = 4; lastKnownFileType = text.plist.xml; path = TrustbadgeConfiguration.plist; sourceTree = "<group>"; };
		C163FBEC29ACA3810090548F /* TrustbadgeViewModel.swift */ = {isa = PBXFileReference; lastKnownFileType = sourcecode.swift; path = TrustbadgeViewModel.swift; sourceTree = "<group>"; };
		C163FBEE29AD02F30090548F /* ShopGradeViewModel.swift */ = {isa = PBXFileReference; lastKnownFileType = sourcecode.swift; path = ShopGradeViewModel.swift; sourceTree = "<group>"; };
		C170E34729ADE5C300CC55B4 /* TrustbadgeViewModelTests.swift */ = {isa = PBXFileReference; lastKnownFileType = sourcecode.swift; path = TrustbadgeViewModelTests.swift; sourceTree = "<group>"; };
		C1B99E5129AE0A9B00F80599 /* ShopGradeViewModelTests.swift */ = {isa = PBXFileReference; lastKnownFileType = sourcecode.swift; path = ShopGradeViewModelTests.swift; sourceTree = "<group>"; };
		C1B99E5329AE102B00F80599 /* TrustbadgeTests.swift */ = {isa = PBXFileReference; lastKnownFileType = sourcecode.swift; path = TrustbadgeTests.swift; sourceTree = "<group>"; };
		C1B99E5529AE282900F80599 /* TrustbadgeViewTests.swift */ = {isa = PBXFileReference; lastKnownFileType = sourcecode.swift; path = TrustbadgeViewTests.swift; sourceTree = "<group>"; };
		C1B99E5729AE306400F80599 /* ShopGradeViewTests.swift */ = {isa = PBXFileReference; lastKnownFileType = sourcecode.swift; path = ShopGradeViewTests.swift; sourceTree = "<group>"; };
		C1B99E5929AE345500F80599 /* CustomComponentsTests.swift */ = {isa = PBXFileReference; lastKnownFileType = sourcecode.swift; path = CustomComponentsTests.swift; sourceTree = "<group>"; };
		C1B99E5B29AE3F1A00F80599 /* TrustbadgeViewWrapperTests.swift */ = {isa = PBXFileReference; lastKnownFileType = sourcecode.swift; path = TrustbadgeViewWrapperTests.swift; sourceTree = "<group>"; };
		C1B99E7529AF2C1800F80599 /* TSErrorTypeTests.swift */ = {isa = PBXFileReference; lastKnownFileType = sourcecode.swift; path = TSErrorTypeTests.swift; sourceTree = "<group>"; };
		C1C33E97299B7DFD00676059 /* ClientAuthenticationTests.swift */ = {isa = PBXFileReference; lastKnownFileType = sourcecode.swift; path = ClientAuthenticationTests.swift; sourceTree = "<group>"; };
		C1C33E99299B8DA800676059 /* TrustmarkDataServiceTests.swift */ = {isa = PBXFileReference; lastKnownFileType = sourcecode.swift; path = TrustmarkDataServiceTests.swift; sourceTree = "<group>"; };
		C1C33E9B299B950E00676059 /* ShopGradeDataServiceTests.swift */ = {isa = PBXFileReference; lastKnownFileType = sourcecode.swift; path = ShopGradeDataServiceTests.swift; sourceTree = "<group>"; };
		C1C33E9D299BE11C00676059 /* authentication_service_response.json */ = {isa = PBXFileReference; fileEncoding = 4; lastKnownFileType = text.json; path = authentication_service_response.json; sourceTree = "<group>"; };
		C1C33E9F299BE15700676059 /* AuthenticationTokenModelTests.swift */ = {isa = PBXFileReference; lastKnownFileType = sourcecode.swift; path = AuthenticationTokenModelTests.swift; sourceTree = "<group>"; };
		C1C33EA2299BE5A800676059 /* FileDataLoader.swift */ = {isa = PBXFileReference; lastKnownFileType = sourcecode.swift; path = FileDataLoader.swift; sourceTree = "<group>"; };
		C1C33EA4299CAD0B00676059 /* aggregate_rating_service_response.json */ = {isa = PBXFileReference; fileEncoding = 4; lastKnownFileType = text.json; path = aggregate_rating_service_response.json; sourceTree = "<group>"; };
		C1C33EA6299CAD7000676059 /* AggregateRatingsModelTests.swift */ = {isa = PBXFileReference; lastKnownFileType = sourcecode.swift; path = AggregateRatingsModelTests.swift; sourceTree = "<group>"; };
		C1C33EA8299CB1C000676059 /* TrustmarkDetailsModelTests.swift */ = {isa = PBXFileReference; lastKnownFileType = sourcecode.swift; path = TrustmarkDetailsModelTests.swift; sourceTree = "<group>"; };
		C1C33EAC299CB55700676059 /* trustmark_details_service_response.json */ = {isa = PBXFileReference; fileEncoding = 4; lastKnownFileType = text.json; path = trustmark_details_service_response.json; sourceTree = "<group>"; };
/* End PBXFileReference section */

/* Begin PBXFrameworksBuildPhase section */
		C119217929852A1400A550C7 /* Frameworks */ = {
			isa = PBXFrameworksBuildPhase;
			buildActionMask = 2147483647;
			files = (
			);
			runOnlyForDeploymentPostprocessing = 0;
		};
		C119218329852A1400A550C7 /* Frameworks */ = {
			isa = PBXFrameworksBuildPhase;
			buildActionMask = 2147483647;
			files = (
				C119218729852A1400A550C7 /* Trustylib.framework in Frameworks */,
			);
			runOnlyForDeploymentPostprocessing = 0;
		};
/* End PBXFrameworksBuildPhase section */

/* Begin PBXGroup section */
		C119217229852A1300A550C7 = {
			isa = PBXGroup;
			children = (
				C11CE80229881DA8000D6083 /* Sources */,
				C1324137299B572800C36A11 /* Tests */,
				C119217D29852A1400A550C7 /* Products */,
			);
			sourceTree = "<group>";
		};
		C119217D29852A1400A550C7 /* Products */ = {
			isa = PBXGroup;
			children = (
				C119217C29852A1400A550C7 /* Trustylib.framework */,
				C119218629852A1400A550C7 /* TrustylibTests.xctest */,
			);
			name = Products;
			sourceTree = "<group>";
		};
		C11CE80229881DA8000D6083 /* Sources */ = {
			isa = PBXGroup;
			children = (
				C11CE80329881DA8000D6083 /* Trustylib */,
			);
			path = Sources;
			sourceTree = "<group>";
		};
		C11CE80329881DA8000D6083 /* Trustylib */ = {
			isa = PBXGroup;
			children = (
				C11CE80429881DA8000D6083 /* Trustbadge.swift */,
				C11CE87529881E1A000D6083 /* Trustylib.h */,
				C11CE80529881DA8000D6083 /* Resources */,
				C11CE81029881DA8000D6083 /* Models */,
				C11CE81729881DA8000D6083 /* Extensions */,
				C11CE81A29881DA8000D6083 /* Utilities */,
				C11CE81F29881DA8000D6083 /* Common */,
				C11CE82129881DA8000D6083 /* Errors */,
				C11CE82329881DA8000D6083 /* Views */,
				C163FBEB29ACA3680090548F /* ViewModels */,
				C11CE83229881DA8000D6083 /* Services */,
				C11CE84029881DA8000D6083 /* Localization */,
			);
			path = Trustylib;
			sourceTree = "<group>";
		};
		C11CE80529881DA8000D6083 /* Resources */ = {
			isa = PBXGroup;
			children = (
				C11CE80629881DA8000D6083 /* Images */,
				C11CE80E29881DA8000D6083 /* Fonts */,
				C11CE80D29881DA8000D6083 /* ResourceExtension.swift */,
				C11CE8962988B6A0000D6083 /* TrustbadgeResources.swift */,
			);
			path = Resources;
			sourceTree = "<group>";
		};
		C11CE80629881DA8000D6083 /* Images */ = {
			isa = PBXGroup;
			children = (
				C11CE80729881DA8000D6083 /* trustmarkIconInvalidCertificate.png */,
				C11CE80829881DA8000D6083 /* shopGradeIcon.png */,
				C11CE80929881DA8000D6083 /* trustmarkIcon.png */,
			);
			path = Images;
			sourceTree = "<group>";
		};
		C11CE80E29881DA8000D6083 /* Fonts */ = {
			isa = PBXGroup;
			children = (
				C11CE80F29881DA8000D6083 /* fontawesome.ttf */,
			);
			path = Fonts;
			sourceTree = "<group>";
		};
		C11CE81029881DA8000D6083 /* Models */ = {
			isa = PBXGroup;
			children = (
				C11CE81229881DA8000D6083 /* ShopAggregateRatingsModel.swift */,
				C11CE81329881DA8000D6083 /* AuthenticationTokenModel.swift */,
				C11CE81429881DA8000D6083 /* TrustbadgeState.swift */,
				C11CE81529881DA8000D6083 /* TrustbadgeContext.swift */,
				C11CE81629881DA8000D6083 /* TrustmarkDetailsModel.swift */,
			);
			path = Models;
			sourceTree = "<group>";
		};
		C11CE81729881DA8000D6083 /* Extensions */ = {
			isa = PBXGroup;
			children = (
				C11CE81829881DA8000D6083 /* Date + Formatting.swift */,
			);
			path = Extensions;
			sourceTree = "<group>";
		};
		C11CE81A29881DA8000D6083 /* Utilities */ = {
			isa = PBXGroup;
			children = (
				C11CE81B29881DA8000D6083 /* Logger */,
			);
			path = Utilities;
			sourceTree = "<group>";
		};
		C11CE81B29881DA8000D6083 /* Logger */ = {
			isa = PBXGroup;
			children = (
				C11CE81C29881DA8000D6083 /* TSLogger.swift */,
				C11CE81D29881DA8000D6083 /* TSConsoleLogger.swift */,
				C11CE81E29881DA8000D6083 /* TSLogSeverity.swift */,
			);
			path = Logger;
			sourceTree = "<group>";
		};
		C11CE81F29881DA8000D6083 /* Common */ = {
			isa = PBXGroup;
			children = (
				C11CE82029881DA8000D6083 /* TypeAliases.swift */,
			);
			path = Common;
			sourceTree = "<group>";
		};
		C11CE82129881DA8000D6083 /* Errors */ = {
			isa = PBXGroup;
			children = (
				C11CE82229881DA8000D6083 /* TrustbadgeError.swift */,
			);
			path = Errors;
			sourceTree = "<group>";
		};
		C11CE82329881DA8000D6083 /* Views */ = {
			isa = PBXGroup;
			children = (
				C11CE82429881DA8000D6083 /* TrustbadgeViewAlignment.swift */,
				C11CE82529881DA8000D6083 /* TrustbadgeViewWrapper.swift */,
				C11CE82629881DA8000D6083 /* Extensions */,
				C11CE82829881DA8000D6083 /* Common */,
				C11CE82C29881DA8000D6083 /* TrustbadgeView.swift */,
				C11CE82D29881DA8000D6083 /* Widgets */,
			);
			path = Views;
			sourceTree = "<group>";
		};
		C11CE82629881DA8000D6083 /* Extensions */ = {
			isa = PBXGroup;
			children = (
				C11CE82729881DA8000D6083 /* Color + TsColors.swift */,
			);
			path = Extensions;
			sourceTree = "<group>";
		};
		C11CE82829881DA8000D6083 /* Common */ = {
			isa = PBXGroup;
			children = (
				C11CE82929881DA8000D6083 /* StarView.swift */,
				C11CE82B29881DA8000D6083 /* StarRatingView.swift */,
			);
			path = Common;
			sourceTree = "<group>";
		};
		C11CE82D29881DA8000D6083 /* Widgets */ = {
			isa = PBXGroup;
			children = (
				C11CE83129881DA8000D6083 /* ShopGradeView.swift */,
			);
			path = Widgets;
			sourceTree = "<group>";
		};
		C11CE83229881DA8000D6083 /* Services */ = {
			isa = PBXGroup;
			children = (
				C11CE83329881DA8000D6083 /* TrustbadgeConfigurationService.swift */,
				C11CE83429881DA8000D6083 /* TrustmarkDataService.swift */,
				C11CE83529881DA8000D6083 /* TSAuthenticationService.swift */,
				C11CE83629881DA8000D6083 /* ShopGradeDataService.swift */,
				C11CE83729881DA8000D6083 /* Base */,
			);
			path = Services;
			sourceTree = "<group>";
		};
		C11CE83729881DA8000D6083 /* Base */ = {
			isa = PBXGroup;
			children = (
				C11CE83829881DA8000D6083 /* TSNetworkServiceMethod.swift */,
				C11CE83929881DA8000D6083 /* TSNetworkServiceHeaderField.swift */,
				C11CE83A29881DA8000D6083 /* TSNetworkServiceRequest.swift */,
				C11CE83B29881DA8000D6083 /* TSNetworkServiceBodyField.swift */,
				C11CE83C29881DA8000D6083 /* TSNetworkServiceResponseConfiguration.swift */,
				C11CE83D29881DA8000D6083 /* TSNetworkServiceError.swift */,
				C11CE83E29881DA8000D6083 /* TSNetworkDataService.swift */,
				C11CE83F29881DA8000D6083 /* TSBackendServiceURL.swift */,
			);
			path = Base;
			sourceTree = "<group>";
		};
		C11CE84029881DA8000D6083 /* Localization */ = {
			isa = PBXGroup;
			children = (
				C11CE84129881DA8000D6083 /* Localizable.strings */,
			);
			path = Localization;
			sourceTree = "<group>";
		};
		C1324137299B572800C36A11 /* Tests */ = {
			isa = PBXGroup;
			children = (
				C1324138299B572800C36A11 /* TrustylibTests */,
			);
			path = Tests;
			sourceTree = "<group>";
		};
		C1324138299B572800C36A11 /* TrustylibTests */ = {
			isa = PBXGroup;
			children = (
				C1C33EA1299BE56000676059 /* TestUtils */,
				C132413E299B607000C36A11 /* TestResources */,
				C1C33E97299B7DFD00676059 /* ClientAuthenticationTests.swift */,
				C132413C299B57B600C36A11 /* TrustbadgeConfigurationTests.swift */,
				C1C33E99299B8DA800676059 /* TrustmarkDataServiceTests.swift */,
				C1C33E9B299B950E00676059 /* ShopGradeDataServiceTests.swift */,
				C1C33E9F299BE15700676059 /* AuthenticationTokenModelTests.swift */,
				C1C33EA6299CAD7000676059 /* AggregateRatingsModelTests.swift */,
				C1C33EA8299CB1C000676059 /* TrustmarkDetailsModelTests.swift */,
				C170E34729ADE5C300CC55B4 /* TrustbadgeViewModelTests.swift */,
				C1B99E5129AE0A9B00F80599 /* ShopGradeViewModelTests.swift */,
				C1B99E5329AE102B00F80599 /* TrustbadgeTests.swift */,
				C1B99E5529AE282900F80599 /* TrustbadgeViewTests.swift */,
				C1B99E5729AE306400F80599 /* ShopGradeViewTests.swift */,
				C1B99E5929AE345500F80599 /* CustomComponentsTests.swift */,
				C1B99E7529AF2C1800F80599 /* TSErrorTypeTests.swift */,
				C1B99E5B29AE3F1A00F80599 /* TrustbadgeViewWrapperTests.swift */,
			);
			path = TrustylibTests;
			sourceTree = "<group>";
		};
		C132413E299B607000C36A11 /* TestResources */ = {
			isa = PBXGroup;
			children = (
				C1C33EAC299CB55700676059 /* trustmark_details_service_response.json */,
				C1C33EA4299CAD0B00676059 /* aggregate_rating_service_response.json */,
				C1C33E9D299BE11C00676059 /* authentication_service_response.json */,
				C132413F299B60AB00C36A11 /* TrustbadgeConfiguration.plist */,
			);
			path = TestResources;
			sourceTree = "<group>";
		};
		C163FBEB29ACA3680090548F /* ViewModels */ = {
			isa = PBXGroup;
			children = (
				C163FBEC29ACA3810090548F /* TrustbadgeViewModel.swift */,
				C163FBEE29AD02F30090548F /* ShopGradeViewModel.swift */,
			);
			path = ViewModels;
			sourceTree = "<group>";
		};
		C1C33EA1299BE56000676059 /* TestUtils */ = {
			isa = PBXGroup;
			children = (
				C1C33EA2299BE5A800676059 /* FileDataLoader.swift */,
			);
			path = TestUtils;
			sourceTree = "<group>";
		};
/* End PBXGroup section */

/* Begin PBXHeadersBuildPhase section */
		C119217729852A1400A550C7 /* Headers */ = {
			isa = PBXHeadersBuildPhase;
			buildActionMask = 2147483647;
			files = (
				C11CE87629881E1A000D6083 /* Trustylib.h in Headers */,
			);
			runOnlyForDeploymentPostprocessing = 0;
		};
/* End PBXHeadersBuildPhase section */

/* Begin PBXNativeTarget section */
		C119217B29852A1400A550C7 /* Trustylib */ = {
			isa = PBXNativeTarget;
			buildConfigurationList = C119219029852A1400A550C7 /* Build configuration list for PBXNativeTarget "Trustylib" */;
			buildPhases = (
				C119217729852A1400A550C7 /* Headers */,
				C119217829852A1400A550C7 /* Sources */,
				C119217929852A1400A550C7 /* Frameworks */,
				C119217A29852A1400A550C7 /* Resources */,
			);
			buildRules = (
			);
			dependencies = (
			);
			name = Trustylib;
			productName = Trustylib;
			productReference = C119217C29852A1400A550C7 /* Trustylib.framework */;
			productType = "com.apple.product-type.framework";
		};
		C119218529852A1400A550C7 /* TrustylibTests */ = {
			isa = PBXNativeTarget;
			buildConfigurationList = C119219329852A1400A550C7 /* Build configuration list for PBXNativeTarget "TrustylibTests" */;
			buildPhases = (
				C119218229852A1400A550C7 /* Sources */,
				C119218329852A1400A550C7 /* Frameworks */,
				C119218429852A1400A550C7 /* Resources */,
			);
			buildRules = (
			);
			dependencies = (
				C119218929852A1400A550C7 /* PBXTargetDependency */,
			);
			name = TrustylibTests;
			productName = TrustylibTests;
			productReference = C119218629852A1400A550C7 /* TrustylibTests.xctest */;
			productType = "com.apple.product-type.bundle.unit-test";
		};
/* End PBXNativeTarget section */

/* Begin PBXProject section */
		C119217329852A1300A550C7 /* Project object */ = {
			isa = PBXProject;
			attributes = {
				BuildIndependentTargetsInParallel = 1;
				LastSwiftUpdateCheck = 1420;
				LastUpgradeCheck = 1420;
				TargetAttributes = {
					C119217B29852A1400A550C7 = {
						CreatedOnToolsVersion = 14.2;
					};
					C119218529852A1400A550C7 = {
						CreatedOnToolsVersion = 14.2;
					};
				};
			};
			buildConfigurationList = C119217629852A1300A550C7 /* Build configuration list for PBXProject "Trustylib" */;
			compatibilityVersion = "Xcode 14.0";
			developmentRegion = en;
			hasScannedForEncodings = 0;
			knownRegions = (
				en,
				Base,
			);
			mainGroup = C119217229852A1300A550C7;
			productRefGroup = C119217D29852A1400A550C7 /* Products */;
			projectDirPath = "";
			projectRoot = "";
			targets = (
				C119217B29852A1400A550C7 /* Trustylib */,
				C119218529852A1400A550C7 /* TrustylibTests */,
			);
		};
/* End PBXProject section */

/* Begin PBXResourcesBuildPhase section */
		C119217A29852A1400A550C7 /* Resources */ = {
			isa = PBXResourcesBuildPhase;
			buildActionMask = 2147483647;
			files = (
				C11CE84A29881DA8000D6083 /* shopGradeIcon.png in Resources */,
				C11CE84B29881DA8000D6083 /* trustmarkIcon.png in Resources */,
				C11CE87429881DA8000D6083 /* Localizable.strings in Resources */,
				C11CE84F29881DA8000D6083 /* fontawesome.ttf in Resources */,
				C11CE84929881DA8000D6083 /* trustmarkIconInvalidCertificate.png in Resources */,
			);
			runOnlyForDeploymentPostprocessing = 0;
		};
		C119218429852A1400A550C7 /* Resources */ = {
			isa = PBXResourcesBuildPhase;
			buildActionMask = 2147483647;
			files = (
				C1C33E9E299BE11D00676059 /* authentication_service_response.json in Resources */,
				C1C33EA5299CAD0C00676059 /* aggregate_rating_service_response.json in Resources */,
				C1324140299B60AB00C36A11 /* TrustbadgeConfiguration.plist in Resources */,
				C1C33EAD299CB55700676059 /* trustmark_details_service_response.json in Resources */,
			);
			runOnlyForDeploymentPostprocessing = 0;
		};
/* End PBXResourcesBuildPhase section */

/* Begin PBXSourcesBuildPhase section */
		C119217829852A1400A550C7 /* Sources */ = {
			isa = PBXSourcesBuildPhase;
			buildActionMask = 2147483647;
			files = (
				C11CE86F29881DA8000D6083 /* TSNetworkServiceBodyField.swift in Sources */,
				C11CE85129881DA8000D6083 /* ShopAggregateRatingsModel.swift in Sources */,
				C11CE8972988B6A0000D6083 /* TrustbadgeResources.swift in Sources */,
				C11CE86D29881DA8000D6083 /* TSNetworkServiceHeaderField.swift in Sources */,
				C11CE85A29881DA8000D6083 /* TSLogSeverity.swift in Sources */,
				C11CE85C29881DA8000D6083 /* TrustbadgeError.swift in Sources */,
				C11CE85629881DA8000D6083 /* Date + Formatting.swift in Sources */,
				C11CE85F29881DA8000D6083 /* Color + TsColors.swift in Sources */,
				C163FBEF29AD02F30090548F /* ShopGradeViewModel.swift in Sources */,
				C11CE86329881DA8000D6083 /* TrustbadgeView.swift in Sources */,
				C11CE84829881DA8000D6083 /* Trustbadge.swift in Sources */,
				C11CE86A29881DA8000D6083 /* TSAuthenticationService.swift in Sources */,
				C11CE85529881DA8000D6083 /* TrustmarkDetailsModel.swift in Sources */,
				C11CE87029881DA8000D6083 /* TSNetworkServiceResponseConfiguration.swift in Sources */,
				C11CE86829881DA8000D6083 /* TrustbadgeConfigurationService.swift in Sources */,
				C11CE85D29881DA8000D6083 /* TrustbadgeViewAlignment.swift in Sources */,
				C11CE86029881DA8000D6083 /* StarView.swift in Sources */,
				C11CE85329881DA8000D6083 /* TrustbadgeState.swift in Sources */,
				C11CE86729881DA8000D6083 /* ShopGradeView.swift in Sources */,
				C11CE84E29881DA8000D6083 /* ResourceExtension.swift in Sources */,
				C11CE86C29881DA8000D6083 /* TSNetworkServiceMethod.swift in Sources */,
				C11CE85429881DA8000D6083 /* TrustbadgeContext.swift in Sources */,
				C11CE85229881DA8000D6083 /* AuthenticationTokenModel.swift in Sources */,
				C11CE86229881DA8000D6083 /* StarRatingView.swift in Sources */,
				C11CE85829881DA8000D6083 /* TSLogger.swift in Sources */,
				C11CE87129881DA8000D6083 /* TSNetworkServiceError.swift in Sources */,
				C11CE86929881DA8000D6083 /* TrustmarkDataService.swift in Sources */,
				C11CE86B29881DA8000D6083 /* ShopGradeDataService.swift in Sources */,
				C11CE87229881DA8000D6083 /* TSNetworkDataService.swift in Sources */,
				C11CE85929881DA8000D6083 /* TSConsoleLogger.swift in Sources */,
				C11CE87329881DA8000D6083 /* TSBackendServiceURL.swift in Sources */,
				C11CE85B29881DA8000D6083 /* TypeAliases.swift in Sources */,
				C11CE86E29881DA8000D6083 /* TSNetworkServiceRequest.swift in Sources */,
				C163FBED29ACA3810090548F /* TrustbadgeViewModel.swift in Sources */,
				C11CE85E29881DA8000D6083 /* TrustbadgeViewWrapper.swift in Sources */,
			);
			runOnlyForDeploymentPostprocessing = 0;
		};
		C119218229852A1400A550C7 /* Sources */ = {
			isa = PBXSourcesBuildPhase;
			buildActionMask = 2147483647;
			files = (
				C1C33E98299B7DFD00676059 /* ClientAuthenticationTests.swift in Sources */,
				C1B99E5C29AE3F1A00F80599 /* TrustbadgeViewWrapperTests.swift in Sources */,
				C1C33EA7299CAD7000676059 /* AggregateRatingsModelTests.swift in Sources */,
				C1B99E5229AE0A9B00F80599 /* ShopGradeViewModelTests.swift in Sources */,
				C1C33E9C299B950E00676059 /* ShopGradeDataServiceTests.swift in Sources */,
				C1C33E9A299B8DA800676059 /* TrustmarkDataServiceTests.swift in Sources */,
				C1B99E5829AE306400F80599 /* ShopGradeViewTests.swift in Sources */,
				C1B99E7629AF2C1800F80599 /* TSErrorTypeTests.swift in Sources */,
				C1B99E5A29AE345500F80599 /* CustomComponentsTests.swift in Sources */,
				C1C33EA9299CB1C000676059 /* TrustmarkDetailsModelTests.swift in Sources */,
				C170E34829ADE5C300CC55B4 /* TrustbadgeViewModelTests.swift in Sources */,
				C1B99E5629AE282900F80599 /* TrustbadgeViewTests.swift in Sources */,
				C132413D299B57B600C36A11 /* TrustbadgeConfigurationTests.swift in Sources */,
				C1B99E5429AE102B00F80599 /* TrustbadgeTests.swift in Sources */,
				C1C33EA3299BE5A800676059 /* FileDataLoader.swift in Sources */,
				C1C33EA0299BE15700676059 /* AuthenticationTokenModelTests.swift in Sources */,
			);
			runOnlyForDeploymentPostprocessing = 0;
		};
/* End PBXSourcesBuildPhase section */

/* Begin PBXTargetDependency section */
		C119218929852A1400A550C7 /* PBXTargetDependency */ = {
			isa = PBXTargetDependency;
			target = C119217B29852A1400A550C7 /* Trustylib */;
			targetProxy = C119218829852A1400A550C7 /* PBXContainerItemProxy */;
		};
/* End PBXTargetDependency section */

/* Begin PBXVariantGroup section */
		C11CE84129881DA8000D6083 /* Localizable.strings */ = {
			isa = PBXVariantGroup;
			children = (
				C11CE84329881DA8000D6083 /* en */,
			);
			name = Localizable.strings;
			sourceTree = "<group>";
		};
/* End PBXVariantGroup section */

/* Begin XCBuildConfiguration section */
		C119218E29852A1400A550C7 /* Debug */ = {
			isa = XCBuildConfiguration;
			buildSettings = {
				ALWAYS_SEARCH_USER_PATHS = NO;
				CLANG_ANALYZER_NONNULL = YES;
				CLANG_ANALYZER_NUMBER_OBJECT_CONVERSION = YES_AGGRESSIVE;
				CLANG_CXX_LANGUAGE_STANDARD = "gnu++20";
				CLANG_ENABLE_MODULES = YES;
				CLANG_ENABLE_OBJC_ARC = YES;
				CLANG_ENABLE_OBJC_WEAK = YES;
				CLANG_WARN_BLOCK_CAPTURE_AUTORELEASING = YES;
				CLANG_WARN_BOOL_CONVERSION = YES;
				CLANG_WARN_COMMA = YES;
				CLANG_WARN_CONSTANT_CONVERSION = YES;
				CLANG_WARN_DEPRECATED_OBJC_IMPLEMENTATIONS = YES;
				CLANG_WARN_DIRECT_OBJC_ISA_USAGE = YES_ERROR;
				CLANG_WARN_DOCUMENTATION_COMMENTS = YES;
				CLANG_WARN_EMPTY_BODY = YES;
				CLANG_WARN_ENUM_CONVERSION = YES;
				CLANG_WARN_INFINITE_RECURSION = YES;
				CLANG_WARN_INT_CONVERSION = YES;
				CLANG_WARN_NON_LITERAL_NULL_CONVERSION = YES;
				CLANG_WARN_OBJC_IMPLICIT_RETAIN_SELF = YES;
				CLANG_WARN_OBJC_LITERAL_CONVERSION = YES;
				CLANG_WARN_OBJC_ROOT_CLASS = YES_ERROR;
				CLANG_WARN_QUOTED_INCLUDE_IN_FRAMEWORK_HEADER = YES;
				CLANG_WARN_RANGE_LOOP_ANALYSIS = YES;
				CLANG_WARN_STRICT_PROTOTYPES = YES;
				CLANG_WARN_SUSPICIOUS_MOVE = YES;
				CLANG_WARN_UNGUARDED_AVAILABILITY = YES_AGGRESSIVE;
				CLANG_WARN_UNREACHABLE_CODE = YES;
				CLANG_WARN__DUPLICATE_METHOD_MATCH = YES;
				COPY_PHASE_STRIP = NO;
				CURRENT_PROJECT_VERSION = 1;
				DEBUG_INFORMATION_FORMAT = dwarf;
				ENABLE_STRICT_OBJC_MSGSEND = YES;
				ENABLE_TESTABILITY = YES;
				GCC_C_LANGUAGE_STANDARD = gnu11;
				GCC_DYNAMIC_NO_PIC = NO;
				GCC_NO_COMMON_BLOCKS = YES;
				GCC_OPTIMIZATION_LEVEL = 0;
				GCC_PREPROCESSOR_DEFINITIONS = (
					"DEBUG=1",
					"$(inherited)",
				);
				GCC_WARN_64_TO_32_BIT_CONVERSION = YES;
				GCC_WARN_ABOUT_RETURN_TYPE = YES_ERROR;
				GCC_WARN_UNDECLARED_SELECTOR = YES;
				GCC_WARN_UNINITIALIZED_AUTOS = YES_AGGRESSIVE;
				GCC_WARN_UNUSED_FUNCTION = YES;
				GCC_WARN_UNUSED_VARIABLE = YES;
				IPHONEOS_DEPLOYMENT_TARGET = 15.0;
				MTL_ENABLE_DEBUG_INFO = INCLUDE_SOURCE;
				MTL_FAST_MATH = YES;
				ONLY_ACTIVE_ARCH = YES;
				SDKROOT = iphoneos;
				SWIFT_ACTIVE_COMPILATION_CONDITIONS = DEBUG;
				SWIFT_OPTIMIZATION_LEVEL = "-Onone";
				VERSIONING_SYSTEM = "apple-generic";
				VERSION_INFO_PREFIX = "";
			};
			name = Debug;
		};
		C119218F29852A1400A550C7 /* Release */ = {
			isa = XCBuildConfiguration;
			buildSettings = {
				ALWAYS_SEARCH_USER_PATHS = NO;
				CLANG_ANALYZER_NONNULL = YES;
				CLANG_ANALYZER_NUMBER_OBJECT_CONVERSION = YES_AGGRESSIVE;
				CLANG_CXX_LANGUAGE_STANDARD = "gnu++20";
				CLANG_ENABLE_MODULES = YES;
				CLANG_ENABLE_OBJC_ARC = YES;
				CLANG_ENABLE_OBJC_WEAK = YES;
				CLANG_WARN_BLOCK_CAPTURE_AUTORELEASING = YES;
				CLANG_WARN_BOOL_CONVERSION = YES;
				CLANG_WARN_COMMA = YES;
				CLANG_WARN_CONSTANT_CONVERSION = YES;
				CLANG_WARN_DEPRECATED_OBJC_IMPLEMENTATIONS = YES;
				CLANG_WARN_DIRECT_OBJC_ISA_USAGE = YES_ERROR;
				CLANG_WARN_DOCUMENTATION_COMMENTS = YES;
				CLANG_WARN_EMPTY_BODY = YES;
				CLANG_WARN_ENUM_CONVERSION = YES;
				CLANG_WARN_INFINITE_RECURSION = YES;
				CLANG_WARN_INT_CONVERSION = YES;
				CLANG_WARN_NON_LITERAL_NULL_CONVERSION = YES;
				CLANG_WARN_OBJC_IMPLICIT_RETAIN_SELF = YES;
				CLANG_WARN_OBJC_LITERAL_CONVERSION = YES;
				CLANG_WARN_OBJC_ROOT_CLASS = YES_ERROR;
				CLANG_WARN_QUOTED_INCLUDE_IN_FRAMEWORK_HEADER = YES;
				CLANG_WARN_RANGE_LOOP_ANALYSIS = YES;
				CLANG_WARN_STRICT_PROTOTYPES = YES;
				CLANG_WARN_SUSPICIOUS_MOVE = YES;
				CLANG_WARN_UNGUARDED_AVAILABILITY = YES_AGGRESSIVE;
				CLANG_WARN_UNREACHABLE_CODE = YES;
				CLANG_WARN__DUPLICATE_METHOD_MATCH = YES;
				COPY_PHASE_STRIP = NO;
				CURRENT_PROJECT_VERSION = 1;
				DEBUG_INFORMATION_FORMAT = "dwarf-with-dsym";
				ENABLE_NS_ASSERTIONS = NO;
				ENABLE_STRICT_OBJC_MSGSEND = YES;
				GCC_C_LANGUAGE_STANDARD = gnu11;
				GCC_NO_COMMON_BLOCKS = YES;
				GCC_WARN_64_TO_32_BIT_CONVERSION = YES;
				GCC_WARN_ABOUT_RETURN_TYPE = YES_ERROR;
				GCC_WARN_UNDECLARED_SELECTOR = YES;
				GCC_WARN_UNINITIALIZED_AUTOS = YES_AGGRESSIVE;
				GCC_WARN_UNUSED_FUNCTION = YES;
				GCC_WARN_UNUSED_VARIABLE = YES;
				IPHONEOS_DEPLOYMENT_TARGET = 15.0;
				MTL_ENABLE_DEBUG_INFO = NO;
				MTL_FAST_MATH = YES;
				SDKROOT = iphoneos;
				SWIFT_COMPILATION_MODE = wholemodule;
				SWIFT_OPTIMIZATION_LEVEL = "-O";
				VALIDATE_PRODUCT = YES;
				VERSIONING_SYSTEM = "apple-generic";
				VERSION_INFO_PREFIX = "";
			};
			name = Release;
		};
		C119219129852A1400A550C7 /* Debug */ = {
			isa = XCBuildConfiguration;
			buildSettings = {
				BUILD_LIBRARY_FOR_DISTRIBUTION = YES;
				CODE_SIGN_STYLE = Automatic;
				CURRENT_PROJECT_VERSION = 1;
				DEFINES_MODULE = YES;
				DEVELOPMENT_TEAM = SP56HZ86QA;
				DYLIB_COMPATIBILITY_VERSION = 1;
				DYLIB_CURRENT_VERSION = 1;
				DYLIB_INSTALL_NAME_BASE = "@rpath";
				GENERATE_INFOPLIST_FILE = YES;
				INFOPLIST_KEY_NSHumanReadableCopyright = "";
				INSTALL_PATH = "$(LOCAL_LIBRARY_DIR)/Frameworks";
				IPHONEOS_DEPLOYMENT_TARGET = 15.0;
				LD_RUNPATH_SEARCH_PATHS = (
					"$(inherited)",
					"@executable_path/Frameworks",
					"@loader_path/Frameworks",
				);
				MARKETING_VERSION = 0.1.1;
				PRODUCT_BUNDLE_IDENTIFIER = com.etrusted.ios.trustylib;
				PRODUCT_NAME = "$(TARGET_NAME:c99extidentifier)";
				SKIP_INSTALL = YES;
				SUPPORTED_PLATFORMS = "iphoneos iphonesimulator";
				SUPPORTS_MACCATALYST = YES;
				SUPPORTS_MAC_DESIGNED_FOR_IPHONE_IPAD = YES;
				SWIFT_EMIT_LOC_STRINGS = YES;
				SWIFT_VERSION = 5.0;
				TARGETED_DEVICE_FAMILY = "1,2";
			};
			name = Debug;
		};
		C119219229852A1400A550C7 /* Release */ = {
			isa = XCBuildConfiguration;
			buildSettings = {
				BUILD_LIBRARY_FOR_DISTRIBUTION = YES;
				CODE_SIGN_STYLE = Automatic;
				CURRENT_PROJECT_VERSION = 1;
				DEFINES_MODULE = YES;
				DEVELOPMENT_TEAM = SP56HZ86QA;
				DYLIB_COMPATIBILITY_VERSION = 1;
				DYLIB_CURRENT_VERSION = 1;
				DYLIB_INSTALL_NAME_BASE = "@rpath";
				GENERATE_INFOPLIST_FILE = YES;
				INFOPLIST_KEY_NSHumanReadableCopyright = "";
				INSTALL_PATH = "$(LOCAL_LIBRARY_DIR)/Frameworks";
				IPHONEOS_DEPLOYMENT_TARGET = 15.0;
				LD_RUNPATH_SEARCH_PATHS = (
					"$(inherited)",
					"@executable_path/Frameworks",
					"@loader_path/Frameworks",
				);
				MARKETING_VERSION = 0.1.1;
				PRODUCT_BUNDLE_IDENTIFIER = com.etrusted.ios.trustylib;
				PRODUCT_NAME = "$(TARGET_NAME:c99extidentifier)";
				SKIP_INSTALL = YES;
				SUPPORTED_PLATFORMS = "iphoneos iphonesimulator";
				SUPPORTS_MACCATALYST = YES;
				SUPPORTS_MAC_DESIGNED_FOR_IPHONE_IPAD = YES;
				SWIFT_EMIT_LOC_STRINGS = YES;
				SWIFT_VERSION = 5.0;
				TARGETED_DEVICE_FAMILY = "1,2";
			};
			name = Release;
		};
		C119219429852A1400A550C7 /* Debug */ = {
			isa = XCBuildConfiguration;
			buildSettings = {
				ALWAYS_EMBED_SWIFT_STANDARD_LIBRARIES = YES;
				CODE_SIGN_STYLE = Automatic;
				CURRENT_PROJECT_VERSION = 1;
				DEVELOPMENT_TEAM = SP56HZ86QA;
				GENERATE_INFOPLIST_FILE = YES;
				MARKETING_VERSION = 1.0;
				PRODUCT_BUNDLE_IDENTIFIER = com.xparrow.iOS.TrustylibTests;
				PRODUCT_NAME = "$(TARGET_NAME)";
				SWIFT_EMIT_LOC_STRINGS = NO;
				SWIFT_VERSION = 5.0;
				TARGETED_DEVICE_FAMILY = "1,2";
			};
			name = Debug;
		};
		C119219529852A1400A550C7 /* Release */ = {
			isa = XCBuildConfiguration;
			buildSettings = {
				ALWAYS_EMBED_SWIFT_STANDARD_LIBRARIES = YES;
				CODE_SIGN_STYLE = Automatic;
				CURRENT_PROJECT_VERSION = 1;
				DEVELOPMENT_TEAM = SP56HZ86QA;
				GENERATE_INFOPLIST_FILE = YES;
				MARKETING_VERSION = 1.0;
				PRODUCT_BUNDLE_IDENTIFIER = com.xparrow.iOS.TrustylibTests;
				PRODUCT_NAME = "$(TARGET_NAME)";
				SWIFT_EMIT_LOC_STRINGS = NO;
				SWIFT_VERSION = 5.0;
				TARGETED_DEVICE_FAMILY = "1,2";
			};
			name = Release;
		};
/* End XCBuildConfiguration section */

/* Begin XCConfigurationList section */
		C119217629852A1300A550C7 /* Build configuration list for PBXProject "Trustylib" */ = {
			isa = XCConfigurationList;
			buildConfigurations = (
				C119218E29852A1400A550C7 /* Debug */,
				C119218F29852A1400A550C7 /* Release */,
			);
			defaultConfigurationIsVisible = 0;
			defaultConfigurationName = Release;
		};
		C119219029852A1400A550C7 /* Build configuration list for PBXNativeTarget "Trustylib" */ = {
			isa = XCConfigurationList;
			buildConfigurations = (
				C119219129852A1400A550C7 /* Debug */,
				C119219229852A1400A550C7 /* Release */,
			);
			defaultConfigurationIsVisible = 0;
			defaultConfigurationName = Release;
		};
		C119219329852A1400A550C7 /* Build configuration list for PBXNativeTarget "TrustylibTests" */ = {
			isa = XCConfigurationList;
			buildConfigurations = (
				C119219429852A1400A550C7 /* Debug */,
				C119219529852A1400A550C7 /* Release */,
			);
			defaultConfigurationIsVisible = 0;
			defaultConfigurationName = Release;
		};
/* End XCConfigurationList section */
	};
	rootObject = C119217329852A1300A550C7 /* Project object */;
}
