{
  "pins" : [
    {
      "identity" : "etrusted-ios-trustbadge-library",
      "kind" : "remoteSourceControl",
      "location" : "https://github.com/trustedshops-public/etrusted-ios-trustbadge-library",
      "state" : {
        "revision" : "736394a516918d2d6307ef466289bb4697b72a66",
        "version" : "1.2.4"
      }
    }
  ],
  "version" : 2
}
