{
  "pins" : [
    {
      "identity" : "etrusted-ios-trustbadge-library",
      "kind" : "remoteSourceControl",
      "location" : "https://github.com/trustedshops-public/etrusted-ios-trustbadge-library",
      "state" : {
        "revision" : "eafb1f755bd2097a9fee39161efcb41e92dc8eff",
        "version" : "1.0.0"
      }
    }
  ],
  "version" : 2
}
