{
  "pins" : [
    {
      "identity" : "etrusted-ios-trustbadge-library",
      "kind" : "remoteSourceControl",
      "location" : "https://github.com/trustedshops-public/etrusted-ios-trustbadge-library",
      "state" : {
        "revision" : "d6e4af782822db398ef252a37e879a5d73d46d79",
        "version" : "0.1.3"
      }
    }
  ],
  "version" : 2
}
